PODS:
  - DZNEmptyDataSet (1.8.1)
  - IQKeyboardManager (6.5.19)
  - Masonry (1.1.0)
  - MJRefresh (3.7.9)
  - SDWebImage (5.19.4):
    - SDWebImage/Core (= 5.19.4)
  - SDWebImage/Core (5.19.4)

DEPENDENCIES:
  - DZNEmptyDataSet
  - IQKeyboardManager
  - Masonry
  - MJRefresh
  - SDWebImage

SPEC REPOS:
  trunk:
    - DZNEmptyDataSet
    - IQKeyboardManager
    - Masonry
    - MJRefresh
    - SDWebImage

SPEC CHECKSUMS:
  DZNEmptyDataSet: 9525833b9e68ac21c30253e1d3d7076cc828eaa7
  IQKeyboardManager: c8665b3396bd0b79402b4c573eac345a31c7d485
  Masonry: 678fab65091a9290e40e2832a55e7ab731aad201
  MJRefresh: ff9e531227924c84ce459338414550a05d2aea78
  SDWebImage: 066c47b573f408f18caa467d71deace7c0f8280d

PODFILE CHECKSUM: ae1243f011d55d3b9cf7e79593871d24a83d8b1e

COCOAPODS: 1.15.2
