// !$*UTF8*$!
{
	archiveVersion = 1;
	classes = {
	};
	objectVersion = 55;
	objects = {

/* Begin PBXBuildFile section */
		382BDC15874F214634D3A232 /* Pods_WYJKitDemoTests.framework in Frameworks */ = {isa = PBXBuildFile; fileRef = 53C94483B1B623EB7DDCA81A /* Pods_WYJKitDemoTests.framework */; };
		7F408292274F725B0072B088 /* WYJKit.podspec in Resources */ = {isa = PBXBuildFile; fileRef = 7F408291274F725B0072B088 /* WYJKit.podspec */; };
		7F41DFC6274245BB002CAE5F /* OneViewController.m in Sources */ = {isa = PBXBuildFile; fileRef = 7F41DFC5274245BB002CAE5F /* OneViewController.m */; };
		7F41DFC9274245CF002CAE5F /* TwoViewController.m in Sources */ = {isa = PBXBuildFile; fileRef = 7F41DFC8274245CF002CAE5F /* TwoViewController.m */; };
		7F42E9D4274F2E7800B0D417 /* UIControl+WYJEventInterval.m in Sources */ = {isa = PBXBuildFile; fileRef = 7F42E9D2274F2E7800B0D417 /* UIControl+WYJEventInterval.m */; };
		7F4BBD43274DD973009C774B /* WYJGradientLabel.m in Sources */ = {isa = PBXBuildFile; fileRef = 7F4BBD41274DD973009C774B /* WYJGradientLabel.m */; };
		7F4BBD47274DE2B0009C774B /* NSString+WYJBase64.m in Sources */ = {isa = PBXBuildFile; fileRef = 7F4BBD46274DE2B0009C774B /* NSString+WYJBase64.m */; };
		7F4BBD4A274DE326009C774B /* NSString+WYJGB2312.m in Sources */ = {isa = PBXBuildFile; fileRef = 7F4BBD49274DE326009C774B /* NSString+WYJGB2312.m */; };
		7F4BBD4E274DE5D6009C774B /* NSData+WYJConversion.m in Sources */ = {isa = PBXBuildFile; fileRef = 7F4BBD4D274DE5D6009C774B /* NSData+WYJConversion.m */; };
		7F87AB00273CE7270079BB0C /* UIImage+WYJInit.m in Sources */ = {isa = PBXBuildFile; fileRef = 7F87AA60273CE7270079BB0C /* UIImage+WYJInit.m */; };
		7F87AB01273CE7270079BB0C /* UIImage+WYJAdd.m in Sources */ = {isa = PBXBuildFile; fileRef = 7F87AA61273CE7270079BB0C /* UIImage+WYJAdd.m */; };
		7F87AB02273CE7270079BB0C /* UILabel+WYJInit.m in Sources */ = {isa = PBXBuildFile; fileRef = 7F87AA66273CE7270079BB0C /* UILabel+WYJInit.m */; };
		7F87AB03273CE7270079BB0C /* UIApplication+WYJAdd.m in Sources */ = {isa = PBXBuildFile; fileRef = 7F87AA6A273CE7270079BB0C /* UIApplication+WYJAdd.m */; };
		7F87AB04273CE7270079BB0C /* UIResponder+WYJConfigure.m in Sources */ = {isa = PBXBuildFile; fileRef = 7F87AA6D273CE7270079BB0C /* UIResponder+WYJConfigure.m */; };
		7F87AB05273CE7270079BB0C /* UIButton+WYJAdd.m in Sources */ = {isa = PBXBuildFile; fileRef = 7F87AA72273CE7270079BB0C /* UIButton+WYJAdd.m */; };
		7F87AB06273CE7270079BB0C /* UIButton+WYJCountDown.m in Sources */ = {isa = PBXBuildFile; fileRef = 7F87AA73273CE7270079BB0C /* UIButton+WYJCountDown.m */; };
		7F87AB07273CE7270079BB0C /* UIButton+WYJTouch.m in Sources */ = {isa = PBXBuildFile; fileRef = 7F87AA76273CE7270079BB0C /* UIButton+WYJTouch.m */; };
		7F87AB08273CE7270079BB0C /* UIButton+WYJInit.m in Sources */ = {isa = PBXBuildFile; fileRef = 7F87AA77273CE7270079BB0C /* UIButton+WYJInit.m */; };
		7F87AB09273CE7270079BB0C /* UIColor+WYJAdd.m in Sources */ = {isa = PBXBuildFile; fileRef = 7F87AA7C273CE7270079BB0C /* UIColor+WYJAdd.m */; };
		7F87AB0A273CE7270079BB0C /* UIView+WYJAdd.m in Sources */ = {isa = PBXBuildFile; fileRef = 7F87AA7F273CE7270079BB0C /* UIView+WYJAdd.m */; };
		7F87AB0B273CE7270079BB0C /* UIView+WYJConvenience.m in Sources */ = {isa = PBXBuildFile; fileRef = 7F87AA80273CE7270079BB0C /* UIView+WYJConvenience.m */; };
		7F87AB0C273CE7270079BB0C /* UIView+WYJBlock.m in Sources */ = {isa = PBXBuildFile; fileRef = 7F87AA83273CE7270079BB0C /* UIView+WYJBlock.m */; };
		7F87AB0D273CE7270079BB0C /* UIView+WYJPageRouter.m in Sources */ = {isa = PBXBuildFile; fileRef = 7F87AA86273CE7270079BB0C /* UIView+WYJPageRouter.m */; };
		7F87AB0E273CE7270079BB0C /* UIFont+WYJAdd.m in Sources */ = {isa = PBXBuildFile; fileRef = 7F87AA89273CE7270079BB0C /* UIFont+WYJAdd.m */; };
		7F87AB0F273CE7270079BB0C /* UIFont+WYJAdapter.m in Sources */ = {isa = PBXBuildFile; fileRef = 7F87AA8A273CE7270079BB0C /* UIFont+WYJAdapter.m */; };
		7F87AB10273CE7270079BB0C /* UITabBarController+WYJAdd.m in Sources */ = {isa = PBXBuildFile; fileRef = 7F87AA90273CE7270079BB0C /* UITabBarController+WYJAdd.m */; };
		7F87AB11273CE7270079BB0C /* UITextView+WYJAdd.m in Sources */ = {isa = PBXBuildFile; fileRef = 7F87AA95273CE7270079BB0C /* UITextView+WYJAdd.m */; };
		7F87AB12273CE7270079BB0C /* UIImageView+YJAdd.m in Sources */ = {isa = PBXBuildFile; fileRef = 7F87AA97273CE7270079BB0C /* UIImageView+YJAdd.m */; };
		7F87AB13273CE7270079BB0C /* WYJUIManager.m in Sources */ = {isa = PBXBuildFile; fileRef = 7F87AA9A273CE7270079BB0C /* WYJUIManager.m */; };
		7F87AB14273CE7270079BB0C /* UIViewController+YJAdd.m in Sources */ = {isa = PBXBuildFile; fileRef = 7F87AA9F273CE7270079BB0C /* UIViewController+YJAdd.m */; };
		7F87AB15273CE7270079BB0C /* WYJNavigationButton.m in Sources */ = {isa = PBXBuildFile; fileRef = 7F87AAA0273CE7270079BB0C /* WYJNavigationButton.m */; };
		7F87AB17273CE7270079BB0C /* UITextField+WYJInit.m in Sources */ = {isa = PBXBuildFile; fileRef = 7F87AAAA273CE7270079BB0C /* UITextField+WYJInit.m */; };
		7F87AB18273CE7270079BB0C /* UITextField+WYJAdd.m in Sources */ = {isa = PBXBuildFile; fileRef = 7F87AAAD273CE7270079BB0C /* UITextField+WYJAdd.m */; };
		7F87AB19273CE7270079BB0C /* NSString+WYJConversion.m in Sources */ = {isa = PBXBuildFile; fileRef = 7F87AAB1273CE7270079BB0C /* NSString+WYJConversion.m */; };
		7F87AB1A273CE7270079BB0C /* NSString+WYJRegular.m in Sources */ = {isa = PBXBuildFile; fileRef = 7F87AAB2273CE7270079BB0C /* NSString+WYJRegular.m */; };
		7F87AB1B273CE7270079BB0C /* NSString+WYJEncode.m in Sources */ = {isa = PBXBuildFile; fileRef = 7F87AAB8273CE7270079BB0C /* NSString+WYJEncode.m */; };
		7F87AB1C273CE7270079BB0C /* NSString+WYJHGBTransForm.m in Sources */ = {isa = PBXBuildFile; fileRef = 7F87AAB9273CE7270079BB0C /* NSString+WYJHGBTransForm.m */; };
		7F87AB1D273CE7270079BB0C /* NSString+WYJMD5.m in Sources */ = {isa = PBXBuildFile; fileRef = 7F87AABB273CE7270079BB0C /* NSString+WYJMD5.m */; };
		7F87AB1E273CE7270079BB0C /* NSString+WYJAdd.m in Sources */ = {isa = PBXBuildFile; fileRef = 7F87AABC273CE7270079BB0C /* NSString+WYJAdd.m */; };
		7F87AB1F273CE7270079BB0C /* NSString+WYJDate.m in Sources */ = {isa = PBXBuildFile; fileRef = 7F87AABE273CE7270079BB0C /* NSString+WYJDate.m */; };
		7F87AB20273CE7270079BB0C /* NSArray+WYJConversion.m in Sources */ = {isa = PBXBuildFile; fileRef = 7F87AAC1273CE7270079BB0C /* NSArray+WYJConversion.m */; };
		7F87AB21273CE7270079BB0C /* NSArray+WYJAdd.m in Sources */ = {isa = PBXBuildFile; fileRef = 7F87AAC3273CE7270079BB0C /* NSArray+WYJAdd.m */; };
		7F87AB22273CE7270079BB0C /* NSMutableArray+YJAdd.m in Sources */ = {isa = PBXBuildFile; fileRef = 7F87AAC8273CE7270079BB0C /* NSMutableArray+YJAdd.m */; };
		7F87AB23273CE7270079BB0C /* NSDate+WYJConversion.m in Sources */ = {isa = PBXBuildFile; fileRef = 7F87AACE273CE7270079BB0C /* NSDate+WYJConversion.m */; };
		7F87AB24273CE7270079BB0C /* NSDate+WYJAdd.m in Sources */ = {isa = PBXBuildFile; fileRef = 7F87AAD0273CE7270079BB0C /* NSDate+WYJAdd.m */; };
		7F87AB25273CE7270079BB0C /* WYJBaseView.m in Sources */ = {isa = PBXBuildFile; fileRef = 7F87AAD3273CE7270079BB0C /* WYJBaseView.m */; };
		7F87AB26273CE7270079BB0C /* WYJBaseCollectionView+Delegate.m in Sources */ = {isa = PBXBuildFile; fileRef = 7F87AAD7273CE7270079BB0C /* WYJBaseCollectionView+Delegate.m */; };
		7F87AB27273CE7270079BB0C /* WYJBaseCollectionViewDelegate.m in Sources */ = {isa = PBXBuildFile; fileRef = 7F87AAD8273CE7270079BB0C /* WYJBaseCollectionViewDelegate.m */; };
		7F87AB28273CE7270079BB0C /* WYJBaseCollectionView.m in Sources */ = {isa = PBXBuildFile; fileRef = 7F87AADC273CE7270079BB0C /* WYJBaseCollectionView.m */; };
		7F87AB29273CE7270079BB0C /* WYJBaseTableView+Delegate.m in Sources */ = {isa = PBXBuildFile; fileRef = 7F87AAE5273CE7270079BB0C /* WYJBaseTableView+Delegate.m */; };
		7F87AB2A273CE7270079BB0C /* WYJBaseTableView.m in Sources */ = {isa = PBXBuildFile; fileRef = 7F87AAE6273CE7270079BB0C /* WYJBaseTableView.m */; };
		7F87AB2B273CE7270079BB0C /* WYJTableView.m in Sources */ = {isa = PBXBuildFile; fileRef = 7F87AAE7273CE7270079BB0C /* WYJTableView.m */; };
		7F87AB2C273CE7270079BB0C /* WYJTableViewCell.m in Sources */ = {isa = PBXBuildFile; fileRef = 7F87AAE8273CE7270079BB0C /* WYJTableViewCell.m */; };
		7F87AB2D273CE7270079BB0C /* WYJBaseTableViewDelegate.m in Sources */ = {isa = PBXBuildFile; fileRef = 7F87AAE9273CE7270079BB0C /* WYJBaseTableViewDelegate.m */; };
		7F87AB2E273CE7270079BB0C /* WYJBaseViewController.m in Sources */ = {isa = PBXBuildFile; fileRef = 7F87AAEB273CE7270079BB0C /* WYJBaseViewController.m */; };
		7F87AB2F273CE7270079BB0C /* WYJNavigationController.m in Sources */ = {isa = PBXBuildFile; fileRef = 7F87AAF0273CE7270079BB0C /* WYJNavigationController.m */; };
		7F87AB30273CE7270079BB0C /* WYJNavigationView.m in Sources */ = {isa = PBXBuildFile; fileRef = 7F87AAF1273CE7270079BB0C /* WYJNavigationView.m */; };
		7FC9D64C2745F8D4003A25D7 /* UINavigationController+WYJFullscreenPopGesture.m in Sources */ = {isa = PBXBuildFile; fileRef = 7FC9D64A2745F8D4003A25D7 /* UINavigationController+WYJFullscreenPopGesture.m */; };
		7FEDF2D32746660F0068DDAE /* WYJCollectionViewAlignmentFlowLayout.m in Sources */ = {isa = PBXBuildFile; fileRef = 7FEDF2D22746660F0068DDAE /* WYJCollectionViewAlignmentFlowLayout.m */; };
		C3FD77C6CBFA5F657AC2A2BB /* Pods_WYJKitDemo_WYJKitDemoUITests.framework in Frameworks */ = {isa = PBXBuildFile; fileRef = B66681F8BD2EAA606C03BBBE /* Pods_WYJKitDemo_WYJKitDemoUITests.framework */; };
		D1F87EFB1C4D24462E08B78A /* Pods_WYJKitDemo.framework in Frameworks */ = {isa = PBXBuildFile; fileRef = 63EBFA619975621472F674A8 /* Pods_WYJKitDemo.framework */; };
		F7E089E527312C2700361311 /* AppDelegate.m in Sources */ = {isa = PBXBuildFile; fileRef = F7E089E427312C2700361311 /* AppDelegate.m */; };
		F7E089E827312C2700361311 /* SceneDelegate.m in Sources */ = {isa = PBXBuildFile; fileRef = F7E089E727312C2700361311 /* SceneDelegate.m */; };
		F7E089EB27312C2700361311 /* ViewController.m in Sources */ = {isa = PBXBuildFile; fileRef = F7E089EA27312C2700361311 /* ViewController.m */; };
		F7E089EE27312C2700361311 /* Main.storyboard in Resources */ = {isa = PBXBuildFile; fileRef = F7E089EC27312C2700361311 /* Main.storyboard */; };
		F7E089F327312C2B00361311 /* Assets.xcassets in Resources */ = {isa = PBXBuildFile; fileRef = F7E089F227312C2B00361311 /* Assets.xcassets */; };
		F7E089F627312C2B00361311 /* LaunchScreen.storyboard in Resources */ = {isa = PBXBuildFile; fileRef = F7E089F427312C2B00361311 /* LaunchScreen.storyboard */; };
		F7E089F927312C2B00361311 /* main.m in Sources */ = {isa = PBXBuildFile; fileRef = F7E089F827312C2B00361311 /* main.m */; };
		F7E08A0327312C2B00361311 /* WYJKitDemoTests.m in Sources */ = {isa = PBXBuildFile; fileRef = F7E08A0227312C2B00361311 /* WYJKitDemoTests.m */; };
		F7E08A0D27312C2B00361311 /* WYJKitDemoUITests.m in Sources */ = {isa = PBXBuildFile; fileRef = F7E08A0C27312C2B00361311 /* WYJKitDemoUITests.m */; };
		F7E08A0F27312C2B00361311 /* WYJKitDemoUITestsLaunchTests.m in Sources */ = {isa = PBXBuildFile; fileRef = F7E08A0E27312C2B00361311 /* WYJKitDemoUITestsLaunchTests.m */; };
/* End PBXBuildFile section */

/* Begin PBXContainerItemProxy section */
		F7E089FF27312C2B00361311 /* PBXContainerItemProxy */ = {
			isa = PBXContainerItemProxy;
			containerPortal = F7E089D827312C2700361311 /* Project object */;
			proxyType = 1;
			remoteGlobalIDString = F7E089DF27312C2700361311;
			remoteInfo = WYJKitDemo;
		};
		F7E08A0927312C2B00361311 /* PBXContainerItemProxy */ = {
			isa = PBXContainerItemProxy;
			containerPortal = F7E089D827312C2700361311 /* Project object */;
			proxyType = 1;
			remoteGlobalIDString = F7E089DF27312C2700361311;
			remoteInfo = WYJKitDemo;
		};
/* End PBXContainerItemProxy section */

/* Begin PBXFileReference section */
		4EA31527EDB112A1F981861E /* Pods-WYJKitDemo.debug.xcconfig */ = {isa = PBXFileReference; includeInIndex = 1; lastKnownFileType = text.xcconfig; name = "Pods-WYJKitDemo.debug.xcconfig"; path = "Target Support Files/Pods-WYJKitDemo/Pods-WYJKitDemo.debug.xcconfig"; sourceTree = "<group>"; };
		53C94483B1B623EB7DDCA81A /* Pods_WYJKitDemoTests.framework */ = {isa = PBXFileReference; explicitFileType = wrapper.framework; includeInIndex = 0; path = Pods_WYJKitDemoTests.framework; sourceTree = BUILT_PRODUCTS_DIR; };
		63EBFA619975621472F674A8 /* Pods_WYJKitDemo.framework */ = {isa = PBXFileReference; explicitFileType = wrapper.framework; includeInIndex = 0; path = Pods_WYJKitDemo.framework; sourceTree = BUILT_PRODUCTS_DIR; };
		6D516491EA0DACED18EC0A5D /* Pods-WYJKitDemoTests.release.xcconfig */ = {isa = PBXFileReference; includeInIndex = 1; lastKnownFileType = text.xcconfig; name = "Pods-WYJKitDemoTests.release.xcconfig"; path = "Target Support Files/Pods-WYJKitDemoTests/Pods-WYJKitDemoTests.release.xcconfig"; sourceTree = "<group>"; };
		7841BDE910C126A6D28EE1F7 /* Pods-WYJKitDemo-WYJKitDemoUITests.release.xcconfig */ = {isa = PBXFileReference; includeInIndex = 1; lastKnownFileType = text.xcconfig; name = "Pods-WYJKitDemo-WYJKitDemoUITests.release.xcconfig"; path = "Target Support Files/Pods-WYJKitDemo-WYJKitDemoUITests/Pods-WYJKitDemo-WYJKitDemoUITests.release.xcconfig"; sourceTree = "<group>"; };
		7F408291274F725B0072B088 /* WYJKit.podspec */ = {isa = PBXFileReference; fileEncoding = 4; lastKnownFileType = text; name = WYJKit.podspec; path = ../WYJKit.podspec; sourceTree = "<group>"; };
		7F408293274F75B60072B088 /* WYJMacroHeader.h */ = {isa = PBXFileReference; lastKnownFileType = sourcecode.c.h; path = WYJMacroHeader.h; sourceTree = "<group>"; };
		7F41DFC4274245BA002CAE5F /* OneViewController.h */ = {isa = PBXFileReference; lastKnownFileType = sourcecode.c.h; path = OneViewController.h; sourceTree = "<group>"; };
		7F41DFC5274245BB002CAE5F /* OneViewController.m */ = {isa = PBXFileReference; lastKnownFileType = sourcecode.c.objc; path = OneViewController.m; sourceTree = "<group>"; };
		7F41DFC7274245CF002CAE5F /* TwoViewController.h */ = {isa = PBXFileReference; lastKnownFileType = sourcecode.c.h; path = TwoViewController.h; sourceTree = "<group>"; };
		7F41DFC8274245CF002CAE5F /* TwoViewController.m */ = {isa = PBXFileReference; lastKnownFileType = sourcecode.c.objc; path = TwoViewController.m; sourceTree = "<group>"; };
		7F42E9D2274F2E7800B0D417 /* UIControl+WYJEventInterval.m */ = {isa = PBXFileReference; fileEncoding = 4; lastKnownFileType = sourcecode.c.objc; path = "UIControl+WYJEventInterval.m"; sourceTree = "<group>"; };
		7F42E9D3274F2E7800B0D417 /* UIControl+WYJEventInterval.h */ = {isa = PBXFileReference; fileEncoding = 4; lastKnownFileType = sourcecode.c.h; path = "UIControl+WYJEventInterval.h"; sourceTree = "<group>"; };
		7F42E9D6274F2E8800B0D417 /* UIControlHeader.h */ = {isa = PBXFileReference; lastKnownFileType = sourcecode.c.h; path = UIControlHeader.h; sourceTree = "<group>"; };
		7F42E9D8274F642500B0D417 /* WYJConvenientHeader.h */ = {isa = PBXFileReference; lastKnownFileType = sourcecode.c.h; path = WYJConvenientHeader.h; sourceTree = "<group>"; };
		7F4BBD41274DD973009C774B /* WYJGradientLabel.m */ = {isa = PBXFileReference; fileEncoding = 4; lastKnownFileType = sourcecode.c.objc; path = WYJGradientLabel.m; sourceTree = "<group>"; };
		7F4BBD42274DD973009C774B /* WYJGradientLabel.h */ = {isa = PBXFileReference; fileEncoding = 4; lastKnownFileType = sourcecode.c.h; path = WYJGradientLabel.h; sourceTree = "<group>"; };
		7F4BBD44274DD988009C774B /* WYJToolUIHeader.h */ = {isa = PBXFileReference; lastKnownFileType = sourcecode.c.h; path = WYJToolUIHeader.h; sourceTree = "<group>"; };
		7F4BBD45274DE2B0009C774B /* NSString+WYJBase64.h */ = {isa = PBXFileReference; lastKnownFileType = sourcecode.c.h; path = "NSString+WYJBase64.h"; sourceTree = "<group>"; };
		7F4BBD46274DE2B0009C774B /* NSString+WYJBase64.m */ = {isa = PBXFileReference; lastKnownFileType = sourcecode.c.objc; path = "NSString+WYJBase64.m"; sourceTree = "<group>"; };
		7F4BBD48274DE326009C774B /* NSString+WYJGB2312.h */ = {isa = PBXFileReference; lastKnownFileType = sourcecode.c.h; path = "NSString+WYJGB2312.h"; sourceTree = "<group>"; };
		7F4BBD49274DE326009C774B /* NSString+WYJGB2312.m */ = {isa = PBXFileReference; lastKnownFileType = sourcecode.c.objc; path = "NSString+WYJGB2312.m"; sourceTree = "<group>"; };
		7F4BBD4C274DE5D6009C774B /* NSData+WYJConversion.h */ = {isa = PBXFileReference; lastKnownFileType = sourcecode.c.h; path = "NSData+WYJConversion.h"; sourceTree = "<group>"; };
		7F4BBD4D274DE5D6009C774B /* NSData+WYJConversion.m */ = {isa = PBXFileReference; lastKnownFileType = sourcecode.c.objc; path = "NSData+WYJConversion.m"; sourceTree = "<group>"; };
		7F4BBD4F274DE5F2009C774B /* NSDataHeader.h */ = {isa = PBXFileReference; lastKnownFileType = sourcecode.c.h; path = NSDataHeader.h; sourceTree = "<group>"; };
		7F87AA5B273CE7270079BB0C /* WYJKitHeader.h */ = {isa = PBXFileReference; fileEncoding = 4; lastKnownFileType = sourcecode.c.h; path = WYJKitHeader.h; sourceTree = "<group>"; };
		7F87AA5F273CE7270079BB0C /* UIImage+WYJAdd.h */ = {isa = PBXFileReference; fileEncoding = 4; lastKnownFileType = sourcecode.c.h; path = "UIImage+WYJAdd.h"; sourceTree = "<group>"; };
		7F87AA60273CE7270079BB0C /* UIImage+WYJInit.m */ = {isa = PBXFileReference; fileEncoding = 4; lastKnownFileType = sourcecode.c.objc; path = "UIImage+WYJInit.m"; sourceTree = "<group>"; };
		7F87AA61273CE7270079BB0C /* UIImage+WYJAdd.m */ = {isa = PBXFileReference; fileEncoding = 4; lastKnownFileType = sourcecode.c.objc; path = "UIImage+WYJAdd.m"; sourceTree = "<group>"; };
		7F87AA62273CE7270079BB0C /* UIImageCategoryHeader.h */ = {isa = PBXFileReference; fileEncoding = 4; lastKnownFileType = sourcecode.c.h; path = UIImageCategoryHeader.h; sourceTree = "<group>"; };
		7F87AA63273CE7270079BB0C /* UIImage+WYJInit.h */ = {isa = PBXFileReference; fileEncoding = 4; lastKnownFileType = sourcecode.c.h; path = "UIImage+WYJInit.h"; sourceTree = "<group>"; };
		7F87AA65273CE7270079BB0C /* UILabelHeader.h */ = {isa = PBXFileReference; fileEncoding = 4; lastKnownFileType = sourcecode.c.h; path = UILabelHeader.h; sourceTree = "<group>"; };
		7F87AA66273CE7270079BB0C /* UILabel+WYJInit.m */ = {isa = PBXFileReference; fileEncoding = 4; lastKnownFileType = sourcecode.c.objc; path = "UILabel+WYJInit.m"; sourceTree = "<group>"; };
		7F87AA67273CE7270079BB0C /* UILabel+WYJInit.h */ = {isa = PBXFileReference; fileEncoding = 4; lastKnownFileType = sourcecode.c.h; path = "UILabel+WYJInit.h"; sourceTree = "<group>"; };
		7F87AA69273CE7270079BB0C /* UIApplication+WYJAdd.h */ = {isa = PBXFileReference; fileEncoding = 4; lastKnownFileType = sourcecode.c.h; path = "UIApplication+WYJAdd.h"; sourceTree = "<group>"; };
		7F87AA6A273CE7270079BB0C /* UIApplication+WYJAdd.m */ = {isa = PBXFileReference; fileEncoding = 4; lastKnownFileType = sourcecode.c.objc; path = "UIApplication+WYJAdd.m"; sourceTree = "<group>"; };
		7F87AA6B273CE7270079BB0C /* UIApplicationCategoryHeader.h */ = {isa = PBXFileReference; fileEncoding = 4; lastKnownFileType = sourcecode.c.h; path = UIApplicationCategoryHeader.h; sourceTree = "<group>"; };
		7F87AA6D273CE7270079BB0C /* UIResponder+WYJConfigure.m */ = {isa = PBXFileReference; fileEncoding = 4; lastKnownFileType = sourcecode.c.objc; path = "UIResponder+WYJConfigure.m"; sourceTree = "<group>"; };
		7F87AA6E273CE7270079BB0C /* UIResponder+WYJConfigure.h */ = {isa = PBXFileReference; fileEncoding = 4; lastKnownFileType = sourcecode.c.h; path = "UIResponder+WYJConfigure.h"; sourceTree = "<group>"; };
		7F87AA6F273CE7270079BB0C /* UIResponderCategoryHeader.h */ = {isa = PBXFileReference; fileEncoding = 4; lastKnownFileType = sourcecode.c.h; path = UIResponderCategoryHeader.h; sourceTree = "<group>"; };
		7F87AA71273CE7270079BB0C /* UIButton+WYJTouch.h */ = {isa = PBXFileReference; fileEncoding = 4; lastKnownFileType = sourcecode.c.h; path = "UIButton+WYJTouch.h"; sourceTree = "<group>"; };
		7F87AA72273CE7270079BB0C /* UIButton+WYJAdd.m */ = {isa = PBXFileReference; fileEncoding = 4; lastKnownFileType = sourcecode.c.objc; path = "UIButton+WYJAdd.m"; sourceTree = "<group>"; };
		7F87AA73273CE7270079BB0C /* UIButton+WYJCountDown.m */ = {isa = PBXFileReference; fileEncoding = 4; lastKnownFileType = sourcecode.c.objc; path = "UIButton+WYJCountDown.m"; sourceTree = "<group>"; };
		7F87AA74273CE7270079BB0C /* UIButton+WYJInit.h */ = {isa = PBXFileReference; fileEncoding = 4; lastKnownFileType = sourcecode.c.h; path = "UIButton+WYJInit.h"; sourceTree = "<group>"; };
		7F87AA75273CE7270079BB0C /* UIButton+WYJAdd.h */ = {isa = PBXFileReference; fileEncoding = 4; lastKnownFileType = sourcecode.c.h; path = "UIButton+WYJAdd.h"; sourceTree = "<group>"; };
		7F87AA76273CE7270079BB0C /* UIButton+WYJTouch.m */ = {isa = PBXFileReference; fileEncoding = 4; lastKnownFileType = sourcecode.c.objc; path = "UIButton+WYJTouch.m"; sourceTree = "<group>"; };
		7F87AA77273CE7270079BB0C /* UIButton+WYJInit.m */ = {isa = PBXFileReference; fileEncoding = 4; lastKnownFileType = sourcecode.c.objc; path = "UIButton+WYJInit.m"; sourceTree = "<group>"; };
		7F87AA78273CE7270079BB0C /* UIButtonCategoryHeader.h */ = {isa = PBXFileReference; fileEncoding = 4; lastKnownFileType = sourcecode.c.h; path = UIButtonCategoryHeader.h; sourceTree = "<group>"; };
		7F87AA79273CE7270079BB0C /* UIButton+WYJCountDown.h */ = {isa = PBXFileReference; fileEncoding = 4; lastKnownFileType = sourcecode.c.h; path = "UIButton+WYJCountDown.h"; sourceTree = "<group>"; };
		7F87AA7B273CE7270079BB0C /* UIColorHeader.h */ = {isa = PBXFileReference; fileEncoding = 4; lastKnownFileType = sourcecode.c.h; path = UIColorHeader.h; sourceTree = "<group>"; };
		7F87AA7C273CE7270079BB0C /* UIColor+WYJAdd.m */ = {isa = PBXFileReference; fileEncoding = 4; lastKnownFileType = sourcecode.c.objc; path = "UIColor+WYJAdd.m"; sourceTree = "<group>"; };
		7F87AA7D273CE7270079BB0C /* UIColor+WYJAdd.h */ = {isa = PBXFileReference; fileEncoding = 4; lastKnownFileType = sourcecode.c.h; path = "UIColor+WYJAdd.h"; sourceTree = "<group>"; };
		7F87AA7F273CE7270079BB0C /* UIView+WYJAdd.m */ = {isa = PBXFileReference; fileEncoding = 4; lastKnownFileType = sourcecode.c.objc; path = "UIView+WYJAdd.m"; sourceTree = "<group>"; };
		7F87AA80273CE7270079BB0C /* UIView+WYJConvenience.m */ = {isa = PBXFileReference; fileEncoding = 4; lastKnownFileType = sourcecode.c.objc; path = "UIView+WYJConvenience.m"; sourceTree = "<group>"; };
		7F87AA81273CE7270079BB0C /* UIView+WYJPageRouter.h */ = {isa = PBXFileReference; fileEncoding = 4; lastKnownFileType = sourcecode.c.h; path = "UIView+WYJPageRouter.h"; sourceTree = "<group>"; };
		7F87AA82273CE7270079BB0C /* UIViewHeader.h */ = {isa = PBXFileReference; fileEncoding = 4; lastKnownFileType = sourcecode.c.h; path = UIViewHeader.h; sourceTree = "<group>"; };
		7F87AA83273CE7270079BB0C /* UIView+WYJBlock.m */ = {isa = PBXFileReference; fileEncoding = 4; lastKnownFileType = sourcecode.c.objc; path = "UIView+WYJBlock.m"; sourceTree = "<group>"; };
		7F87AA84273CE7270079BB0C /* UIView+WYJConvenience.h */ = {isa = PBXFileReference; fileEncoding = 4; lastKnownFileType = sourcecode.c.h; path = "UIView+WYJConvenience.h"; sourceTree = "<group>"; };
		7F87AA85273CE7270079BB0C /* UIView+WYJAdd.h */ = {isa = PBXFileReference; fileEncoding = 4; lastKnownFileType = sourcecode.c.h; path = "UIView+WYJAdd.h"; sourceTree = "<group>"; };
		7F87AA86273CE7270079BB0C /* UIView+WYJPageRouter.m */ = {isa = PBXFileReference; fileEncoding = 4; lastKnownFileType = sourcecode.c.objc; path = "UIView+WYJPageRouter.m"; sourceTree = "<group>"; };
		7F87AA87273CE7270079BB0C /* UIView+WYJBlock.h */ = {isa = PBXFileReference; fileEncoding = 4; lastKnownFileType = sourcecode.c.h; path = "UIView+WYJBlock.h"; sourceTree = "<group>"; };
		7F87AA89273CE7270079BB0C /* UIFont+WYJAdd.m */ = {isa = PBXFileReference; fileEncoding = 4; lastKnownFileType = sourcecode.c.objc; path = "UIFont+WYJAdd.m"; sourceTree = "<group>"; };
		7F87AA8A273CE7270079BB0C /* UIFont+WYJAdapter.m */ = {isa = PBXFileReference; fileEncoding = 4; lastKnownFileType = sourcecode.c.objc; path = "UIFont+WYJAdapter.m"; sourceTree = "<group>"; };
		7F87AA8B273CE7270079BB0C /* UIFont+WYJAdd.h */ = {isa = PBXFileReference; fileEncoding = 4; lastKnownFileType = sourcecode.c.h; path = "UIFont+WYJAdd.h"; sourceTree = "<group>"; };
		7F87AA8C273CE7270079BB0C /* UIFont+WYJAdapter.h */ = {isa = PBXFileReference; fileEncoding = 4; lastKnownFileType = sourcecode.c.h; path = "UIFont+WYJAdapter.h"; sourceTree = "<group>"; };
		7F87AA8D273CE7270079BB0C /* UIFontHeader.h */ = {isa = PBXFileReference; fileEncoding = 4; lastKnownFileType = sourcecode.c.h; path = UIFontHeader.h; sourceTree = "<group>"; };
		7F87AA8F273CE7270079BB0C /* UITabBarController+WYJAdd.h */ = {isa = PBXFileReference; fileEncoding = 4; lastKnownFileType = sourcecode.c.h; path = "UITabBarController+WYJAdd.h"; sourceTree = "<group>"; };
		7F87AA90273CE7270079BB0C /* UITabBarController+WYJAdd.m */ = {isa = PBXFileReference; fileEncoding = 4; lastKnownFileType = sourcecode.c.objc; path = "UITabBarController+WYJAdd.m"; sourceTree = "<group>"; };
		7F87AA91273CE7270079BB0C /* UITabBarControllerHeader.h */ = {isa = PBXFileReference; fileEncoding = 4; lastKnownFileType = sourcecode.c.h; path = UITabBarControllerHeader.h; sourceTree = "<group>"; };
		7F87AA93273CE7270079BB0C /* UITextView+WYJAdd.h */ = {isa = PBXFileReference; fileEncoding = 4; lastKnownFileType = sourcecode.c.h; path = "UITextView+WYJAdd.h"; sourceTree = "<group>"; };
		7F87AA94273CE7270079BB0C /* UITextViewHeader.h */ = {isa = PBXFileReference; fileEncoding = 4; lastKnownFileType = sourcecode.c.h; path = UITextViewHeader.h; sourceTree = "<group>"; };
		7F87AA95273CE7270079BB0C /* UITextView+WYJAdd.m */ = {isa = PBXFileReference; fileEncoding = 4; lastKnownFileType = sourcecode.c.objc; path = "UITextView+WYJAdd.m"; sourceTree = "<group>"; };
		7F87AA97273CE7270079BB0C /* UIImageView+YJAdd.m */ = {isa = PBXFileReference; fileEncoding = 4; lastKnownFileType = sourcecode.c.objc; path = "UIImageView+YJAdd.m"; sourceTree = "<group>"; };
		7F87AA98273CE7270079BB0C /* UIImageView+YJAdd.h */ = {isa = PBXFileReference; fileEncoding = 4; lastKnownFileType = sourcecode.c.h; path = "UIImageView+YJAdd.h"; sourceTree = "<group>"; };
		7F87AA9A273CE7270079BB0C /* WYJUIManager.m */ = {isa = PBXFileReference; fileEncoding = 4; lastKnownFileType = sourcecode.c.objc; path = WYJUIManager.m; sourceTree = "<group>"; };
		7F87AA9B273CE7270079BB0C /* WYJUIManager.h */ = {isa = PBXFileReference; fileEncoding = 4; lastKnownFileType = sourcecode.c.h; path = WYJUIManager.h; sourceTree = "<group>"; };
		7F87AA9D273CE7270079BB0C /* UIViewController+YJAdd.h */ = {isa = PBXFileReference; fileEncoding = 4; lastKnownFileType = sourcecode.c.h; path = "UIViewController+YJAdd.h"; sourceTree = "<group>"; };
		7F87AA9E273CE7270079BB0C /* WYJNavigationButton.h */ = {isa = PBXFileReference; fileEncoding = 4; lastKnownFileType = sourcecode.c.h; path = WYJNavigationButton.h; sourceTree = "<group>"; };
		7F87AA9F273CE7270079BB0C /* UIViewController+YJAdd.m */ = {isa = PBXFileReference; fileEncoding = 4; lastKnownFileType = sourcecode.c.objc; path = "UIViewController+YJAdd.m"; sourceTree = "<group>"; };
		7F87AAA0273CE7270079BB0C /* WYJNavigationButton.m */ = {isa = PBXFileReference; fileEncoding = 4; lastKnownFileType = sourcecode.c.objc; path = WYJNavigationButton.m; sourceTree = "<group>"; };
		7F87AAA1273CE7270079BB0C /* UIViewControllerHeader.h */ = {isa = PBXFileReference; fileEncoding = 4; lastKnownFileType = sourcecode.c.h; path = UIViewControllerHeader.h; sourceTree = "<group>"; };
		7F87AAA4273CE7270079BB0C /* UINavigationControllerHeader.h */ = {isa = PBXFileReference; fileEncoding = 4; lastKnownFileType = sourcecode.c.h; path = UINavigationControllerHeader.h; sourceTree = "<group>"; };
		7F87AAA7273CE7270079BB0C /* UIKitCagoryHeader.h */ = {isa = PBXFileReference; fileEncoding = 4; lastKnownFileType = sourcecode.c.h; path = UIKitCagoryHeader.h; sourceTree = "<group>"; };
		7F87AAA9273CE7270079BB0C /* UITextFieldHeader.h */ = {isa = PBXFileReference; fileEncoding = 4; lastKnownFileType = sourcecode.c.h; path = UITextFieldHeader.h; sourceTree = "<group>"; };
		7F87AAAA273CE7270079BB0C /* UITextField+WYJInit.m */ = {isa = PBXFileReference; fileEncoding = 4; lastKnownFileType = sourcecode.c.objc; path = "UITextField+WYJInit.m"; sourceTree = "<group>"; };
		7F87AAAB273CE7270079BB0C /* UITextField+WYJAdd.h */ = {isa = PBXFileReference; fileEncoding = 4; lastKnownFileType = sourcecode.c.h; path = "UITextField+WYJAdd.h"; sourceTree = "<group>"; };
		7F87AAAC273CE7270079BB0C /* UITextField+WYJInit.h */ = {isa = PBXFileReference; fileEncoding = 4; lastKnownFileType = sourcecode.c.h; path = "UITextField+WYJInit.h"; sourceTree = "<group>"; };
		7F87AAAD273CE7270079BB0C /* UITextField+WYJAdd.m */ = {isa = PBXFileReference; fileEncoding = 4; lastKnownFileType = sourcecode.c.objc; path = "UITextField+WYJAdd.m"; sourceTree = "<group>"; };
		7F87AAB0273CE7270079BB0C /* NSString+WYJEncode.h */ = {isa = PBXFileReference; fileEncoding = 4; lastKnownFileType = sourcecode.c.h; path = "NSString+WYJEncode.h"; sourceTree = "<group>"; };
		7F87AAB1273CE7270079BB0C /* NSString+WYJConversion.m */ = {isa = PBXFileReference; fileEncoding = 4; lastKnownFileType = sourcecode.c.objc; path = "NSString+WYJConversion.m"; sourceTree = "<group>"; };
		7F87AAB2273CE7270079BB0C /* NSString+WYJRegular.m */ = {isa = PBXFileReference; fileEncoding = 4; lastKnownFileType = sourcecode.c.objc; path = "NSString+WYJRegular.m"; sourceTree = "<group>"; };
		7F87AAB3273CE7270079BB0C /* NSString+WYJHGBTransForm.h */ = {isa = PBXFileReference; fileEncoding = 4; lastKnownFileType = sourcecode.c.h; path = "NSString+WYJHGBTransForm.h"; sourceTree = "<group>"; };
		7F87AAB4273CE7270079BB0C /* NSString+WYJAdd.h */ = {isa = PBXFileReference; fileEncoding = 4; lastKnownFileType = sourcecode.c.h; path = "NSString+WYJAdd.h"; sourceTree = "<group>"; };
		7F87AAB5273CE7270079BB0C /* NSString+WYJMD5.h */ = {isa = PBXFileReference; fileEncoding = 4; lastKnownFileType = sourcecode.c.h; path = "NSString+WYJMD5.h"; sourceTree = "<group>"; };
		7F87AAB6273CE7270079BB0C /* NSString+WYJDate.h */ = {isa = PBXFileReference; fileEncoding = 4; lastKnownFileType = sourcecode.c.h; path = "NSString+WYJDate.h"; sourceTree = "<group>"; };
		7F87AAB7273CE7270079BB0C /* NSString+WYJConversion.h */ = {isa = PBXFileReference; fileEncoding = 4; lastKnownFileType = sourcecode.c.h; path = "NSString+WYJConversion.h"; sourceTree = "<group>"; };
		7F87AAB8273CE7270079BB0C /* NSString+WYJEncode.m */ = {isa = PBXFileReference; fileEncoding = 4; lastKnownFileType = sourcecode.c.objc; path = "NSString+WYJEncode.m"; sourceTree = "<group>"; };
		7F87AAB9273CE7270079BB0C /* NSString+WYJHGBTransForm.m */ = {isa = PBXFileReference; fileEncoding = 4; lastKnownFileType = sourcecode.c.objc; path = "NSString+WYJHGBTransForm.m"; sourceTree = "<group>"; };
		7F87AABA273CE7270079BB0C /* NSString+WYJRegular.h */ = {isa = PBXFileReference; fileEncoding = 4; lastKnownFileType = sourcecode.c.h; path = "NSString+WYJRegular.h"; sourceTree = "<group>"; };
		7F87AABB273CE7270079BB0C /* NSString+WYJMD5.m */ = {isa = PBXFileReference; fileEncoding = 4; lastKnownFileType = sourcecode.c.objc; path = "NSString+WYJMD5.m"; sourceTree = "<group>"; };
		7F87AABC273CE7270079BB0C /* NSString+WYJAdd.m */ = {isa = PBXFileReference; fileEncoding = 4; lastKnownFileType = sourcecode.c.objc; path = "NSString+WYJAdd.m"; sourceTree = "<group>"; };
		7F87AABD273CE7270079BB0C /* NSStringHeader.h */ = {isa = PBXFileReference; fileEncoding = 4; lastKnownFileType = sourcecode.c.h; path = NSStringHeader.h; sourceTree = "<group>"; };
		7F87AABE273CE7270079BB0C /* NSString+WYJDate.m */ = {isa = PBXFileReference; fileEncoding = 4; lastKnownFileType = sourcecode.c.objc; path = "NSString+WYJDate.m"; sourceTree = "<group>"; };
		7F87AAC0273CE7270079BB0C /* NSArrayHeader.h */ = {isa = PBXFileReference; fileEncoding = 4; lastKnownFileType = sourcecode.c.h; path = NSArrayHeader.h; sourceTree = "<group>"; };
		7F87AAC1273CE7270079BB0C /* NSArray+WYJConversion.m */ = {isa = PBXFileReference; fileEncoding = 4; lastKnownFileType = sourcecode.c.objc; path = "NSArray+WYJConversion.m"; sourceTree = "<group>"; };
		7F87AAC2273CE7270079BB0C /* NSArray+WYJAdd.h */ = {isa = PBXFileReference; fileEncoding = 4; lastKnownFileType = sourcecode.c.h; path = "NSArray+WYJAdd.h"; sourceTree = "<group>"; };
		7F87AAC3273CE7270079BB0C /* NSArray+WYJAdd.m */ = {isa = PBXFileReference; fileEncoding = 4; lastKnownFileType = sourcecode.c.objc; path = "NSArray+WYJAdd.m"; sourceTree = "<group>"; };
		7F87AAC4273CE7270079BB0C /* NSArray+WYJConversion.h */ = {isa = PBXFileReference; fileEncoding = 4; lastKnownFileType = sourcecode.c.h; path = "NSArray+WYJConversion.h"; sourceTree = "<group>"; };
		7F87AAC6273CE7270079BB0C /* NSMutableArray+YJAdd.h */ = {isa = PBXFileReference; fileEncoding = 4; lastKnownFileType = sourcecode.c.h; path = "NSMutableArray+YJAdd.h"; sourceTree = "<group>"; };
		7F87AAC7273CE7270079BB0C /* NSMutableArrayHeader.h */ = {isa = PBXFileReference; fileEncoding = 4; lastKnownFileType = sourcecode.c.h; path = NSMutableArrayHeader.h; sourceTree = "<group>"; };
		7F87AAC8273CE7270079BB0C /* NSMutableArray+YJAdd.m */ = {isa = PBXFileReference; fileEncoding = 4; lastKnownFileType = sourcecode.c.objc; path = "NSMutableArray+YJAdd.m"; sourceTree = "<group>"; };
		7F87AACA273CE7270079BB0C /* FoundationHeader.h */ = {isa = PBXFileReference; fileEncoding = 4; lastKnownFileType = sourcecode.c.h; path = FoundationHeader.h; sourceTree = "<group>"; };
		7F87AACC273CE7270079BB0C /* NSDate+WYJConversion.h */ = {isa = PBXFileReference; fileEncoding = 4; lastKnownFileType = sourcecode.c.h; path = "NSDate+WYJConversion.h"; sourceTree = "<group>"; };
		7F87AACD273CE7270079BB0C /* NSDate+WYJAdd.h */ = {isa = PBXFileReference; fileEncoding = 4; lastKnownFileType = sourcecode.c.h; path = "NSDate+WYJAdd.h"; sourceTree = "<group>"; };
		7F87AACE273CE7270079BB0C /* NSDate+WYJConversion.m */ = {isa = PBXFileReference; fileEncoding = 4; lastKnownFileType = sourcecode.c.objc; path = "NSDate+WYJConversion.m"; sourceTree = "<group>"; };
		7F87AACF273CE7270079BB0C /* NSDateHeader.h */ = {isa = PBXFileReference; fileEncoding = 4; lastKnownFileType = sourcecode.c.h; path = NSDateHeader.h; sourceTree = "<group>"; };
		7F87AAD0273CE7270079BB0C /* NSDate+WYJAdd.m */ = {isa = PBXFileReference; fileEncoding = 4; lastKnownFileType = sourcecode.c.objc; path = "NSDate+WYJAdd.m"; sourceTree = "<group>"; };
		7F87AAD3273CE7270079BB0C /* WYJBaseView.m */ = {isa = PBXFileReference; fileEncoding = 4; lastKnownFileType = sourcecode.c.objc; path = WYJBaseView.m; sourceTree = "<group>"; };
		7F87AAD4273CE7270079BB0C /* WYJBaseView.h */ = {isa = PBXFileReference; fileEncoding = 4; lastKnownFileType = sourcecode.c.h; path = WYJBaseView.h; sourceTree = "<group>"; };
		7F87AAD7273CE7270079BB0C /* WYJBaseCollectionView+Delegate.m */ = {isa = PBXFileReference; fileEncoding = 4; lastKnownFileType = sourcecode.c.objc; path = "WYJBaseCollectionView+Delegate.m"; sourceTree = "<group>"; };
		7F87AAD8273CE7270079BB0C /* WYJBaseCollectionViewDelegate.m */ = {isa = PBXFileReference; fileEncoding = 4; lastKnownFileType = sourcecode.c.objc; path = WYJBaseCollectionViewDelegate.m; sourceTree = "<group>"; };
		7F87AAD9273CE7270079BB0C /* WYJBaseCollectionView.h */ = {isa = PBXFileReference; fileEncoding = 4; lastKnownFileType = sourcecode.c.h; path = WYJBaseCollectionView.h; sourceTree = "<group>"; };
		7F87AADA273CE7270079BB0C /* WYJBaseCollectionView+Delegate.h */ = {isa = PBXFileReference; fileEncoding = 4; lastKnownFileType = sourcecode.c.h; path = "WYJBaseCollectionView+Delegate.h"; sourceTree = "<group>"; };
		7F87AADB273CE7270079BB0C /* WYJBaseCollectionViewDelegate.h */ = {isa = PBXFileReference; fileEncoding = 4; lastKnownFileType = sourcecode.c.h; path = WYJBaseCollectionViewDelegate.h; sourceTree = "<group>"; };
		7F87AADC273CE7270079BB0C /* WYJBaseCollectionView.m */ = {isa = PBXFileReference; fileEncoding = 4; lastKnownFileType = sourcecode.c.objc; path = WYJBaseCollectionView.m; sourceTree = "<group>"; };
		7F87AADD273CE7270079BB0C /* BaseCollectionViewHeader.h */ = {isa = PBXFileReference; fileEncoding = 4; lastKnownFileType = sourcecode.c.h; path = BaseCollectionViewHeader.h; sourceTree = "<group>"; };
		7F87AADF273CE7270079BB0C /* WYJTableView.h */ = {isa = PBXFileReference; fileEncoding = 4; lastKnownFileType = sourcecode.c.h; path = WYJTableView.h; sourceTree = "<group>"; };
		7F87AAE0273CE7270079BB0C /* WYJBaseTableView+Delegate.h */ = {isa = PBXFileReference; fileEncoding = 4; lastKnownFileType = sourcecode.c.h; path = "WYJBaseTableView+Delegate.h"; sourceTree = "<group>"; };
		7F87AAE1273CE7270079BB0C /* WYJBaseTableView.h */ = {isa = PBXFileReference; fileEncoding = 4; lastKnownFileType = sourcecode.c.h; path = WYJBaseTableView.h; sourceTree = "<group>"; };
		7F87AAE2273CE7270079BB0C /* BaseTableViewHeader.h */ = {isa = PBXFileReference; fileEncoding = 4; lastKnownFileType = sourcecode.c.h; path = BaseTableViewHeader.h; sourceTree = "<group>"; };
		7F87AAE3273CE7270079BB0C /* WYJBaseTableViewDelegate.h */ = {isa = PBXFileReference; fileEncoding = 4; lastKnownFileType = sourcecode.c.h; path = WYJBaseTableViewDelegate.h; sourceTree = "<group>"; };
		7F87AAE4273CE7270079BB0C /* WYJTableViewCell.h */ = {isa = PBXFileReference; fileEncoding = 4; lastKnownFileType = sourcecode.c.h; path = WYJTableViewCell.h; sourceTree = "<group>"; };
		7F87AAE5273CE7270079BB0C /* WYJBaseTableView+Delegate.m */ = {isa = PBXFileReference; fileEncoding = 4; lastKnownFileType = sourcecode.c.objc; path = "WYJBaseTableView+Delegate.m"; sourceTree = "<group>"; };
		7F87AAE6273CE7270079BB0C /* WYJBaseTableView.m */ = {isa = PBXFileReference; fileEncoding = 4; lastKnownFileType = sourcecode.c.objc; path = WYJBaseTableView.m; sourceTree = "<group>"; };
		7F87AAE7273CE7270079BB0C /* WYJTableView.m */ = {isa = PBXFileReference; fileEncoding = 4; lastKnownFileType = sourcecode.c.objc; path = WYJTableView.m; sourceTree = "<group>"; };
		7F87AAE8273CE7270079BB0C /* WYJTableViewCell.m */ = {isa = PBXFileReference; fileEncoding = 4; lastKnownFileType = sourcecode.c.objc; path = WYJTableViewCell.m; sourceTree = "<group>"; };
		7F87AAE9273CE7270079BB0C /* WYJBaseTableViewDelegate.m */ = {isa = PBXFileReference; fileEncoding = 4; lastKnownFileType = sourcecode.c.objc; path = WYJBaseTableViewDelegate.m; sourceTree = "<group>"; };
		7F87AAEB273CE7270079BB0C /* WYJBaseViewController.m */ = {isa = PBXFileReference; fileEncoding = 4; lastKnownFileType = sourcecode.c.objc; path = WYJBaseViewController.m; sourceTree = "<group>"; };
		7F87AAEC273CE7270079BB0C /* WYJNavigationController.h */ = {isa = PBXFileReference; fileEncoding = 4; lastKnownFileType = sourcecode.c.h; path = WYJNavigationController.h; sourceTree = "<group>"; };
		7F87AAED273CE7270079BB0C /* WYJNavigationView.h */ = {isa = PBXFileReference; fileEncoding = 4; lastKnownFileType = sourcecode.c.h; path = WYJNavigationView.h; sourceTree = "<group>"; };
		7F87AAEE273CE7270079BB0C /* BaseViewControllerHeader.h */ = {isa = PBXFileReference; fileEncoding = 4; lastKnownFileType = sourcecode.c.h; path = BaseViewControllerHeader.h; sourceTree = "<group>"; };
		7F87AAEF273CE7270079BB0C /* WYJBaseViewController.h */ = {isa = PBXFileReference; fileEncoding = 4; lastKnownFileType = sourcecode.c.h; path = WYJBaseViewController.h; sourceTree = "<group>"; };
		7F87AAF0273CE7270079BB0C /* WYJNavigationController.m */ = {isa = PBXFileReference; fileEncoding = 4; lastKnownFileType = sourcecode.c.objc; path = WYJNavigationController.m; sourceTree = "<group>"; };
		7F87AAF1273CE7270079BB0C /* WYJNavigationView.m */ = {isa = PBXFileReference; fileEncoding = 4; lastKnownFileType = sourcecode.c.objc; path = WYJNavigationView.m; sourceTree = "<group>"; };
		7F87AAF3273CE7270079BB0C /* BaseFoundationHeader.h */ = {isa = PBXFileReference; fileEncoding = 4; lastKnownFileType = sourcecode.c.h; path = BaseFoundationHeader.h; sourceTree = "<group>"; };
		7F87AAFB273CE7270079BB0C /* WYJEmptyMacro.h */ = {isa = PBXFileReference; fileEncoding = 4; lastKnownFileType = sourcecode.c.h; path = WYJEmptyMacro.h; sourceTree = "<group>"; };
		7F87AAFC273CE7270079BB0C /* WYJObjectMacro.h */ = {isa = PBXFileReference; fileEncoding = 4; lastKnownFileType = sourcecode.c.h; path = WYJObjectMacro.h; sourceTree = "<group>"; };
		7F87AAFD273CE7270079BB0C /* WYJSystemMacro.h */ = {isa = PBXFileReference; fileEncoding = 4; lastKnownFileType = sourcecode.c.h; path = WYJSystemMacro.h; sourceTree = "<group>"; };
		7F87AAFE273CE7270079BB0C /* WYJFrameMacro.h */ = {isa = PBXFileReference; fileEncoding = 4; lastKnownFileType = sourcecode.c.h; path = WYJFrameMacro.h; sourceTree = "<group>"; };
		7F87AAFF273CE7270079BB0C /* WYJHandyMacro.h */ = {isa = PBXFileReference; fileEncoding = 4; lastKnownFileType = sourcecode.c.h; path = WYJHandyMacro.h; sourceTree = "<group>"; };
		7FC9D64A2745F8D4003A25D7 /* UINavigationController+WYJFullscreenPopGesture.m */ = {isa = PBXFileReference; fileEncoding = 4; lastKnownFileType = sourcecode.c.objc; path = "UINavigationController+WYJFullscreenPopGesture.m"; sourceTree = "<group>"; };
		7FC9D64B2745F8D4003A25D7 /* UINavigationController+WYJFullscreenPopGesture.h */ = {isa = PBXFileReference; fileEncoding = 4; lastKnownFileType = sourcecode.c.h; path = "UINavigationController+WYJFullscreenPopGesture.h"; sourceTree = "<group>"; };
		7FEDF2D12746660F0068DDAE /* WYJCollectionViewAlignmentFlowLayout.h */ = {isa = PBXFileReference; lastKnownFileType = sourcecode.c.h; path = WYJCollectionViewAlignmentFlowLayout.h; sourceTree = "<group>"; };
		7FEDF2D22746660F0068DDAE /* WYJCollectionViewAlignmentFlowLayout.m */ = {isa = PBXFileReference; lastKnownFileType = sourcecode.c.objc; path = WYJCollectionViewAlignmentFlowLayout.m; sourceTree = "<group>"; };
		9F1BA5D44DE3FF254F289DE0 /* Pods-WYJKitDemoTests.debug.xcconfig */ = {isa = PBXFileReference; includeInIndex = 1; lastKnownFileType = text.xcconfig; name = "Pods-WYJKitDemoTests.debug.xcconfig"; path = "Target Support Files/Pods-WYJKitDemoTests/Pods-WYJKitDemoTests.debug.xcconfig"; sourceTree = "<group>"; };
		B66681F8BD2EAA606C03BBBE /* Pods_WYJKitDemo_WYJKitDemoUITests.framework */ = {isa = PBXFileReference; explicitFileType = wrapper.framework; includeInIndex = 0; path = Pods_WYJKitDemo_WYJKitDemoUITests.framework; sourceTree = BUILT_PRODUCTS_DIR; };
		F7AA6636273226C7006015AF /* CoreFoundation.framework */ = {isa = PBXFileReference; lastKnownFileType = wrapper.framework; name = CoreFoundation.framework; path = System/Library/Frameworks/CoreFoundation.framework; sourceTree = SDKROOT; };
		F7AA6638273226ED006015AF /* CoreGraphics.framework */ = {isa = PBXFileReference; lastKnownFileType = wrapper.framework; name = CoreGraphics.framework; path = System/Library/Frameworks/CoreGraphics.framework; sourceTree = SDKROOT; };
		F7AA663A27322702006015AF /* CoreImage.framework */ = {isa = PBXFileReference; lastKnownFileType = wrapper.framework; name = CoreImage.framework; path = System/Library/Frameworks/CoreImage.framework; sourceTree = SDKROOT; };
		F7E089E027312C2700361311 /* WYJKitDemo.app */ = {isa = PBXFileReference; explicitFileType = wrapper.application; includeInIndex = 0; path = WYJKitDemo.app; sourceTree = BUILT_PRODUCTS_DIR; };
		F7E089E327312C2700361311 /* AppDelegate.h */ = {isa = PBXFileReference; lastKnownFileType = sourcecode.c.h; path = AppDelegate.h; sourceTree = "<group>"; };
		F7E089E427312C2700361311 /* AppDelegate.m */ = {isa = PBXFileReference; lastKnownFileType = sourcecode.c.objc; path = AppDelegate.m; sourceTree = "<group>"; };
		F7E089E627312C2700361311 /* SceneDelegate.h */ = {isa = PBXFileReference; lastKnownFileType = sourcecode.c.h; path = SceneDelegate.h; sourceTree = "<group>"; };
		F7E089E727312C2700361311 /* SceneDelegate.m */ = {isa = PBXFileReference; lastKnownFileType = sourcecode.c.objc; path = SceneDelegate.m; sourceTree = "<group>"; };
		F7E089E927312C2700361311 /* ViewController.h */ = {isa = PBXFileReference; lastKnownFileType = sourcecode.c.h; path = ViewController.h; sourceTree = "<group>"; };
		F7E089EA27312C2700361311 /* ViewController.m */ = {isa = PBXFileReference; lastKnownFileType = sourcecode.c.objc; path = ViewController.m; sourceTree = "<group>"; };
		F7E089ED27312C2700361311 /* Base */ = {isa = PBXFileReference; lastKnownFileType = file.storyboard; name = Base; path = Base.lproj/Main.storyboard; sourceTree = "<group>"; };
		F7E089F227312C2B00361311 /* Assets.xcassets */ = {isa = PBXFileReference; lastKnownFileType = folder.assetcatalog; path = Assets.xcassets; sourceTree = "<group>"; };
		F7E089F527312C2B00361311 /* Base */ = {isa = PBXFileReference; lastKnownFileType = file.storyboard; name = Base; path = Base.lproj/LaunchScreen.storyboard; sourceTree = "<group>"; };
		F7E089F727312C2B00361311 /* Info.plist */ = {isa = PBXFileReference; lastKnownFileType = text.plist.xml; path = Info.plist; sourceTree = "<group>"; };
		F7E089F827312C2B00361311 /* main.m */ = {isa = PBXFileReference; lastKnownFileType = sourcecode.c.objc; path = main.m; sourceTree = "<group>"; };
		F7E089FE27312C2B00361311 /* WYJKitDemoTests.xctest */ = {isa = PBXFileReference; explicitFileType = wrapper.cfbundle; includeInIndex = 0; path = WYJKitDemoTests.xctest; sourceTree = BUILT_PRODUCTS_DIR; };
		F7E08A0227312C2B00361311 /* WYJKitDemoTests.m */ = {isa = PBXFileReference; lastKnownFileType = sourcecode.c.objc; path = WYJKitDemoTests.m; sourceTree = "<group>"; };
		F7E08A0827312C2B00361311 /* WYJKitDemoUITests.xctest */ = {isa = PBXFileReference; explicitFileType = wrapper.cfbundle; includeInIndex = 0; path = WYJKitDemoUITests.xctest; sourceTree = BUILT_PRODUCTS_DIR; };
		F7E08A0C27312C2B00361311 /* WYJKitDemoUITests.m */ = {isa = PBXFileReference; lastKnownFileType = sourcecode.c.objc; path = WYJKitDemoUITests.m; sourceTree = "<group>"; };
		F7E08A0E27312C2B00361311 /* WYJKitDemoUITestsLaunchTests.m */ = {isa = PBXFileReference; lastKnownFileType = sourcecode.c.objc; path = WYJKitDemoUITestsLaunchTests.m; sourceTree = "<group>"; };
		F7F6745727322D5F005FFA05 /* CoreText.framework */ = {isa = PBXFileReference; lastKnownFileType = wrapper.framework; name = CoreText.framework; path = System/Library/Frameworks/CoreText.framework; sourceTree = SDKROOT; };
		F7F6745927322D64005FFA05 /* Accelerate.framework */ = {isa = PBXFileReference; lastKnownFileType = wrapper.framework; name = Accelerate.framework; path = System/Library/Frameworks/Accelerate.framework; sourceTree = SDKROOT; };
		FC5DEB31CE44729597571BCE /* Pods-WYJKitDemo-WYJKitDemoUITests.debug.xcconfig */ = {isa = PBXFileReference; includeInIndex = 1; lastKnownFileType = text.xcconfig; name = "Pods-WYJKitDemo-WYJKitDemoUITests.debug.xcconfig"; path = "Target Support Files/Pods-WYJKitDemo-WYJKitDemoUITests/Pods-WYJKitDemo-WYJKitDemoUITests.debug.xcconfig"; sourceTree = "<group>"; };
		FDEF0ACC2F7E98EBE24F0010 /* Pods-WYJKitDemo.release.xcconfig */ = {isa = PBXFileReference; includeInIndex = 1; lastKnownFileType = text.xcconfig; name = "Pods-WYJKitDemo.release.xcconfig"; path = "Target Support Files/Pods-WYJKitDemo/Pods-WYJKitDemo.release.xcconfig"; sourceTree = "<group>"; };
/* End PBXFileReference section */

/* Begin PBXFrameworksBuildPhase section */
		F7E089DD27312C2700361311 /* Frameworks */ = {
			isa = PBXFrameworksBuildPhase;
			buildActionMask = 2147483647;
			files = (
				D1F87EFB1C4D24462E08B78A /* Pods_WYJKitDemo.framework in Frameworks */,
			);
			runOnlyForDeploymentPostprocessing = 0;
		};
		F7E089FB27312C2B00361311 /* Frameworks */ = {
			isa = PBXFrameworksBuildPhase;
			buildActionMask = 2147483647;
			files = (
				382BDC15874F214634D3A232 /* Pods_WYJKitDemoTests.framework in Frameworks */,
			);
			runOnlyForDeploymentPostprocessing = 0;
		};
		F7E08A0527312C2B00361311 /* Frameworks */ = {
			isa = PBXFrameworksBuildPhase;
			buildActionMask = 2147483647;
			files = (
				C3FD77C6CBFA5F657AC2A2BB /* Pods_WYJKitDemo_WYJKitDemoUITests.framework in Frameworks */,
			);
			runOnlyForDeploymentPostprocessing = 0;
		};
/* End PBXFrameworksBuildPhase section */

/* Begin PBXGroup section */
		7F408278274F70080072B088 /* New Group */ = {
			isa = PBXGroup;
			children = (
			);
			path = "New Group";
			sourceTree = "<group>";
		};
		7F42E9D5274F2E8000B0D417 /* UIControl */ = {
			isa = PBXGroup;
			children = (
				7F42E9D6274F2E8800B0D417 /* UIControlHeader.h */,
				7F42E9D3274F2E7800B0D417 /* UIControl+WYJEventInterval.h */,
				7F42E9D2274F2E7800B0D417 /* UIControl+WYJEventInterval.m */,
			);
			path = UIControl;
			sourceTree = "<group>";
		};
		7F4BBD40274DD926009C774B /* ToolUI */ = {
			isa = PBXGroup;
			children = (
				7F4BBD44274DD988009C774B /* WYJToolUIHeader.h */,
				7F4BBD42274DD973009C774B /* WYJGradientLabel.h */,
				7F4BBD41274DD973009C774B /* WYJGradientLabel.m */,
			);
			path = ToolUI;
			sourceTree = "<group>";
		};
		7F4BBD4B274DE5BE009C774B /* NSData */ = {
			isa = PBXGroup;
			children = (
				7F4BBD4F274DE5F2009C774B /* NSDataHeader.h */,
				7F4BBD4C274DE5D6009C774B /* NSData+WYJConversion.h */,
				7F4BBD4D274DE5D6009C774B /* NSData+WYJConversion.m */,
			);
			path = NSData;
			sourceTree = "<group>";
		};
		7F87AA5A273CE7270079BB0C /* WYJKit */ = {
			isa = PBXGroup;
			children = (
				7F87AA5B273CE7270079BB0C /* WYJKitHeader.h */,
				7F4BBD40274DD926009C774B /* ToolUI */,
				7F87AA5C273CE7270079BB0C /* WYJCategory */,
				7F87AAD1273CE7270079BB0C /* WYJBase */,
				7F87AAFA273CE7270079BB0C /* Macro */,
			);
			name = WYJKit;
			path = ../WYJKit;
			sourceTree = "<group>";
		};
		7F87AA5C273CE7270079BB0C /* WYJCategory */ = {
			isa = PBXGroup;
			children = (
				7F87AA5D273CE7270079BB0C /* UIKit */,
				7F87AAAE273CE7270079BB0C /* Foundation */,
			);
			path = WYJCategory;
			sourceTree = "<group>";
		};
		7F87AA5D273CE7270079BB0C /* UIKit */ = {
			isa = PBXGroup;
			children = (
				7F42E9D5274F2E8000B0D417 /* UIControl */,
				7F87AA5E273CE7270079BB0C /* UIImage */,
				7F87AA64273CE7270079BB0C /* UILabel */,
				7F87AA68273CE7270079BB0C /* UIApplication */,
				7F87AA6C273CE7270079BB0C /* UIResponder */,
				7F87AA70273CE7270079BB0C /* UIButton */,
				7F87AA7A273CE7270079BB0C /* UIColor */,
				7F87AA7E273CE7270079BB0C /* UIView */,
				7F87AA88273CE7270079BB0C /* UIFont */,
				7F87AA8E273CE7270079BB0C /* UITabBarController */,
				7F87AA92273CE7270079BB0C /* UITextView */,
				7F87AA96273CE7270079BB0C /* UIImageView */,
				7F87AA99273CE7270079BB0C /* Manager */,
				7F87AA9C273CE7270079BB0C /* UIViewController */,
				7F87AAA2273CE7270079BB0C /* UINavigationController */,
				7F87AAA6273CE7270079BB0C /* Header */,
				7F87AAA8273CE7270079BB0C /* UITextField */,
			);
			path = UIKit;
			sourceTree = "<group>";
		};
		7F87AA5E273CE7270079BB0C /* UIImage */ = {
			isa = PBXGroup;
			children = (
				7F87AA5F273CE7270079BB0C /* UIImage+WYJAdd.h */,
				7F87AA61273CE7270079BB0C /* UIImage+WYJAdd.m */,
				7F87AA63273CE7270079BB0C /* UIImage+WYJInit.h */,
				7F87AA60273CE7270079BB0C /* UIImage+WYJInit.m */,
				7F87AA62273CE7270079BB0C /* UIImageCategoryHeader.h */,
			);
			path = UIImage;
			sourceTree = "<group>";
		};
		7F87AA64273CE7270079BB0C /* UILabel */ = {
			isa = PBXGroup;
			children = (
				7F87AA65273CE7270079BB0C /* UILabelHeader.h */,
				7F87AA66273CE7270079BB0C /* UILabel+WYJInit.m */,
				7F87AA67273CE7270079BB0C /* UILabel+WYJInit.h */,
			);
			path = UILabel;
			sourceTree = "<group>";
		};
		7F87AA68273CE7270079BB0C /* UIApplication */ = {
			isa = PBXGroup;
			children = (
				7F87AA69273CE7270079BB0C /* UIApplication+WYJAdd.h */,
				7F87AA6A273CE7270079BB0C /* UIApplication+WYJAdd.m */,
				7F87AA6B273CE7270079BB0C /* UIApplicationCategoryHeader.h */,
			);
			path = UIApplication;
			sourceTree = "<group>";
		};
		7F87AA6C273CE7270079BB0C /* UIResponder */ = {
			isa = PBXGroup;
			children = (
				7F87AA6E273CE7270079BB0C /* UIResponder+WYJConfigure.h */,
				7F87AA6D273CE7270079BB0C /* UIResponder+WYJConfigure.m */,
				7F87AA6F273CE7270079BB0C /* UIResponderCategoryHeader.h */,
			);
			path = UIResponder;
			sourceTree = "<group>";
		};
		7F87AA70273CE7270079BB0C /* UIButton */ = {
			isa = PBXGroup;
			children = (
				7F87AA75273CE7270079BB0C /* UIButton+WYJAdd.h */,
				7F87AA72273CE7270079BB0C /* UIButton+WYJAdd.m */,
				7F87AA79273CE7270079BB0C /* UIButton+WYJCountDown.h */,
				7F87AA73273CE7270079BB0C /* UIButton+WYJCountDown.m */,
				7F87AA74273CE7270079BB0C /* UIButton+WYJInit.h */,
				7F87AA77273CE7270079BB0C /* UIButton+WYJInit.m */,
				7F87AA71273CE7270079BB0C /* UIButton+WYJTouch.h */,
				7F87AA76273CE7270079BB0C /* UIButton+WYJTouch.m */,
				7F87AA78273CE7270079BB0C /* UIButtonCategoryHeader.h */,
			);
			path = UIButton;
			sourceTree = "<group>";
		};
		7F87AA7A273CE7270079BB0C /* UIColor */ = {
			isa = PBXGroup;
			children = (
				7F87AA7D273CE7270079BB0C /* UIColor+WYJAdd.h */,
				7F87AA7C273CE7270079BB0C /* UIColor+WYJAdd.m */,
				7F87AA7B273CE7270079BB0C /* UIColorHeader.h */,
			);
			path = UIColor;
			sourceTree = "<group>";
		};
		7F87AA7E273CE7270079BB0C /* UIView */ = {
			isa = PBXGroup;
			children = (
				7F87AA85273CE7270079BB0C /* UIView+WYJAdd.h */,
				7F87AA7F273CE7270079BB0C /* UIView+WYJAdd.m */,
				7F87AA87273CE7270079BB0C /* UIView+WYJBlock.h */,
				7F87AA83273CE7270079BB0C /* UIView+WYJBlock.m */,
				7F87AA84273CE7270079BB0C /* UIView+WYJConvenience.h */,
				7F87AA80273CE7270079BB0C /* UIView+WYJConvenience.m */,
				7F87AA81273CE7270079BB0C /* UIView+WYJPageRouter.h */,
				7F87AA86273CE7270079BB0C /* UIView+WYJPageRouter.m */,
				7F87AA82273CE7270079BB0C /* UIViewHeader.h */,
			);
			path = UIView;
			sourceTree = "<group>";
		};
		7F87AA88273CE7270079BB0C /* UIFont */ = {
			isa = PBXGroup;
			children = (
				7F87AA8C273CE7270079BB0C /* UIFont+WYJAdapter.h */,
				7F87AA8A273CE7270079BB0C /* UIFont+WYJAdapter.m */,
				7F87AA8B273CE7270079BB0C /* UIFont+WYJAdd.h */,
				7F87AA89273CE7270079BB0C /* UIFont+WYJAdd.m */,
				7F87AA8D273CE7270079BB0C /* UIFontHeader.h */,
			);
			path = UIFont;
			sourceTree = "<group>";
		};
		7F87AA8E273CE7270079BB0C /* UITabBarController */ = {
			isa = PBXGroup;
			children = (
				7F87AA8F273CE7270079BB0C /* UITabBarController+WYJAdd.h */,
				7F87AA90273CE7270079BB0C /* UITabBarController+WYJAdd.m */,
				7F87AA91273CE7270079BB0C /* UITabBarControllerHeader.h */,
			);
			path = UITabBarController;
			sourceTree = "<group>";
		};
		7F87AA92273CE7270079BB0C /* UITextView */ = {
			isa = PBXGroup;
			children = (
				7F87AA94273CE7270079BB0C /* UITextViewHeader.h */,
				7F87AA93273CE7270079BB0C /* UITextView+WYJAdd.h */,
				7F87AA95273CE7270079BB0C /* UITextView+WYJAdd.m */,
			);
			path = UITextView;
			sourceTree = "<group>";
		};
		7F87AA96273CE7270079BB0C /* UIImageView */ = {
			isa = PBXGroup;
			children = (
				7F87AA97273CE7270079BB0C /* UIImageView+YJAdd.m */,
				7F87AA98273CE7270079BB0C /* UIImageView+YJAdd.h */,
			);
			path = UIImageView;
			sourceTree = "<group>";
		};
		7F87AA99273CE7270079BB0C /* Manager */ = {
			isa = PBXGroup;
			children = (
				7F87AA9A273CE7270079BB0C /* WYJUIManager.m */,
				7F87AA9B273CE7270079BB0C /* WYJUIManager.h */,
			);
			path = Manager;
			sourceTree = "<group>";
		};
		7F87AA9C273CE7270079BB0C /* UIViewController */ = {
			isa = PBXGroup;
			children = (
				7F87AA9D273CE7270079BB0C /* UIViewController+YJAdd.h */,
				7F87AA9F273CE7270079BB0C /* UIViewController+YJAdd.m */,
				7F87AAA1273CE7270079BB0C /* UIViewControllerHeader.h */,
				7F87AA9E273CE7270079BB0C /* WYJNavigationButton.h */,
				7F87AAA0273CE7270079BB0C /* WYJNavigationButton.m */,
			);
			path = UIViewController;
			sourceTree = "<group>";
		};
		7F87AAA2273CE7270079BB0C /* UINavigationController */ = {
			isa = PBXGroup;
			children = (
				7FC9D64B2745F8D4003A25D7 /* UINavigationController+WYJFullscreenPopGesture.h */,
				7FC9D64A2745F8D4003A25D7 /* UINavigationController+WYJFullscreenPopGesture.m */,
				7F87AAA4273CE7270079BB0C /* UINavigationControllerHeader.h */,
			);
			path = UINavigationController;
			sourceTree = "<group>";
		};
		7F87AAA6273CE7270079BB0C /* Header */ = {
			isa = PBXGroup;
			children = (
				7F87AAA7273CE7270079BB0C /* UIKitCagoryHeader.h */,
			);
			path = Header;
			sourceTree = "<group>";
		};
		7F87AAA8273CE7270079BB0C /* UITextField */ = {
			isa = PBXGroup;
			children = (
				7F87AAA9273CE7270079BB0C /* UITextFieldHeader.h */,
				7F87AAAA273CE7270079BB0C /* UITextField+WYJInit.m */,
				7F87AAAB273CE7270079BB0C /* UITextField+WYJAdd.h */,
				7F87AAAC273CE7270079BB0C /* UITextField+WYJInit.h */,
				7F87AAAD273CE7270079BB0C /* UITextField+WYJAdd.m */,
			);
			path = UITextField;
			sourceTree = "<group>";
		};
		7F87AAAE273CE7270079BB0C /* Foundation */ = {
			isa = PBXGroup;
			children = (
				7F87AAC9273CE7270079BB0C /* Header */,
				7F87AAAF273CE7270079BB0C /* NSString */,
				7F87AABF273CE7270079BB0C /* NSArray */,
				7F87AAC5273CE7270079BB0C /* NSMutableArray */,
				7F87AACB273CE7270079BB0C /* NSDate */,
				7F4BBD4B274DE5BE009C774B /* NSData */,
			);
			path = Foundation;
			sourceTree = "<group>";
		};
		7F87AAAF273CE7270079BB0C /* NSString */ = {
			isa = PBXGroup;
			children = (
				7F87AAB4273CE7270079BB0C /* NSString+WYJAdd.h */,
				7F87AABC273CE7270079BB0C /* NSString+WYJAdd.m */,
				7F87AAB7273CE7270079BB0C /* NSString+WYJConversion.h */,
				7F87AAB1273CE7270079BB0C /* NSString+WYJConversion.m */,
				7F87AAB6273CE7270079BB0C /* NSString+WYJDate.h */,
				7F87AABE273CE7270079BB0C /* NSString+WYJDate.m */,
				7F87AAB0273CE7270079BB0C /* NSString+WYJEncode.h */,
				7F87AAB8273CE7270079BB0C /* NSString+WYJEncode.m */,
				7F87AAB3273CE7270079BB0C /* NSString+WYJHGBTransForm.h */,
				7F87AAB9273CE7270079BB0C /* NSString+WYJHGBTransForm.m */,
				7F87AAB5273CE7270079BB0C /* NSString+WYJMD5.h */,
				7F87AABB273CE7270079BB0C /* NSString+WYJMD5.m */,
				7F87AABA273CE7270079BB0C /* NSString+WYJRegular.h */,
				7F87AAB2273CE7270079BB0C /* NSString+WYJRegular.m */,
				7F87AABD273CE7270079BB0C /* NSStringHeader.h */,
				7F4BBD45274DE2B0009C774B /* NSString+WYJBase64.h */,
				7F4BBD46274DE2B0009C774B /* NSString+WYJBase64.m */,
				7F4BBD48274DE326009C774B /* NSString+WYJGB2312.h */,
				7F4BBD49274DE326009C774B /* NSString+WYJGB2312.m */,
			);
			path = NSString;
			sourceTree = "<group>";
		};
		7F87AABF273CE7270079BB0C /* NSArray */ = {
			isa = PBXGroup;
			children = (
				7F87AAC2273CE7270079BB0C /* NSArray+WYJAdd.h */,
				7F87AAC3273CE7270079BB0C /* NSArray+WYJAdd.m */,
				7F87AAC4273CE7270079BB0C /* NSArray+WYJConversion.h */,
				7F87AAC1273CE7270079BB0C /* NSArray+WYJConversion.m */,
				7F87AAC0273CE7270079BB0C /* NSArrayHeader.h */,
			);
			path = NSArray;
			sourceTree = "<group>";
		};
		7F87AAC5273CE7270079BB0C /* NSMutableArray */ = {
			isa = PBXGroup;
			children = (
				7F87AAC6273CE7270079BB0C /* NSMutableArray+YJAdd.h */,
				7F87AAC7273CE7270079BB0C /* NSMutableArrayHeader.h */,
				7F87AAC8273CE7270079BB0C /* NSMutableArray+YJAdd.m */,
			);
			path = NSMutableArray;
			sourceTree = "<group>";
		};
		7F87AAC9273CE7270079BB0C /* Header */ = {
			isa = PBXGroup;
			children = (
				7F87AACA273CE7270079BB0C /* FoundationHeader.h */,
			);
			path = Header;
			sourceTree = "<group>";
		};
		7F87AACB273CE7270079BB0C /* NSDate */ = {
			isa = PBXGroup;
			children = (
				7F87AACD273CE7270079BB0C /* NSDate+WYJAdd.h */,
				7F87AAD0273CE7270079BB0C /* NSDate+WYJAdd.m */,
				7F87AACC273CE7270079BB0C /* NSDate+WYJConversion.h */,
				7F87AACE273CE7270079BB0C /* NSDate+WYJConversion.m */,
				7F87AACF273CE7270079BB0C /* NSDateHeader.h */,
			);
			path = NSDate;
			sourceTree = "<group>";
		};
		7F87AAD1273CE7270079BB0C /* WYJBase */ = {
			isa = PBXGroup;
			children = (
				7F87AAD2273CE7270079BB0C /* BaseView */,
				7F87AAD5273CE7270079BB0C /* Tabbar */,
				7F87AAD6273CE7270079BB0C /* UICollectionView */,
				7F87AADE273CE7270079BB0C /* UITableView */,
				7F87AAEA273CE7270079BB0C /* ViewController */,
				7F87AAF2273CE7270079BB0C /* Header */,
			);
			path = WYJBase;
			sourceTree = "<group>";
		};
		7F87AAD2273CE7270079BB0C /* BaseView */ = {
			isa = PBXGroup;
			children = (
				7F87AAD4273CE7270079BB0C /* WYJBaseView.h */,
				7F87AAD3273CE7270079BB0C /* WYJBaseView.m */,
			);
			path = BaseView;
			sourceTree = "<group>";
		};
		7F87AAD5273CE7270079BB0C /* Tabbar */ = {
			isa = PBXGroup;
			children = (
			);
			path = Tabbar;
			sourceTree = "<group>";
		};
		7F87AAD6273CE7270079BB0C /* UICollectionView */ = {
			isa = PBXGroup;
			children = (
				7F87AADD273CE7270079BB0C /* BaseCollectionViewHeader.h */,
				7F87AAD9273CE7270079BB0C /* WYJBaseCollectionView.h */,
				7F87AADC273CE7270079BB0C /* WYJBaseCollectionView.m */,
				7F87AADA273CE7270079BB0C /* WYJBaseCollectionView+Delegate.h */,
				7F87AAD7273CE7270079BB0C /* WYJBaseCollectionView+Delegate.m */,
				7F87AADB273CE7270079BB0C /* WYJBaseCollectionViewDelegate.h */,
				7F87AAD8273CE7270079BB0C /* WYJBaseCollectionViewDelegate.m */,
				7FEDF2D12746660F0068DDAE /* WYJCollectionViewAlignmentFlowLayout.h */,
				7FEDF2D22746660F0068DDAE /* WYJCollectionViewAlignmentFlowLayout.m */,
			);
			path = UICollectionView;
			sourceTree = "<group>";
		};
		7F87AADE273CE7270079BB0C /* UITableView */ = {
			isa = PBXGroup;
			children = (
				7F87AAE2273CE7270079BB0C /* BaseTableViewHeader.h */,
				7F87AAE1273CE7270079BB0C /* WYJBaseTableView.h */,
				7F87AAE6273CE7270079BB0C /* WYJBaseTableView.m */,
				7F87AAE0273CE7270079BB0C /* WYJBaseTableView+Delegate.h */,
				7F87AAE5273CE7270079BB0C /* WYJBaseTableView+Delegate.m */,
				7F87AAE3273CE7270079BB0C /* WYJBaseTableViewDelegate.h */,
				7F87AAE9273CE7270079BB0C /* WYJBaseTableViewDelegate.m */,
				7F87AADF273CE7270079BB0C /* WYJTableView.h */,
				7F87AAE7273CE7270079BB0C /* WYJTableView.m */,
				7F87AAE4273CE7270079BB0C /* WYJTableViewCell.h */,
				7F87AAE8273CE7270079BB0C /* WYJTableViewCell.m */,
			);
			path = UITableView;
			sourceTree = "<group>";
		};
		7F87AAEA273CE7270079BB0C /* ViewController */ = {
			isa = PBXGroup;
			children = (
				7F87AAEE273CE7270079BB0C /* BaseViewControllerHeader.h */,
				7F87AAED273CE7270079BB0C /* WYJNavigationView.h */,
				7F87AAF1273CE7270079BB0C /* WYJNavigationView.m */,
				7F87AAEF273CE7270079BB0C /* WYJBaseViewController.h */,
				7F87AAEB273CE7270079BB0C /* WYJBaseViewController.m */,
				7F87AAEC273CE7270079BB0C /* WYJNavigationController.h */,
				7F87AAF0273CE7270079BB0C /* WYJNavigationController.m */,
			);
			path = ViewController;
			sourceTree = "<group>";
		};
		7F87AAF2273CE7270079BB0C /* Header */ = {
			isa = PBXGroup;
			children = (
				7F87AAF3273CE7270079BB0C /* BaseFoundationHeader.h */,
			);
			path = Header;
			sourceTree = "<group>";
		};
		7F87AAFA273CE7270079BB0C /* Macro */ = {
			isa = PBXGroup;
			children = (
				7F87AAFB273CE7270079BB0C /* WYJEmptyMacro.h */,
				7F87AAFC273CE7270079BB0C /* WYJObjectMacro.h */,
				7F87AAFD273CE7270079BB0C /* WYJSystemMacro.h */,
				7F87AAFE273CE7270079BB0C /* WYJFrameMacro.h */,
				7F87AAFF273CE7270079BB0C /* WYJHandyMacro.h */,
				7F42E9D8274F642500B0D417 /* WYJConvenientHeader.h */,
				7F408293274F75B60072B088 /* WYJMacroHeader.h */,
			);
			path = Macro;
			sourceTree = "<group>";
		};
		8B68FB4E12A3F376143DB4CC /* Pods */ = {
			isa = PBXGroup;
			children = (
				4EA31527EDB112A1F981861E /* Pods-WYJKitDemo.debug.xcconfig */,
				FDEF0ACC2F7E98EBE24F0010 /* Pods-WYJKitDemo.release.xcconfig */,
				FC5DEB31CE44729597571BCE /* Pods-WYJKitDemo-WYJKitDemoUITests.debug.xcconfig */,
				7841BDE910C126A6D28EE1F7 /* Pods-WYJKitDemo-WYJKitDemoUITests.release.xcconfig */,
				9F1BA5D44DE3FF254F289DE0 /* Pods-WYJKitDemoTests.debug.xcconfig */,
				6D516491EA0DACED18EC0A5D /* Pods-WYJKitDemoTests.release.xcconfig */,
			);
			path = Pods;
			sourceTree = "<group>";
		};
		A7B1FFD5B0E40236E6E76B60 /* Frameworks */ = {
			isa = PBXGroup;
			children = (
				F7F6745927322D64005FFA05 /* Accelerate.framework */,
				F7F6745727322D5F005FFA05 /* CoreText.framework */,
				F7AA663A27322702006015AF /* CoreImage.framework */,
				F7AA6638273226ED006015AF /* CoreGraphics.framework */,
				F7AA6636273226C7006015AF /* CoreFoundation.framework */,
				63EBFA619975621472F674A8 /* Pods_WYJKitDemo.framework */,
				B66681F8BD2EAA606C03BBBE /* Pods_WYJKitDemo_WYJKitDemoUITests.framework */,
				53C94483B1B623EB7DDCA81A /* Pods_WYJKitDemoTests.framework */,
			);
			name = Frameworks;
			sourceTree = "<group>";
		};
		F7E089D727312C2700361311 = {
			isa = PBXGroup;
			children = (
				7F408291274F725B0072B088 /* WYJKit.podspec */,
				7F87AA5A273CE7270079BB0C /* WYJKit */,
				F7E089E227312C2700361311 /* WYJKitDemo */,
				F7E08A0127312C2B00361311 /* WYJKitDemoTests */,
				F7E08A0B27312C2B00361311 /* WYJKitDemoUITests */,
				F7E089E127312C2700361311 /* Products */,
				8B68FB4E12A3F376143DB4CC /* Pods */,
				A7B1FFD5B0E40236E6E76B60 /* Frameworks */,
			);
			sourceTree = "<group>";
		};
		F7E089E127312C2700361311 /* Products */ = {
			isa = PBXGroup;
			children = (
				F7E089E027312C2700361311 /* WYJKitDemo.app */,
				F7E089FE27312C2B00361311 /* WYJKitDemoTests.xctest */,
				F7E08A0827312C2B00361311 /* WYJKitDemoUITests.xctest */,
			);
			name = Products;
			sourceTree = "<group>";
		};
		F7E089E227312C2700361311 /* WYJKitDemo */ = {
			isa = PBXGroup;
			children = (
				7F408278274F70080072B088 /* New Group */,
				F7E089E327312C2700361311 /* AppDelegate.h */,
				F7E089E427312C2700361311 /* AppDelegate.m */,
				F7E089E627312C2700361311 /* SceneDelegate.h */,
				F7E089E727312C2700361311 /* SceneDelegate.m */,
				F7E089E927312C2700361311 /* ViewController.h */,
				F7E089EA27312C2700361311 /* ViewController.m */,
				7F41DFC4274245BA002CAE5F /* OneViewController.h */,
				7F41DFC5274245BB002CAE5F /* OneViewController.m */,
				7F41DFC7274245CF002CAE5F /* TwoViewController.h */,
				7F41DFC8274245CF002CAE5F /* TwoViewController.m */,
				F7E089EC27312C2700361311 /* Main.storyboard */,
				F7E089F227312C2B00361311 /* Assets.xcassets */,
				F7E089F427312C2B00361311 /* LaunchScreen.storyboard */,
				F7E089F727312C2B00361311 /* Info.plist */,
				F7E089F827312C2B00361311 /* main.m */,
			);
			path = WYJKitDemo;
			sourceTree = "<group>";
		};
		F7E08A0127312C2B00361311 /* WYJKitDemoTests */ = {
			isa = PBXGroup;
			children = (
				F7E08A0227312C2B00361311 /* WYJKitDemoTests.m */,
			);
			path = WYJKitDemoTests;
			sourceTree = "<group>";
		};
		F7E08A0B27312C2B00361311 /* WYJKitDemoUITests */ = {
			isa = PBXGroup;
			children = (
				F7E08A0C27312C2B00361311 /* WYJKitDemoUITests.m */,
				F7E08A0E27312C2B00361311 /* WYJKitDemoUITestsLaunchTests.m */,
			);
			path = WYJKitDemoUITests;
			sourceTree = "<group>";
		};
/* End PBXGroup section */

/* Begin PBXNativeTarget section */
		F7E089DF27312C2700361311 /* WYJKitDemo */ = {
			isa = PBXNativeTarget;
			buildConfigurationList = F7E08A1227312C2B00361311 /* Build configuration list for PBXNativeTarget "WYJKitDemo" */;
			buildPhases = (
				CA20CB264FD363FA6454ECA0 /* [CP] Check Pods Manifest.lock */,
				F7E089DC27312C2700361311 /* Sources */,
				F7E089DD27312C2700361311 /* Frameworks */,
				F7E089DE27312C2700361311 /* Resources */,
				E3281018381C6BBFE6D9BA90 /* [CP] Embed Pods Frameworks */,
			);
			buildRules = (
			);
			dependencies = (
			);
			name = WYJKitDemo;
			productName = WYJKitDemo;
			productReference = F7E089E027312C2700361311 /* WYJKitDemo.app */;
			productType = "com.apple.product-type.application";
		};
		F7E089FD27312C2B00361311 /* WYJKitDemoTests */ = {
			isa = PBXNativeTarget;
			buildConfigurationList = F7E08A1527312C2B00361311 /* Build configuration list for PBXNativeTarget "WYJKitDemoTests" */;
			buildPhases = (
				304E6ECABAA9DE8D133E3FD8 /* [CP] Check Pods Manifest.lock */,
				F7E089FA27312C2B00361311 /* Sources */,
				F7E089FB27312C2B00361311 /* Frameworks */,
				F7E089FC27312C2B00361311 /* Resources */,
			);
			buildRules = (
			);
			dependencies = (
				F7E08A0027312C2B00361311 /* PBXTargetDependency */,
			);
			name = WYJKitDemoTests;
			productName = WYJKitDemoTests;
			productReference = F7E089FE27312C2B00361311 /* WYJKitDemoTests.xctest */;
			productType = "com.apple.product-type.bundle.unit-test";
		};
		F7E08A0727312C2B00361311 /* WYJKitDemoUITests */ = {
			isa = PBXNativeTarget;
			buildConfigurationList = F7E08A1827312C2B00361311 /* Build configuration list for PBXNativeTarget "WYJKitDemoUITests" */;
			buildPhases = (
				C8F505645538FB100CA96E38 /* [CP] Check Pods Manifest.lock */,
				F7E08A0427312C2B00361311 /* Sources */,
				F7E08A0527312C2B00361311 /* Frameworks */,
				F7E08A0627312C2B00361311 /* Resources */,
				FD242F9D3D44F22433EAA7CD /* [CP] Embed Pods Frameworks */,
			);
			buildRules = (
			);
			dependencies = (
				F7E08A0A27312C2B00361311 /* PBXTargetDependency */,
			);
			name = WYJKitDemoUITests;
			productName = WYJKitDemoUITests;
			productReference = F7E08A0827312C2B00361311 /* WYJKitDemoUITests.xctest */;
			productType = "com.apple.product-type.bundle.ui-testing";
		};
/* End PBXNativeTarget section */

/* Begin PBXProject section */
		F7E089D827312C2700361311 /* Project object */ = {
			isa = PBXProject;
			attributes = {
				BuildIndependentTargetsInParallel = 1;
				LastUpgradeCheck = 1310;
				ORGANIZATIONNAME = "";
				TargetAttributes = {
					F7E089DF27312C2700361311 = {
						CreatedOnToolsVersion = 13.1;
					};
					F7E089FD27312C2B00361311 = {
						CreatedOnToolsVersion = 13.1;
						TestTargetID = F7E089DF27312C2700361311;
					};
					F7E08A0727312C2B00361311 = {
						CreatedOnToolsVersion = 13.1;
						TestTargetID = F7E089DF27312C2700361311;
					};
				};
			};
			buildConfigurationList = F7E089DB27312C2700361311 /* Build configuration list for PBXProject "WYJKitDemo" */;
			compatibilityVersion = "Xcode 13.0";
			developmentRegion = en;
			hasScannedForEncodings = 0;
			knownRegions = (
				en,
				Base,
			);
			mainGroup = F7E089D727312C2700361311;
			productRefGroup = F7E089E127312C2700361311 /* Products */;
			projectDirPath = "";
			projectRoot = "";
			targets = (
				F7E089DF27312C2700361311 /* WYJKitDemo */,
				F7E089FD27312C2B00361311 /* WYJKitDemoTests */,
				F7E08A0727312C2B00361311 /* WYJKitDemoUITests */,
			);
		};
/* End PBXProject section */

/* Begin PBXResourcesBuildPhase section */
		F7E089DE27312C2700361311 /* Resources */ = {
			isa = PBXResourcesBuildPhase;
			buildActionMask = 2147483647;
			files = (
				7F408292274F725B0072B088 /* WYJKit.podspec in Resources */,
				F7E089F627312C2B00361311 /* LaunchScreen.storyboard in Resources */,
				F7E089F327312C2B00361311 /* Assets.xcassets in Resources */,
				F7E089EE27312C2700361311 /* Main.storyboard in Resources */,
			);
			runOnlyForDeploymentPostprocessing = 0;
		};
		F7E089FC27312C2B00361311 /* Resources */ = {
			isa = PBXResourcesBuildPhase;
			buildActionMask = 2147483647;
			files = (
			);
			runOnlyForDeploymentPostprocessing = 0;
		};
		F7E08A0627312C2B00361311 /* Resources */ = {
			isa = PBXResourcesBuildPhase;
			buildActionMask = 2147483647;
			files = (
			);
			runOnlyForDeploymentPostprocessing = 0;
		};
/* End PBXResourcesBuildPhase section */

/* Begin PBXShellScriptBuildPhase section */
		304E6ECABAA9DE8D133E3FD8 /* [CP] Check Pods Manifest.lock */ = {
			isa = PBXShellScriptBuildPhase;
			buildActionMask = 2147483647;
			files = (
			);
			inputFileListPaths = (
			);
			inputPaths = (
				"${PODS_PODFILE_DIR_PATH}/Podfile.lock",
				"${PODS_ROOT}/Manifest.lock",
			);
			name = "[CP] Check Pods Manifest.lock";
			outputFileListPaths = (
			);
			outputPaths = (
				"$(DERIVED_FILE_DIR)/Pods-WYJKitDemoTests-checkManifestLockResult.txt",
			);
			runOnlyForDeploymentPostprocessing = 0;
			shellPath = /bin/sh;
			shellScript = "diff \"${PODS_PODFILE_DIR_PATH}/Podfile.lock\" \"${PODS_ROOT}/Manifest.lock\" > /dev/null\nif [ $? != 0 ] ; then\n    # print error to STDERR\n    echo \"error: The sandbox is not in sync with the Podfile.lock. Run 'pod install' or update your CocoaPods installation.\" >&2\n    exit 1\nfi\n# This output is used by Xcode 'outputs' to avoid re-running this script phase.\necho \"SUCCESS\" > \"${SCRIPT_OUTPUT_FILE_0}\"\n";
			showEnvVarsInLog = 0;
		};
		C8F505645538FB100CA96E38 /* [CP] Check Pods Manifest.lock */ = {
			isa = PBXShellScriptBuildPhase;
			buildActionMask = 2147483647;
			files = (
			);
			inputFileListPaths = (
			);
			inputPaths = (
				"${PODS_PODFILE_DIR_PATH}/Podfile.lock",
				"${PODS_ROOT}/Manifest.lock",
			);
			name = "[CP] Check Pods Manifest.lock";
			outputFileListPaths = (
			);
			outputPaths = (
				"$(DERIVED_FILE_DIR)/Pods-WYJKitDemo-WYJKitDemoUITests-checkManifestLockResult.txt",
			);
			runOnlyForDeploymentPostprocessing = 0;
			shellPath = /bin/sh;
			shellScript = "diff \"${PODS_PODFILE_DIR_PATH}/Podfile.lock\" \"${PODS_ROOT}/Manifest.lock\" > /dev/null\nif [ $? != 0 ] ; then\n    # print error to STDERR\n    echo \"error: The sandbox is not in sync with the Podfile.lock. Run 'pod install' or update your CocoaPods installation.\" >&2\n    exit 1\nfi\n# This output is used by Xcode 'outputs' to avoid re-running this script phase.\necho \"SUCCESS\" > \"${SCRIPT_OUTPUT_FILE_0}\"\n";
			showEnvVarsInLog = 0;
		};
		CA20CB264FD363FA6454ECA0 /* [CP] Check Pods Manifest.lock */ = {
			isa = PBXShellScriptBuildPhase;
			buildActionMask = 2147483647;
			files = (
			);
			inputFileListPaths = (
			);
			inputPaths = (
				"${PODS_PODFILE_DIR_PATH}/Podfile.lock",
				"${PODS_ROOT}/Manifest.lock",
			);
			name = "[CP] Check Pods Manifest.lock";
			outputFileListPaths = (
			);
			outputPaths = (
				"$(DERIVED_FILE_DIR)/Pods-WYJKitDemo-checkManifestLockResult.txt",
			);
			runOnlyForDeploymentPostprocessing = 0;
			shellPath = /bin/sh;
			shellScript = "diff \"${PODS_PODFILE_DIR_PATH}/Podfile.lock\" \"${PODS_ROOT}/Manifest.lock\" > /dev/null\nif [ $? != 0 ] ; then\n    # print error to STDERR\n    echo \"error: The sandbox is not in sync with the Podfile.lock. Run 'pod install' or update your CocoaPods installation.\" >&2\n    exit 1\nfi\n# This output is used by Xcode 'outputs' to avoid re-running this script phase.\necho \"SUCCESS\" > \"${SCRIPT_OUTPUT_FILE_0}\"\n";
			showEnvVarsInLog = 0;
		};
		E3281018381C6BBFE6D9BA90 /* [CP] Embed Pods Frameworks */ = {
			isa = PBXShellScriptBuildPhase;
			buildActionMask = 2147483647;
			files = (
			);
			inputFileListPaths = (
				"${PODS_ROOT}/Target Support Files/Pods-WYJKitDemo/Pods-WYJKitDemo-frameworks-${CONFIGURATION}-input-files.xcfilelist",
			);
			name = "[CP] Embed Pods Frameworks";
			outputFileListPaths = (
				"${PODS_ROOT}/Target Support Files/Pods-WYJKitDemo/Pods-WYJKitDemo-frameworks-${CONFIGURATION}-output-files.xcfilelist",
			);
			runOnlyForDeploymentPostprocessing = 0;
			shellPath = /bin/sh;
			shellScript = "\"${PODS_ROOT}/Target Support Files/Pods-WYJKitDemo/Pods-WYJKitDemo-frameworks.sh\"\n";
			showEnvVarsInLog = 0;
		};
		FD242F9D3D44F22433EAA7CD /* [CP] Embed Pods Frameworks */ = {
			isa = PBXShellScriptBuildPhase;
			buildActionMask = 2147483647;
			files = (
			);
			inputFileListPaths = (
				"${PODS_ROOT}/Target Support Files/Pods-WYJKitDemo-WYJKitDemoUITests/Pods-WYJKitDemo-WYJKitDemoUITests-frameworks-${CONFIGURATION}-input-files.xcfilelist",
			);
			name = "[CP] Embed Pods Frameworks";
			outputFileListPaths = (
				"${PODS_ROOT}/Target Support Files/Pods-WYJKitDemo-WYJKitDemoUITests/Pods-WYJKitDemo-WYJKitDemoUITests-frameworks-${CONFIGURATION}-output-files.xcfilelist",
			);
			runOnlyForDeploymentPostprocessing = 0;
			shellPath = /bin/sh;
			shellScript = "\"${PODS_ROOT}/Target Support Files/Pods-WYJKitDemo-WYJKitDemoUITests/Pods-WYJKitDemo-WYJKitDemoUITests-frameworks.sh\"\n";
			showEnvVarsInLog = 0;
		};
/* End PBXShellScriptBuildPhase section */

/* Begin PBXSourcesBuildPhase section */
		F7E089DC27312C2700361311 /* Sources */ = {
			isa = PBXSourcesBuildPhase;
			buildActionMask = 2147483647;
			files = (
				7F4BBD47274DE2B0009C774B /* NSString+WYJBase64.m in Sources */,
				7F87AB10273CE7270079BB0C /* UITabBarController+WYJAdd.m in Sources */,
				7F87AB07273CE7270079BB0C /* UIButton+WYJTouch.m in Sources */,
				7F87AB28273CE7270079BB0C /* WYJBaseCollectionView.m in Sources */,
				7F87AB0F273CE7270079BB0C /* UIFont+WYJAdapter.m in Sources */,
				7F87AB1C273CE7270079BB0C /* NSString+WYJHGBTransForm.m in Sources */,
				7F87AB02273CE7270079BB0C /* UILabel+WYJInit.m in Sources */,
				7F87AB2F273CE7270079BB0C /* WYJNavigationController.m in Sources */,
				7F41DFC9274245CF002CAE5F /* TwoViewController.m in Sources */,
				7F87AB2B273CE7270079BB0C /* WYJTableView.m in Sources */,
				7F87AB20273CE7270079BB0C /* NSArray+WYJConversion.m in Sources */,
				7F87AB30273CE7270079BB0C /* WYJNavigationView.m in Sources */,
				7F87AB14273CE7270079BB0C /* UIViewController+YJAdd.m in Sources */,
				7F87AB12273CE7270079BB0C /* UIImageView+YJAdd.m in Sources */,
				7F87AB0A273CE7270079BB0C /* UIView+WYJAdd.m in Sources */,
				7F87AB2C273CE7270079BB0C /* WYJTableViewCell.m in Sources */,
				7F87AB1F273CE7270079BB0C /* NSString+WYJDate.m in Sources */,
				7F87AB26273CE7270079BB0C /* WYJBaseCollectionView+Delegate.m in Sources */,
				7F87AB2D273CE7270079BB0C /* WYJBaseTableViewDelegate.m in Sources */,
				7F87AB0D273CE7270079BB0C /* UIView+WYJPageRouter.m in Sources */,
				7F87AB0E273CE7270079BB0C /* UIFont+WYJAdd.m in Sources */,
				7F87AB03273CE7270079BB0C /* UIApplication+WYJAdd.m in Sources */,
				7F87AB01273CE7270079BB0C /* UIImage+WYJAdd.m in Sources */,
				7F87AB0C273CE7270079BB0C /* UIView+WYJBlock.m in Sources */,
				7F87AB1A273CE7270079BB0C /* NSString+WYJRegular.m in Sources */,
				7F87AB09273CE7270079BB0C /* UIColor+WYJAdd.m in Sources */,
				7FC9D64C2745F8D4003A25D7 /* UINavigationController+WYJFullscreenPopGesture.m in Sources */,
				7F42E9D4274F2E7800B0D417 /* UIControl+WYJEventInterval.m in Sources */,
				7F87AB13273CE7270079BB0C /* WYJUIManager.m in Sources */,
				7F87AB04273CE7270079BB0C /* UIResponder+WYJConfigure.m in Sources */,
				F7E089F927312C2B00361311 /* main.m in Sources */,
				7F87AB17273CE7270079BB0C /* UITextField+WYJInit.m in Sources */,
				7F87AB22273CE7270079BB0C /* NSMutableArray+YJAdd.m in Sources */,
				7F4BBD4E274DE5D6009C774B /* NSData+WYJConversion.m in Sources */,
				7F87AB06273CE7270079BB0C /* UIButton+WYJCountDown.m in Sources */,
				7F87AB08273CE7270079BB0C /* UIButton+WYJInit.m in Sources */,
				7F41DFC6274245BB002CAE5F /* OneViewController.m in Sources */,
				7F87AB27273CE7270079BB0C /* WYJBaseCollectionViewDelegate.m in Sources */,
				7F4BBD4A274DE326009C774B /* NSString+WYJGB2312.m in Sources */,
				7F87AB24273CE7270079BB0C /* NSDate+WYJAdd.m in Sources */,
				F7E089EB27312C2700361311 /* ViewController.m in Sources */,
				7F87AB19273CE7270079BB0C /* NSString+WYJConversion.m in Sources */,
				7F87AB11273CE7270079BB0C /* UITextView+WYJAdd.m in Sources */,
				7F87AB25273CE7270079BB0C /* WYJBaseView.m in Sources */,
				7F87AB05273CE7270079BB0C /* UIButton+WYJAdd.m in Sources */,
				7F87AB2E273CE7270079BB0C /* WYJBaseViewController.m in Sources */,
				7F87AB1E273CE7270079BB0C /* NSString+WYJAdd.m in Sources */,
				F7E089E527312C2700361311 /* AppDelegate.m in Sources */,
				7F87AB2A273CE7270079BB0C /* WYJBaseTableView.m in Sources */,
				7F87AB1B273CE7270079BB0C /* NSString+WYJEncode.m in Sources */,
				7F4BBD43274DD973009C774B /* WYJGradientLabel.m in Sources */,
				7F87AB15273CE7270079BB0C /* WYJNavigationButton.m in Sources */,
				7FEDF2D32746660F0068DDAE /* WYJCollectionViewAlignmentFlowLayout.m in Sources */,
				7F87AB0B273CE7270079BB0C /* UIView+WYJConvenience.m in Sources */,
				7F87AB21273CE7270079BB0C /* NSArray+WYJAdd.m in Sources */,
				7F87AB29273CE7270079BB0C /* WYJBaseTableView+Delegate.m in Sources */,
				7F87AB23273CE7270079BB0C /* NSDate+WYJConversion.m in Sources */,
				F7E089E827312C2700361311 /* SceneDelegate.m in Sources */,
				7F87AB00273CE7270079BB0C /* UIImage+WYJInit.m in Sources */,
				7F87AB18273CE7270079BB0C /* UITextField+WYJAdd.m in Sources */,
				7F87AB1D273CE7270079BB0C /* NSString+WYJMD5.m in Sources */,
			);
			runOnlyForDeploymentPostprocessing = 0;
		};
		F7E089FA27312C2B00361311 /* Sources */ = {
			isa = PBXSourcesBuildPhase;
			buildActionMask = 2147483647;
			files = (
				F7E08A0327312C2B00361311 /* WYJKitDemoTests.m in Sources */,
			);
			runOnlyForDeploymentPostprocessing = 0;
		};
		F7E08A0427312C2B00361311 /* Sources */ = {
			isa = PBXSourcesBuildPhase;
			buildActionMask = 2147483647;
			files = (
				F7E08A0D27312C2B00361311 /* WYJKitDemoUITests.m in Sources */,
				F7E08A0F27312C2B00361311 /* WYJKitDemoUITestsLaunchTests.m in Sources */,
			);
			runOnlyForDeploymentPostprocessing = 0;
		};
/* End PBXSourcesBuildPhase section */

/* Begin PBXTargetDependency section */
		F7E08A0027312C2B00361311 /* PBXTargetDependency */ = {
			isa = PBXTargetDependency;
			target = F7E089DF27312C2700361311 /* WYJKitDemo */;
			targetProxy = F7E089FF27312C2B00361311 /* PBXContainerItemProxy */;
		};
		F7E08A0A27312C2B00361311 /* PBXTargetDependency */ = {
			isa = PBXTargetDependency;
			target = F7E089DF27312C2700361311 /* WYJKitDemo */;
			targetProxy = F7E08A0927312C2B00361311 /* PBXContainerItemProxy */;
		};
/* End PBXTargetDependency section */

/* Begin PBXVariantGroup section */
		F7E089EC27312C2700361311 /* Main.storyboard */ = {
			isa = PBXVariantGroup;
			children = (
				F7E089ED27312C2700361311 /* Base */,
			);
			name = Main.storyboard;
			sourceTree = "<group>";
		};
		F7E089F427312C2B00361311 /* LaunchScreen.storyboard */ = {
			isa = PBXVariantGroup;
			children = (
				F7E089F527312C2B00361311 /* Base */,
			);
			name = LaunchScreen.storyboard;
			sourceTree = "<group>";
		};
/* End PBXVariantGroup section */

/* Begin XCBuildConfiguration section */
		F7E08A1027312C2B00361311 /* Debug */ = {
			isa = XCBuildConfiguration;
			buildSettings = {
				ALWAYS_SEARCH_USER_PATHS = NO;
				CLANG_ANALYZER_NONNULL = YES;
				CLANG_ANALYZER_NUMBER_OBJECT_CONVERSION = YES_AGGRESSIVE;
				CLANG_CXX_LANGUAGE_STANDARD = "gnu++17";
				CLANG_CXX_LIBRARY = "libc++";
				CLANG_ENABLE_MODULES = YES;
				CLANG_ENABLE_OBJC_ARC = YES;
				CLANG_ENABLE_OBJC_WEAK = YES;
				CLANG_WARN_BLOCK_CAPTURE_AUTORELEASING = YES;
				CLANG_WARN_BOOL_CONVERSION = YES;
				CLANG_WARN_COMMA = YES;
				CLANG_WARN_CONSTANT_CONVERSION = YES;
				CLANG_WARN_DEPRECATED_OBJC_IMPLEMENTATIONS = YES;
				CLANG_WARN_DIRECT_OBJC_ISA_USAGE = YES_ERROR;
				CLANG_WARN_DOCUMENTATION_COMMENTS = YES;
				CLANG_WARN_EMPTY_BODY = YES;
				CLANG_WARN_ENUM_CONVERSION = YES;
				CLANG_WARN_INFINITE_RECURSION = YES;
				CLANG_WARN_INT_CONVERSION = YES;
				CLANG_WARN_NON_LITERAL_NULL_CONVERSION = YES;
				CLANG_WARN_OBJC_IMPLICIT_RETAIN_SELF = YES;
				CLANG_WARN_OBJC_LITERAL_CONVERSION = YES;
				CLANG_WARN_OBJC_ROOT_CLASS = YES_ERROR;
				CLANG_WARN_QUOTED_INCLUDE_IN_FRAMEWORK_HEADER = YES;
				CLANG_WARN_RANGE_LOOP_ANALYSIS = YES;
				CLANG_WARN_STRICT_PROTOTYPES = YES;
				CLANG_WARN_SUSPICIOUS_MOVE = YES;
				CLANG_WARN_UNGUARDED_AVAILABILITY = YES_AGGRESSIVE;
				CLANG_WARN_UNREACHABLE_CODE = YES;
				CLANG_WARN__DUPLICATE_METHOD_MATCH = YES;
				COPY_PHASE_STRIP = NO;
				DEBUG_INFORMATION_FORMAT = dwarf;
				ENABLE_STRICT_OBJC_MSGSEND = YES;
				ENABLE_TESTABILITY = YES;
				GCC_C_LANGUAGE_STANDARD = gnu11;
				GCC_DYNAMIC_NO_PIC = NO;
				GCC_NO_COMMON_BLOCKS = YES;
				GCC_OPTIMIZATION_LEVEL = 0;
				GCC_PREPROCESSOR_DEFINITIONS = (
					"DEBUG=1",
					"$(inherited)",
				);
				GCC_WARN_64_TO_32_BIT_CONVERSION = YES;
				GCC_WARN_ABOUT_RETURN_TYPE = YES_ERROR;
				GCC_WARN_UNDECLARED_SELECTOR = YES;
				GCC_WARN_UNINITIALIZED_AUTOS = YES_AGGRESSIVE;
				GCC_WARN_UNUSED_FUNCTION = YES;
				GCC_WARN_UNUSED_VARIABLE = YES;
				IPHONEOS_DEPLOYMENT_TARGET = 15.0;
				MTL_ENABLE_DEBUG_INFO = INCLUDE_SOURCE;
				MTL_FAST_MATH = YES;
				ONLY_ACTIVE_ARCH = YES;
				SDKROOT = iphoneos;
			};
			name = Debug;
		};
		F7E08A1127312C2B00361311 /* Release */ = {
			isa = XCBuildConfiguration;
			buildSettings = {
				ALWAYS_SEARCH_USER_PATHS = NO;
				CLANG_ANALYZER_NONNULL = YES;
				CLANG_ANALYZER_NUMBER_OBJECT_CONVERSION = YES_AGGRESSIVE;
				CLANG_CXX_LANGUAGE_STANDARD = "gnu++17";
				CLANG_CXX_LIBRARY = "libc++";
				CLANG_ENABLE_MODULES = YES;
				CLANG_ENABLE_OBJC_ARC = YES;
				CLANG_ENABLE_OBJC_WEAK = YES;
				CLANG_WARN_BLOCK_CAPTURE_AUTORELEASING = YES;
				CLANG_WARN_BOOL_CONVERSION = YES;
				CLANG_WARN_COMMA = YES;
				CLANG_WARN_CONSTANT_CONVERSION = YES;
				CLANG_WARN_DEPRECATED_OBJC_IMPLEMENTATIONS = YES;
				CLANG_WARN_DIRECT_OBJC_ISA_USAGE = YES_ERROR;
				CLANG_WARN_DOCUMENTATION_COMMENTS = YES;
				CLANG_WARN_EMPTY_BODY = YES;
				CLANG_WARN_ENUM_CONVERSION = YES;
				CLANG_WARN_INFINITE_RECURSION = YES;
				CLANG_WARN_INT_CONVERSION = YES;
				CLANG_WARN_NON_LITERAL_NULL_CONVERSION = YES;
				CLANG_WARN_OBJC_IMPLICIT_RETAIN_SELF = YES;
				CLANG_WARN_OBJC_LITERAL_CONVERSION = YES;
				CLANG_WARN_OBJC_ROOT_CLASS = YES_ERROR;
				CLANG_WARN_QUOTED_INCLUDE_IN_FRAMEWORK_HEADER = YES;
				CLANG_WARN_RANGE_LOOP_ANALYSIS = YES;
				CLANG_WARN_STRICT_PROTOTYPES = YES;
				CLANG_WARN_SUSPICIOUS_MOVE = YES;
				CLANG_WARN_UNGUARDED_AVAILABILITY = YES_AGGRESSIVE;
				CLANG_WARN_UNREACHABLE_CODE = YES;
				CLANG_WARN__DUPLICATE_METHOD_MATCH = YES;
				COPY_PHASE_STRIP = NO;
				DEBUG_INFORMATION_FORMAT = "dwarf-with-dsym";
				ENABLE_NS_ASSERTIONS = NO;
				ENABLE_STRICT_OBJC_MSGSEND = YES;
				GCC_C_LANGUAGE_STANDARD = gnu11;
				GCC_NO_COMMON_BLOCKS = YES;
				GCC_WARN_64_TO_32_BIT_CONVERSION = YES;
				GCC_WARN_ABOUT_RETURN_TYPE = YES_ERROR;
				GCC_WARN_UNDECLARED_SELECTOR = YES;
				GCC_WARN_UNINITIALIZED_AUTOS = YES_AGGRESSIVE;
				GCC_WARN_UNUSED_FUNCTION = YES;
				GCC_WARN_UNUSED_VARIABLE = YES;
				IPHONEOS_DEPLOYMENT_TARGET = 15.0;
				MTL_ENABLE_DEBUG_INFO = NO;
				MTL_FAST_MATH = YES;
				SDKROOT = iphoneos;
				VALIDATE_PRODUCT = YES;
			};
			name = Release;
		};
		F7E08A1327312C2B00361311 /* Debug */ = {
			isa = XCBuildConfiguration;
			baseConfigurationReference = 4EA31527EDB112A1F981861E /* Pods-WYJKitDemo.debug.xcconfig */;
			buildSettings = {
				ASSETCATALOG_COMPILER_APPICON_NAME = AppIcon;
				ASSETCATALOG_COMPILER_GLOBAL_ACCENT_COLOR_NAME = AccentColor;
				CODE_SIGN_STYLE = Automatic;
				CURRENT_PROJECT_VERSION = 1;
				DEVELOPMENT_TEAM = XPC7LFWGXY;
				GENERATE_INFOPLIST_FILE = YES;
				INFOPLIST_FILE = WYJKitDemo/Info.plist;
				INFOPLIST_KEY_UIApplicationSupportsIndirectInputEvents = YES;
				INFOPLIST_KEY_UILaunchStoryboardName = LaunchScreen;
				INFOPLIST_KEY_UIMainStoryboardFile = Main;
				INFOPLIST_KEY_UISupportedInterfaceOrientations_iPad = "UIInterfaceOrientationPortrait UIInterfaceOrientationPortraitUpsideDown UIInterfaceOrientationLandscapeLeft UIInterfaceOrientationLandscapeRight";
				INFOPLIST_KEY_UISupportedInterfaceOrientations_iPhone = "UIInterfaceOrientationPortrait UIInterfaceOrientationLandscapeLeft UIInterfaceOrientationLandscapeRight";
				IPHONEOS_DEPLOYMENT_TARGET = 9.0;
				LD_RUNPATH_SEARCH_PATHS = (
					"$(inherited)",
					"@executable_path/Frameworks",
				);
				MARKETING_VERSION = 1.0;
				PRODUCT_BUNDLE_IDENTIFIER = com.wyjDemo.www;
				PRODUCT_NAME = "$(TARGET_NAME)";
				SWIFT_EMIT_LOC_STRINGS = YES;
				TARGETED_DEVICE_FAMILY = "1,2";
			};
			name = Debug;
		};
		F7E08A1427312C2B00361311 /* Release */ = {
			isa = XCBuildConfiguration;
			baseConfigurationReference = FDEF0ACC2F7E98EBE24F0010 /* Pods-WYJKitDemo.release.xcconfig */;
			buildSettings = {
				ASSETCATALOG_COMPILER_APPICON_NAME = AppIcon;
				ASSETCATALOG_COMPILER_GLOBAL_ACCENT_COLOR_NAME = AccentColor;
				CODE_SIGN_STYLE = Automatic;
				CURRENT_PROJECT_VERSION = 1;
				DEVELOPMENT_TEAM = XPC7LFWGXY;
				GENERATE_INFOPLIST_FILE = YES;
				INFOPLIST_FILE = WYJKitDemo/Info.plist;
				INFOPLIST_KEY_UIApplicationSupportsIndirectInputEvents = YES;
				INFOPLIST_KEY_UILaunchStoryboardName = LaunchScreen;
				INFOPLIST_KEY_UIMainStoryboardFile = Main;
				INFOPLIST_KEY_UISupportedInterfaceOrientations_iPad = "UIInterfaceOrientationPortrait UIInterfaceOrientationPortraitUpsideDown UIInterfaceOrientationLandscapeLeft UIInterfaceOrientationLandscapeRight";
				INFOPLIST_KEY_UISupportedInterfaceOrientations_iPhone = "UIInterfaceOrientationPortrait UIInterfaceOrientationLandscapeLeft UIInterfaceOrientationLandscapeRight";
				IPHONEOS_DEPLOYMENT_TARGET = 9.0;
				LD_RUNPATH_SEARCH_PATHS = (
					"$(inherited)",
					"@executable_path/Frameworks",
				);
				MARKETING_VERSION = 1.0;
				PRODUCT_BUNDLE_IDENTIFIER = com.wyjDemo.www;
				PRODUCT_NAME = "$(TARGET_NAME)";
				SWIFT_EMIT_LOC_STRINGS = YES;
				TARGETED_DEVICE_FAMILY = "1,2";
			};
			name = Release;
		};
		F7E08A1627312C2B00361311 /* Debug */ = {
			isa = XCBuildConfiguration;
			baseConfigurationReference = 9F1BA5D44DE3FF254F289DE0 /* Pods-WYJKitDemoTests.debug.xcconfig */;
			buildSettings = {
				BUNDLE_LOADER = "$(TEST_HOST)";
				CODE_SIGN_STYLE = Automatic;
				CURRENT_PROJECT_VERSION = 1;
				DEVELOPMENT_TEAM = XPC7LFWGXY;
				GENERATE_INFOPLIST_FILE = YES;
				IPHONEOS_DEPLOYMENT_TARGET = 15.0;
				LD_RUNPATH_SEARCH_PATHS = (
					"$(inherited)",
					"@executable_path/Frameworks",
					"@loader_path/Frameworks",
				);
				MARKETING_VERSION = 1.0;
				PRODUCT_BUNDLE_IDENTIFIER = com.wyj.wyjkit.WYJKitDemoTests;
				PRODUCT_NAME = "$(TARGET_NAME)";
				SWIFT_EMIT_LOC_STRINGS = NO;
				TARGETED_DEVICE_FAMILY = "1,2";
				TEST_HOST = "$(BUILT_PRODUCTS_DIR)/WYJKitDemo.app/WYJKitDemo";
			};
			name = Debug;
		};
		F7E08A1727312C2B00361311 /* Release */ = {
			isa = XCBuildConfiguration;
			baseConfigurationReference = 6D516491EA0DACED18EC0A5D /* Pods-WYJKitDemoTests.release.xcconfig */;
			buildSettings = {
				BUNDLE_LOADER = "$(TEST_HOST)";
				CODE_SIGN_STYLE = Automatic;
				CURRENT_PROJECT_VERSION = 1;
				DEVELOPMENT_TEAM = XPC7LFWGXY;
				GENERATE_INFOPLIST_FILE = YES;
				IPHONEOS_DEPLOYMENT_TARGET = 15.0;
				LD_RUNPATH_SEARCH_PATHS = (
					"$(inherited)",
					"@executable_path/Frameworks",
					"@loader_path/Frameworks",
				);
				MARKETING_VERSION = 1.0;
				PRODUCT_BUNDLE_IDENTIFIER = com.wyj.wyjkit.WYJKitDemoTests;
				PRODUCT_NAME = "$(TARGET_NAME)";
				SWIFT_EMIT_LOC_STRINGS = NO;
				TARGETED_DEVICE_FAMILY = "1,2";
				TEST_HOST = "$(BUILT_PRODUCTS_DIR)/WYJKitDemo.app/WYJKitDemo";
			};
			name = Release;
		};
		F7E08A1927312C2B00361311 /* Debug */ = {
			isa = XCBuildConfiguration;
			baseConfigurationReference = FC5DEB31CE44729597571BCE /* Pods-WYJKitDemo-WYJKitDemoUITests.debug.xcconfig */;
			buildSettings = {
				CODE_SIGN_STYLE = Automatic;
				CURRENT_PROJECT_VERSION = 1;
				DEVELOPMENT_TEAM = XPC7LFWGXY;
				GENERATE_INFOPLIST_FILE = YES;
				LD_RUNPATH_SEARCH_PATHS = (
					"$(inherited)",
					"@executable_path/Frameworks",
					"@loader_path/Frameworks",
				);
				MARKETING_VERSION = 1.0;
				PRODUCT_BUNDLE_IDENTIFIER = com.wyj.wyjkit.WYJKitDemoUITests;
				PRODUCT_NAME = "$(TARGET_NAME)";
				SWIFT_EMIT_LOC_STRINGS = NO;
				TARGETED_DEVICE_FAMILY = "1,2";
				TEST_TARGET_NAME = WYJKitDemo;
			};
			name = Debug;
		};
		F7E08A1A27312C2B00361311 /* Release */ = {
			isa = XCBuildConfiguration;
			baseConfigurationReference = 7841BDE910C126A6D28EE1F7 /* Pods-WYJKitDemo-WYJKitDemoUITests.release.xcconfig */;
			buildSettings = {
				CODE_SIGN_STYLE = Automatic;
				CURRENT_PROJECT_VERSION = 1;
				DEVELOPMENT_TEAM = XPC7LFWGXY;
				GENERATE_INFOPLIST_FILE = YES;
				LD_RUNPATH_SEARCH_PATHS = (
					"$(inherited)",
					"@executable_path/Frameworks",
					"@loader_path/Frameworks",
				);
				MARKETING_VERSION = 1.0;
				PRODUCT_BUNDLE_IDENTIFIER = com.wyj.wyjkit.WYJKitDemoUITests;
				PRODUCT_NAME = "$(TARGET_NAME)";
				SWIFT_EMIT_LOC_STRINGS = NO;
				TARGETED_DEVICE_FAMILY = "1,2";
				TEST_TARGET_NAME = WYJKitDemo;
			};
			name = Release;
		};
/* End XCBuildConfiguration section */

/* Begin XCConfigurationList section */
		F7E089DB27312C2700361311 /* Build configuration list for PBXProject "WYJKitDemo" */ = {
			isa = XCConfigurationList;
			buildConfigurations = (
				F7E08A1027312C2B00361311 /* Debug */,
				F7E08A1127312C2B00361311 /* Release */,
			);
			defaultConfigurationIsVisible = 0;
			defaultConfigurationName = Release;
		};
		F7E08A1227312C2B00361311 /* Build configuration list for PBXNativeTarget "WYJKitDemo" */ = {
			isa = XCConfigurationList;
			buildConfigurations = (
				F7E08A1327312C2B00361311 /* Debug */,
				F7E08A1427312C2B00361311 /* Release */,
			);
			defaultConfigurationIsVisible = 0;
			defaultConfigurationName = Release;
		};
		F7E08A1527312C2B00361311 /* Build configuration list for PBXNativeTarget "WYJKitDemoTests" */ = {
			isa = XCConfigurationList;
			buildConfigurations = (
				F7E08A1627312C2B00361311 /* Debug */,
				F7E08A1727312C2B00361311 /* Release */,
			);
			defaultConfigurationIsVisible = 0;
			defaultConfigurationName = Release;
		};
		F7E08A1827312C2B00361311 /* Build configuration list for PBXNativeTarget "WYJKitDemoUITests" */ = {
			isa = XCConfigurationList;
			buildConfigurations = (
				F7E08A1927312C2B00361311 /* Debug */,
				F7E08A1A27312C2B00361311 /* Release */,
			);
			defaultConfigurationIsVisible = 0;
			defaultConfigurationName = Release;
		};
/* End XCConfigurationList section */
	};
	rootObject = F7E089D827312C2700361311 /* Project object */;
}
