// !$*UTF8*$!
{
	archiveVersion = 1;
	classes = {
	};
	objectVersion = 55;
	objects = {

/* Begin PBXBuildFile section */
		7FF192FC2768765900264B56 /* WYJKit.podspec in Resources */ = {isa = PBXBuildFile; fileRef = 7FF192342768765900264B56 /* WYJKit.podspec */; };
		D1F87EFB1C4D24462E08B78A /* Pods_WYJKitDemo.framework in Frameworks */ = {isa = PBXBuildFile; fileRef = 63EBFA619975621472F674A8 /* Pods_WYJKitDemo.framework */; };
		E5B045C82C88105E0028260C /* WYJImagePickerManager.m in Sources */ = {isa = PBXBuildFile; fileRef = E5B0459C2C88105E0028260C /* WYJImagePickerManager.m */; };
		E5B045C92C88105E0028260C /* WYJNavigationButton.m in Sources */ = {isa = PBXBuildFile; fileRef = E5B045B82C88105E0028260C /* WYJNavigationButton.m */; };
		E5B045CA2C88105E0028260C /* UIView+WYJXib.m in Sources */ = {isa = PBXBuildFile; fileRef = E5B045C02C88105E0028260C /* UIView+WYJXib.m */; };
		E5B045CB2C88105E0028260C /* UIViewController+WYJAdd.m in Sources */ = {isa = PBXBuildFile; fileRef = E5B045C32C88105E0028260C /* UIViewController+WYJAdd.m */; };
		F7E089E527312C2700361311 /* AppDelegate.m in Sources */ = {isa = PBXBuildFile; fileRef = F7E089E427312C2700361311 /* AppDelegate.m */; };
		F7E089E827312C2700361311 /* SceneDelegate.m in Sources */ = {isa = PBXBuildFile; fileRef = F7E089E727312C2700361311 /* SceneDelegate.m */; };
		F7E089EB27312C2700361311 /* ViewController.m in Sources */ = {isa = PBXBuildFile; fileRef = F7E089EA27312C2700361311 /* ViewController.m */; };
		F7E089EE27312C2700361311 /* Main.storyboard in Resources */ = {isa = PBXBuildFile; fileRef = F7E089EC27312C2700361311 /* Main.storyboard */; };
		F7E089F327312C2B00361311 /* Assets.xcassets in Resources */ = {isa = PBXBuildFile; fileRef = F7E089F227312C2B00361311 /* Assets.xcassets */; };
		F7E089F627312C2B00361311 /* LaunchScreen.storyboard in Resources */ = {isa = PBXBuildFile; fileRef = F7E089F427312C2B00361311 /* LaunchScreen.storyboard */; };
		F7E089F927312C2B00361311 /* main.m in Sources */ = {isa = PBXBuildFile; fileRef = F7E089F827312C2B00361311 /* main.m */; };
		F7E08A0327312C2B00361311 /* WYJKitDemoTests.m in Sources */ = {isa = PBXBuildFile; fileRef = F7E08A0227312C2B00361311 /* WYJKitDemoTests.m */; };
		F7E08A0D27312C2B00361311 /* WYJKitDemoUITests.m in Sources */ = {isa = PBXBuildFile; fileRef = F7E08A0C27312C2B00361311 /* WYJKitDemoUITests.m */; };
		F7E08A0F27312C2B00361311 /* WYJKitDemoUITestsLaunchTests.m in Sources */ = {isa = PBXBuildFile; fileRef = F7E08A0E27312C2B00361311 /* WYJKitDemoUITestsLaunchTests.m */; };
/* End PBXBuildFile section */

/* Begin PBXContainerItemProxy section */
		F7E089FF27312C2B00361311 /* PBXContainerItemProxy */ = {
			isa = PBXContainerItemProxy;
			containerPortal = F7E089D827312C2700361311 /* Project object */;
			proxyType = 1;
			remoteGlobalIDString = F7E089DF27312C2700361311;
			remoteInfo = WYJKitDemo;
		};
		F7E08A0927312C2B00361311 /* PBXContainerItemProxy */ = {
			isa = PBXContainerItemProxy;
			containerPortal = F7E089D827312C2700361311 /* Project object */;
			proxyType = 1;
			remoteGlobalIDString = F7E089DF27312C2700361311;
			remoteInfo = WYJKitDemo;
		};
/* End PBXContainerItemProxy section */

/* Begin PBXFileReference section */
		4EA31527EDB112A1F981861E /* Pods-WYJKitDemo.debug.xcconfig */ = {isa = PBXFileReference; includeInIndex = 1; lastKnownFileType = text.xcconfig; name = "Pods-WYJKitDemo.debug.xcconfig"; path = "Target Support Files/Pods-WYJKitDemo/Pods-WYJKitDemo.debug.xcconfig"; sourceTree = "<group>"; };
		63EBFA619975621472F674A8 /* Pods_WYJKitDemo.framework */ = {isa = PBXFileReference; explicitFileType = wrapper.framework; includeInIndex = 0; path = Pods_WYJKitDemo.framework; sourceTree = BUILT_PRODUCTS_DIR; };
		7FF192342768765900264B56 /* WYJKit.podspec */ = {isa = PBXFileReference; fileEncoding = 4; lastKnownFileType = text; name = WYJKit.podspec; path = ../WYJKit.podspec; sourceTree = "<group>"; };
		E5B0459B2C88105E0028260C /* WYJImagePickerManager.h */ = {isa = PBXFileReference; fileEncoding = 4; lastKnownFileType = sourcecode.c.h; path = WYJImagePickerManager.h; sourceTree = "<group>"; };
		E5B0459C2C88105E0028260C /* WYJImagePickerManager.m */ = {isa = PBXFileReference; fileEncoding = 4; lastKnownFileType = sourcecode.c.objc; path = WYJImagePickerManager.m; sourceTree = "<group>"; };
		E5B045B72C88105E0028260C /* WYJNavigationButton.h */ = {isa = PBXFileReference; fileEncoding = 4; lastKnownFileType = sourcecode.c.h; path = WYJNavigationButton.h; sourceTree = "<group>"; };
		E5B045B82C88105E0028260C /* WYJNavigationButton.m */ = {isa = PBXFileReference; fileEncoding = 4; lastKnownFileType = sourcecode.c.objc; path = WYJNavigationButton.m; sourceTree = "<group>"; };
		E5B045BF2C88105E0028260C /* UIView+WYJXib.h */ = {isa = PBXFileReference; fileEncoding = 4; lastKnownFileType = sourcecode.c.h; path = "UIView+WYJXib.h"; sourceTree = "<group>"; };
		E5B045C02C88105E0028260C /* UIView+WYJXib.m */ = {isa = PBXFileReference; fileEncoding = 4; lastKnownFileType = sourcecode.c.objc; path = "UIView+WYJXib.m"; sourceTree = "<group>"; };
		E5B045C22C88105E0028260C /* UIViewController+WYJAdd.h */ = {isa = PBXFileReference; fileEncoding = 4; lastKnownFileType = sourcecode.c.h; path = "UIViewController+WYJAdd.h"; sourceTree = "<group>"; };
		E5B045C32C88105E0028260C /* UIViewController+WYJAdd.m */ = {isa = PBXFileReference; fileEncoding = 4; lastKnownFileType = sourcecode.c.objc; path = "UIViewController+WYJAdd.m"; sourceTree = "<group>"; };
		F7AA6636273226C7006015AF /* CoreFoundation.framework */ = {isa = PBXFileReference; lastKnownFileType = wrapper.framework; name = CoreFoundation.framework; path = System/Library/Frameworks/CoreFoundation.framework; sourceTree = SDKROOT; };
		F7AA6638273226ED006015AF /* CoreGraphics.framework */ = {isa = PBXFileReference; lastKnownFileType = wrapper.framework; name = CoreGraphics.framework; path = System/Library/Frameworks/CoreGraphics.framework; sourceTree = SDKROOT; };
		F7AA663A27322702006015AF /* CoreImage.framework */ = {isa = PBXFileReference; lastKnownFileType = wrapper.framework; name = CoreImage.framework; path = System/Library/Frameworks/CoreImage.framework; sourceTree = SDKROOT; };
		F7E089E027312C2700361311 /* WYJKitDemo.app */ = {isa = PBXFileReference; explicitFileType = wrapper.application; includeInIndex = 0; path = WYJKitDemo.app; sourceTree = BUILT_PRODUCTS_DIR; };
		F7E089E327312C2700361311 /* AppDelegate.h */ = {isa = PBXFileReference; lastKnownFileType = sourcecode.c.h; path = AppDelegate.h; sourceTree = "<group>"; };
		F7E089E427312C2700361311 /* AppDelegate.m */ = {isa = PBXFileReference; lastKnownFileType = sourcecode.c.objc; path = AppDelegate.m; sourceTree = "<group>"; };
		F7E089E627312C2700361311 /* SceneDelegate.h */ = {isa = PBXFileReference; lastKnownFileType = sourcecode.c.h; path = SceneDelegate.h; sourceTree = "<group>"; };
		F7E089E727312C2700361311 /* SceneDelegate.m */ = {isa = PBXFileReference; lastKnownFileType = sourcecode.c.objc; path = SceneDelegate.m; sourceTree = "<group>"; };
		F7E089E927312C2700361311 /* ViewController.h */ = {isa = PBXFileReference; lastKnownFileType = sourcecode.c.h; path = ViewController.h; sourceTree = "<group>"; };
		F7E089EA27312C2700361311 /* ViewController.m */ = {isa = PBXFileReference; lastKnownFileType = sourcecode.c.objc; path = ViewController.m; sourceTree = "<group>"; };
		F7E089ED27312C2700361311 /* Base */ = {isa = PBXFileReference; lastKnownFileType = file.storyboard; name = Base; path = Base.lproj/Main.storyboard; sourceTree = "<group>"; };
		F7E089F227312C2B00361311 /* Assets.xcassets */ = {isa = PBXFileReference; lastKnownFileType = folder.assetcatalog; path = Assets.xcassets; sourceTree = "<group>"; };
		F7E089F527312C2B00361311 /* Base */ = {isa = PBXFileReference; lastKnownFileType = file.storyboard; name = Base; path = Base.lproj/LaunchScreen.storyboard; sourceTree = "<group>"; };
		F7E089F727312C2B00361311 /* Info.plist */ = {isa = PBXFileReference; lastKnownFileType = text.plist.xml; path = Info.plist; sourceTree = "<group>"; };
		F7E089F827312C2B00361311 /* main.m */ = {isa = PBXFileReference; lastKnownFileType = sourcecode.c.objc; path = main.m; sourceTree = "<group>"; };
		F7E089FE27312C2B00361311 /* WYJKitDemoTests.xctest */ = {isa = PBXFileReference; explicitFileType = wrapper.cfbundle; includeInIndex = 0; path = WYJKitDemoTests.xctest; sourceTree = BUILT_PRODUCTS_DIR; };
		F7E08A0227312C2B00361311 /* WYJKitDemoTests.m */ = {isa = PBXFileReference; lastKnownFileType = sourcecode.c.objc; path = WYJKitDemoTests.m; sourceTree = "<group>"; };
		F7E08A0827312C2B00361311 /* WYJKitDemoUITests.xctest */ = {isa = PBXFileReference; explicitFileType = wrapper.cfbundle; includeInIndex = 0; path = WYJKitDemoUITests.xctest; sourceTree = BUILT_PRODUCTS_DIR; };
		F7E08A0C27312C2B00361311 /* WYJKitDemoUITests.m */ = {isa = PBXFileReference; lastKnownFileType = sourcecode.c.objc; path = WYJKitDemoUITests.m; sourceTree = "<group>"; };
		F7E08A0E27312C2B00361311 /* WYJKitDemoUITestsLaunchTests.m */ = {isa = PBXFileReference; lastKnownFileType = sourcecode.c.objc; path = WYJKitDemoUITestsLaunchTests.m; sourceTree = "<group>"; };
		F7F6745727322D5F005FFA05 /* CoreText.framework */ = {isa = PBXFileReference; lastKnownFileType = wrapper.framework; name = CoreText.framework; path = System/Library/Frameworks/CoreText.framework; sourceTree = SDKROOT; };
		F7F6745927322D64005FFA05 /* Accelerate.framework */ = {isa = PBXFileReference; lastKnownFileType = wrapper.framework; name = Accelerate.framework; path = System/Library/Frameworks/Accelerate.framework; sourceTree = SDKROOT; };
		FDEF0ACC2F7E98EBE24F0010 /* Pods-WYJKitDemo.release.xcconfig */ = {isa = PBXFileReference; includeInIndex = 1; lastKnownFileType = text.xcconfig; name = "Pods-WYJKitDemo.release.xcconfig"; path = "Target Support Files/Pods-WYJKitDemo/Pods-WYJKitDemo.release.xcconfig"; sourceTree = "<group>"; };
/* End PBXFileReference section */

/* Begin PBXFrameworksBuildPhase section */
		F7E089DD27312C2700361311 /* Frameworks */ = {
			isa = PBXFrameworksBuildPhase;
			buildActionMask = 2147483647;
			files = (
				D1F87EFB1C4D24462E08B78A /* Pods_WYJKitDemo.framework in Frameworks */,
			);
			runOnlyForDeploymentPostprocessing = 0;
		};
		F7E089FB27312C2B00361311 /* Frameworks */ = {
			isa = PBXFrameworksBuildPhase;
			buildActionMask = 2147483647;
			files = (
			);
			runOnlyForDeploymentPostprocessing = 0;
		};
		F7E08A0527312C2B00361311 /* Frameworks */ = {
			isa = PBXFrameworksBuildPhase;
			buildActionMask = 2147483647;
			files = (
			);
			runOnlyForDeploymentPostprocessing = 0;
		};
/* End PBXFrameworksBuildPhase section */

/* Begin PBXGroup section */
		8B68FB4E12A3F376143DB4CC /* Pods */ = {
			isa = PBXGroup;
			children = (
				4EA31527EDB112A1F981861E /* Pods-WYJKitDemo.debug.xcconfig */,
				FDEF0ACC2F7E98EBE24F0010 /* Pods-WYJKitDemo.release.xcconfig */,
			);
			path = Pods;
			sourceTree = "<group>";
		};
		A7B1FFD5B0E40236E6E76B60 /* Frameworks */ = {
			isa = PBXGroup;
			children = (
				F7F6745927322D64005FFA05 /* Accelerate.framework */,
				F7F6745727322D5F005FFA05 /* CoreText.framework */,
				F7AA663A27322702006015AF /* CoreImage.framework */,
				F7AA6638273226ED006015AF /* CoreGraphics.framework */,
				F7AA6636273226C7006015AF /* CoreFoundation.framework */,
				63EBFA619975621472F674A8 /* Pods_WYJKitDemo.framework */,
			);
			name = Frameworks;
			sourceTree = "<group>";
		};
		E5B0459A2C88105E0028260C /* Macro */ = {
			isa = PBXGroup;
			children = (
			);
			path = Macro;
			sourceTree = "<group>";
		};
		E5B0459D2C88105E0028260C /* Tool */ = {
			isa = PBXGroup;
			children = (
				E5B0459B2C88105E0028260C /* WYJImagePickerManager.h */,
				E5B0459C2C88105E0028260C /* WYJImagePickerManager.m */,
			);
			path = Tool;
			sourceTree = "<group>";
		};
		E5B0459E2C88105E0028260C /* ToolUI */ = {
			isa = PBXGroup;
			children = (
			);
			path = ToolUI;
			sourceTree = "<group>";
		};
		E5B0459F2C88105E0028260C /* BaseView */ = {
			isa = PBXGroup;
			children = (
			);
			path = BaseView;
			sourceTree = "<group>";
		};
		E5B045A02C88105E0028260C /* Header */ = {
			isa = PBXGroup;
			children = (
			);
			path = Header;
			sourceTree = "<group>";
		};
		E5B045A12C88105E0028260C /* UICollectionView */ = {
			isa = PBXGroup;
			children = (
			);
			path = UICollectionView;
			sourceTree = "<group>";
		};
		E5B045A22C88105E0028260C /* UITableView */ = {
			isa = PBXGroup;
			children = (
			);
			path = UITableView;
			sourceTree = "<group>";
		};
		E5B045A32C88105E0028260C /* ViewController */ = {
			isa = PBXGroup;
			children = (
			);
			path = ViewController;
			sourceTree = "<group>";
		};
		E5B045A42C88105E0028260C /* WYJBase */ = {
			isa = PBXGroup;
			children = (
				E5B0459F2C88105E0028260C /* BaseView */,
				E5B045A02C88105E0028260C /* Header */,
				E5B045A12C88105E0028260C /* UICollectionView */,
				E5B045A22C88105E0028260C /* UITableView */,
				E5B045A32C88105E0028260C /* ViewController */,
			);
			path = WYJBase;
			sourceTree = "<group>";
		};
		E5B045A52C88105E0028260C /* Header */ = {
			isa = PBXGroup;
			children = (
			);
			path = Header;
			sourceTree = "<group>";
		};
		E5B045A62C88105E0028260C /* NSArray */ = {
			isa = PBXGroup;
			children = (
			);
			path = NSArray;
			sourceTree = "<group>";
		};
		E5B045A72C88105E0028260C /* NSData */ = {
			isa = PBXGroup;
			children = (
			);
			path = NSData;
			sourceTree = "<group>";
		};
		E5B045A82C88105E0028260C /* NSDate */ = {
			isa = PBXGroup;
			children = (
			);
			path = NSDate;
			sourceTree = "<group>";
		};
		E5B045A92C88105E0028260C /* NSMutableArray */ = {
			isa = PBXGroup;
			children = (
			);
			path = NSMutableArray;
			sourceTree = "<group>";
		};
		E5B045AA2C88105E0028260C /* NSObject */ = {
			isa = PBXGroup;
			children = (
			);
			path = NSObject;
			sourceTree = "<group>";
		};
		E5B045AB2C88105E0028260C /* NSString */ = {
			isa = PBXGroup;
			children = (
			);
			path = NSString;
			sourceTree = "<group>";
		};
		E5B045AC2C88105E0028260C /* Foundation */ = {
			isa = PBXGroup;
			children = (
				E5B045A52C88105E0028260C /* Header */,
				E5B045A62C88105E0028260C /* NSArray */,
				E5B045A72C88105E0028260C /* NSData */,
				E5B045A82C88105E0028260C /* NSDate */,
				E5B045A92C88105E0028260C /* NSMutableArray */,
				E5B045AA2C88105E0028260C /* NSObject */,
				E5B045AB2C88105E0028260C /* NSString */,
			);
			path = Foundation;
			sourceTree = "<group>";
		};
		E5B045AD2C88105E0028260C /* Header */ = {
			isa = PBXGroup;
			children = (
			);
			path = Header;
			sourceTree = "<group>";
		};
		E5B045AE2C88105E0028260C /* Manager */ = {
			isa = PBXGroup;
			children = (
			);
			path = Manager;
			sourceTree = "<group>";
		};
		E5B045AF2C88105E0028260C /* UIApplication */ = {
			isa = PBXGroup;
			children = (
			);
			path = UIApplication;
			sourceTree = "<group>";
		};
		E5B045B02C88105E0028260C /* UIButton */ = {
			isa = PBXGroup;
			children = (
			);
			path = UIButton;
			sourceTree = "<group>";
		};
		E5B045B12C88105E0028260C /* UIColor */ = {
			isa = PBXGroup;
			children = (
			);
			path = UIColor;
			sourceTree = "<group>";
		};
		E5B045B22C88105E0028260C /* UIControl */ = {
			isa = PBXGroup;
			children = (
			);
			path = UIControl;
			sourceTree = "<group>";
		};
		E5B045B32C88105E0028260C /* UIFont */ = {
			isa = PBXGroup;
			children = (
			);
			path = UIFont;
			sourceTree = "<group>";
		};
		E5B045B42C88105E0028260C /* UIImage */ = {
			isa = PBXGroup;
			children = (
			);
			path = UIImage;
			sourceTree = "<group>";
		};
		E5B045B52C88105E0028260C /* UIImageView */ = {
			isa = PBXGroup;
			children = (
			);
			path = UIImageView;
			sourceTree = "<group>";
		};
		E5B045B62C88105E0028260C /* UILabel */ = {
			isa = PBXGroup;
			children = (
			);
			path = UILabel;
			sourceTree = "<group>";
		};
		E5B045B92C88105E0028260C /* UINavigationController */ = {
			isa = PBXGroup;
			children = (
				E5B045B72C88105E0028260C /* WYJNavigationButton.h */,
				E5B045B82C88105E0028260C /* WYJNavigationButton.m */,
			);
			path = UINavigationController;
			sourceTree = "<group>";
		};
		E5B045BA2C88105E0028260C /* UIResponder */ = {
			isa = PBXGroup;
			children = (
			);
			path = UIResponder;
			sourceTree = "<group>";
		};
		E5B045BB2C88105E0028260C /* UITabBarController */ = {
			isa = PBXGroup;
			children = (
			);
			path = UITabBarController;
			sourceTree = "<group>";
		};
		E5B045BC2C88105E0028260C /* UITableView */ = {
			isa = PBXGroup;
			children = (
			);
			path = UITableView;
			sourceTree = "<group>";
		};
		E5B045BD2C88105E0028260C /* UITextField */ = {
			isa = PBXGroup;
			children = (
			);
			path = UITextField;
			sourceTree = "<group>";
		};
		E5B045BE2C88105E0028260C /* UITextView */ = {
			isa = PBXGroup;
			children = (
			);
			path = UITextView;
			sourceTree = "<group>";
		};
		E5B045C12C88105E0028260C /* UIView */ = {
			isa = PBXGroup;
			children = (
				E5B045BF2C88105E0028260C /* UIView+WYJXib.h */,
				E5B045C02C88105E0028260C /* UIView+WYJXib.m */,
			);
			path = UIView;
			sourceTree = "<group>";
		};
		E5B045C42C88105E0028260C /* UIViewController */ = {
			isa = PBXGroup;
			children = (
				E5B045C22C88105E0028260C /* UIViewController+WYJAdd.h */,
				E5B045C32C88105E0028260C /* UIViewController+WYJAdd.m */,
			);
			path = UIViewController;
			sourceTree = "<group>";
		};
		E5B045C52C88105E0028260C /* UIKit */ = {
			isa = PBXGroup;
			children = (
				E5B045AD2C88105E0028260C /* Header */,
				E5B045AE2C88105E0028260C /* Manager */,
				E5B045AF2C88105E0028260C /* UIApplication */,
				E5B045B02C88105E0028260C /* UIButton */,
				E5B045B12C88105E0028260C /* UIColor */,
				E5B045B22C88105E0028260C /* UIControl */,
				E5B045B32C88105E0028260C /* UIFont */,
				E5B045B42C88105E0028260C /* UIImage */,
				E5B045B52C88105E0028260C /* UIImageView */,
				E5B045B62C88105E0028260C /* UILabel */,
				E5B045B92C88105E0028260C /* UINavigationController */,
				E5B045BA2C88105E0028260C /* UIResponder */,
				E5B045BB2C88105E0028260C /* UITabBarController */,
				E5B045BC2C88105E0028260C /* UITableView */,
				E5B045BD2C88105E0028260C /* UITextField */,
				E5B045BE2C88105E0028260C /* UITextView */,
				E5B045C12C88105E0028260C /* UIView */,
				E5B045C42C88105E0028260C /* UIViewController */,
			);
			path = UIKit;
			sourceTree = "<group>";
		};
		E5B045C62C88105E0028260C /* WYJCategory */ = {
			isa = PBXGroup;
			children = (
				E5B045AC2C88105E0028260C /* Foundation */,
				E5B045C52C88105E0028260C /* UIKit */,
			);
			path = WYJCategory;
			sourceTree = "<group>";
		};
		E5B045C72C88105E0028260C /* WYJKit */ = {
			isa = PBXGroup;
			children = (
				E5B0459A2C88105E0028260C /* Macro */,
				E5B0459D2C88105E0028260C /* Tool */,
				E5B0459E2C88105E0028260C /* ToolUI */,
				E5B045A42C88105E0028260C /* WYJBase */,
				E5B045C62C88105E0028260C /* WYJCategory */,
			);
			name = WYJKit;
			path = ../WYJKit;
			sourceTree = "<group>";
		};
		F7E089D727312C2700361311 = {
			isa = PBXGroup;
			children = (
				E5B045C72C88105E0028260C /* WYJKit */,
				7FF192342768765900264B56 /* WYJKit.podspec */,
				F7E089E227312C2700361311 /* WYJKitDemo */,
				F7E08A0127312C2B00361311 /* WYJKitDemoTests */,
				F7E08A0B27312C2B00361311 /* WYJKitDemoUITests */,
				F7E089E127312C2700361311 /* Products */,
				8B68FB4E12A3F376143DB4CC /* Pods */,
				A7B1FFD5B0E40236E6E76B60 /* Frameworks */,
			);
			sourceTree = "<group>";
		};
		F7E089E127312C2700361311 /* Products */ = {
			isa = PBXGroup;
			children = (
				F7E089E027312C2700361311 /* WYJKitDemo.app */,
				F7E089FE27312C2B00361311 /* WYJKitDemoTests.xctest */,
				F7E08A0827312C2B00361311 /* WYJKitDemoUITests.xctest */,
			);
			name = Products;
			sourceTree = "<group>";
		};
		F7E089E227312C2700361311 /* WYJKitDemo */ = {
			isa = PBXGroup;
			children = (
				F7E089E327312C2700361311 /* AppDelegate.h */,
				F7E089E427312C2700361311 /* AppDelegate.m */,
				F7E089E627312C2700361311 /* SceneDelegate.h */,
				F7E089E727312C2700361311 /* SceneDelegate.m */,
				F7E089E927312C2700361311 /* ViewController.h */,
				F7E089EA27312C2700361311 /* ViewController.m */,
				F7E089EC27312C2700361311 /* Main.storyboard */,
				F7E089F227312C2B00361311 /* Assets.xcassets */,
				F7E089F427312C2B00361311 /* LaunchScreen.storyboard */,
				F7E089F727312C2B00361311 /* Info.plist */,
				F7E089F827312C2B00361311 /* main.m */,
			);
			path = WYJKitDemo;
			sourceTree = "<group>";
		};
		F7E08A0127312C2B00361311 /* WYJKitDemoTests */ = {
			isa = PBXGroup;
			children = (
				F7E08A0227312C2B00361311 /* WYJKitDemoTests.m */,
			);
			path = WYJKitDemoTests;
			sourceTree = "<group>";
		};
		F7E08A0B27312C2B00361311 /* WYJKitDemoUITests */ = {
			isa = PBXGroup;
			children = (
				F7E08A0C27312C2B00361311 /* WYJKitDemoUITests.m */,
				F7E08A0E27312C2B00361311 /* WYJKitDemoUITestsLaunchTests.m */,
			);
			path = WYJKitDemoUITests;
			sourceTree = "<group>";
		};
/* End PBXGroup section */

/* Begin PBXNativeTarget section */
		F7E089DF27312C2700361311 /* WYJKitDemo */ = {
			isa = PBXNativeTarget;
			buildConfigurationList = F7E08A1227312C2B00361311 /* Build configuration list for PBXNativeTarget "WYJKitDemo" */;
			buildPhases = (
				CA20CB264FD363FA6454ECA0 /* [CP] Check Pods Manifest.lock */,
				F7E089DC27312C2700361311 /* Sources */,
				F7E089DD27312C2700361311 /* Frameworks */,
				F7E089DE27312C2700361311 /* Resources */,
				648FA17FE8425A44CAA0AF47 /* [CP] Embed Pods Frameworks */,
			);
			buildRules = (
			);
			dependencies = (
			);
			name = WYJKitDemo;
			productName = WYJKitDemo;
			productReference = F7E089E027312C2700361311 /* WYJKitDemo.app */;
			productType = "com.apple.product-type.application";
		};
		F7E089FD27312C2B00361311 /* WYJKitDemoTests */ = {
			isa = PBXNativeTarget;
			buildConfigurationList = F7E08A1527312C2B00361311 /* Build configuration list for PBXNativeTarget "WYJKitDemoTests" */;
			buildPhases = (
				F7E089FA27312C2B00361311 /* Sources */,
				F7E089FB27312C2B00361311 /* Frameworks */,
				F7E089FC27312C2B00361311 /* Resources */,
			);
			buildRules = (
			);
			dependencies = (
				F7E08A0027312C2B00361311 /* PBXTargetDependency */,
			);
			name = WYJKitDemoTests;
			productName = WYJKitDemoTests;
			productReference = F7E089FE27312C2B00361311 /* WYJKitDemoTests.xctest */;
			productType = "com.apple.product-type.bundle.unit-test";
		};
		F7E08A0727312C2B00361311 /* WYJKitDemoUITests */ = {
			isa = PBXNativeTarget;
			buildConfigurationList = F7E08A1827312C2B00361311 /* Build configuration list for PBXNativeTarget "WYJKitDemoUITests" */;
			buildPhases = (
				F7E08A0427312C2B00361311 /* Sources */,
				F7E08A0527312C2B00361311 /* Frameworks */,
				F7E08A0627312C2B00361311 /* Resources */,
			);
			buildRules = (
			);
			dependencies = (
				F7E08A0A27312C2B00361311 /* PBXTargetDependency */,
			);
			name = WYJKitDemoUITests;
			productName = WYJKitDemoUITests;
			productReference = F7E08A0827312C2B00361311 /* WYJKitDemoUITests.xctest */;
			productType = "com.apple.product-type.bundle.ui-testing";
		};
/* End PBXNativeTarget section */

/* Begin PBXProject section */
		F7E089D827312C2700361311 /* Project object */ = {
			isa = PBXProject;
			attributes = {
				BuildIndependentTargetsInParallel = 1;
				LastUpgradeCheck = 1310;
				ORGANIZATIONNAME = "";
				TargetAttributes = {
					F7E089DF27312C2700361311 = {
						CreatedOnToolsVersion = 13.1;
					};
					F7E089FD27312C2B00361311 = {
						CreatedOnToolsVersion = 13.1;
						TestTargetID = F7E089DF27312C2700361311;
					};
					F7E08A0727312C2B00361311 = {
						CreatedOnToolsVersion = 13.1;
						TestTargetID = F7E089DF27312C2700361311;
					};
				};
			};
			buildConfigurationList = F7E089DB27312C2700361311 /* Build configuration list for PBXProject "WYJKitDemo" */;
			compatibilityVersion = "Xcode 13.0";
			developmentRegion = en;
			hasScannedForEncodings = 0;
			knownRegions = (
				en,
				Base,
			);
			mainGroup = F7E089D727312C2700361311;
			productRefGroup = F7E089E127312C2700361311 /* Products */;
			projectDirPath = "";
			projectRoot = "";
			targets = (
				F7E089DF27312C2700361311 /* WYJKitDemo */,
				F7E089FD27312C2B00361311 /* WYJKitDemoTests */,
				F7E08A0727312C2B00361311 /* WYJKitDemoUITests */,
			);
		};
/* End PBXProject section */

/* Begin PBXResourcesBuildPhase section */
		F7E089DE27312C2700361311 /* Resources */ = {
			isa = PBXResourcesBuildPhase;
			buildActionMask = 2147483647;
			files = (
				7FF192FC2768765900264B56 /* WYJKit.podspec in Resources */,
				F7E089F627312C2B00361311 /* LaunchScreen.storyboard in Resources */,
				F7E089F327312C2B00361311 /* Assets.xcassets in Resources */,
				F7E089EE27312C2700361311 /* Main.storyboard in Resources */,
			);
			runOnlyForDeploymentPostprocessing = 0;
		};
		F7E089FC27312C2B00361311 /* Resources */ = {
			isa = PBXResourcesBuildPhase;
			buildActionMask = 2147483647;
			files = (
			);
			runOnlyForDeploymentPostprocessing = 0;
		};
		F7E08A0627312C2B00361311 /* Resources */ = {
			isa = PBXResourcesBuildPhase;
			buildActionMask = 2147483647;
			files = (
			);
			runOnlyForDeploymentPostprocessing = 0;
		};
/* End PBXResourcesBuildPhase section */

/* Begin PBXShellScriptBuildPhase section */
		648FA17FE8425A44CAA0AF47 /* [CP] Embed Pods Frameworks */ = {
			isa = PBXShellScriptBuildPhase;
			buildActionMask = 2147483647;
			files = (
			);
			inputFileListPaths = (
				"${PODS_ROOT}/Target Support Files/Pods-WYJKitDemo/Pods-WYJKitDemo-frameworks-${CONFIGURATION}-input-files.xcfilelist",
			);
			name = "[CP] Embed Pods Frameworks";
			outputFileListPaths = (
				"${PODS_ROOT}/Target Support Files/Pods-WYJKitDemo/Pods-WYJKitDemo-frameworks-${CONFIGURATION}-output-files.xcfilelist",
			);
			runOnlyForDeploymentPostprocessing = 0;
			shellPath = /bin/sh;
			shellScript = "\"${PODS_ROOT}/Target Support Files/Pods-WYJKitDemo/Pods-WYJKitDemo-frameworks.sh\"\n";
			showEnvVarsInLog = 0;
		};
		CA20CB264FD363FA6454ECA0 /* [CP] Check Pods Manifest.lock */ = {
			isa = PBXShellScriptBuildPhase;
			buildActionMask = 2147483647;
			files = (
			);
			inputFileListPaths = (
			);
			inputPaths = (
				"${PODS_PODFILE_DIR_PATH}/Podfile.lock",
				"${PODS_ROOT}/Manifest.lock",
			);
			name = "[CP] Check Pods Manifest.lock";
			outputFileListPaths = (
			);
			outputPaths = (
				"$(DERIVED_FILE_DIR)/Pods-WYJKitDemo-checkManifestLockResult.txt",
			);
			runOnlyForDeploymentPostprocessing = 0;
			shellPath = /bin/sh;
			shellScript = "diff \"${PODS_PODFILE_DIR_PATH}/Podfile.lock\" \"${PODS_ROOT}/Manifest.lock\" > /dev/null\nif [ $? != 0 ] ; then\n    # print error to STDERR\n    echo \"error: The sandbox is not in sync with the Podfile.lock. Run 'pod install' or update your CocoaPods installation.\" >&2\n    exit 1\nfi\n# This output is used by Xcode 'outputs' to avoid re-running this script phase.\necho \"SUCCESS\" > \"${SCRIPT_OUTPUT_FILE_0}\"\n";
			showEnvVarsInLog = 0;
		};
/* End PBXShellScriptBuildPhase section */

/* Begin PBXSourcesBuildPhase section */
		F7E089DC27312C2700361311 /* Sources */ = {
			isa = PBXSourcesBuildPhase;
			buildActionMask = 2147483647;
			files = (
				E5B045C82C88105E0028260C /* WYJImagePickerManager.m in Sources */,
				F7E089F927312C2B00361311 /* main.m in Sources */,
				E5B045C92C88105E0028260C /* WYJNavigationButton.m in Sources */,
				F7E089EB27312C2700361311 /* ViewController.m in Sources */,
				F7E089E527312C2700361311 /* AppDelegate.m in Sources */,
				F7E089E827312C2700361311 /* SceneDelegate.m in Sources */,
				E5B045CA2C88105E0028260C /* UIView+WYJXib.m in Sources */,
				E5B045CB2C88105E0028260C /* UIViewController+WYJAdd.m in Sources */,
			);
			runOnlyForDeploymentPostprocessing = 0;
		};
		F7E089FA27312C2B00361311 /* Sources */ = {
			isa = PBXSourcesBuildPhase;
			buildActionMask = 2147483647;
			files = (
				F7E08A0327312C2B00361311 /* WYJKitDemoTests.m in Sources */,
			);
			runOnlyForDeploymentPostprocessing = 0;
		};
		F7E08A0427312C2B00361311 /* Sources */ = {
			isa = PBXSourcesBuildPhase;
			buildActionMask = 2147483647;
			files = (
				F7E08A0D27312C2B00361311 /* WYJKitDemoUITests.m in Sources */,
				F7E08A0F27312C2B00361311 /* WYJKitDemoUITestsLaunchTests.m in Sources */,
			);
			runOnlyForDeploymentPostprocessing = 0;
		};
/* End PBXSourcesBuildPhase section */

/* Begin PBXTargetDependency section */
		F7E08A0027312C2B00361311 /* PBXTargetDependency */ = {
			isa = PBXTargetDependency;
			target = F7E089DF27312C2700361311 /* WYJKitDemo */;
			targetProxy = F7E089FF27312C2B00361311 /* PBXContainerItemProxy */;
		};
		F7E08A0A27312C2B00361311 /* PBXTargetDependency */ = {
			isa = PBXTargetDependency;
			target = F7E089DF27312C2700361311 /* WYJKitDemo */;
			targetProxy = F7E08A0927312C2B00361311 /* PBXContainerItemProxy */;
		};
/* End PBXTargetDependency section */

/* Begin PBXVariantGroup section */
		F7E089EC27312C2700361311 /* Main.storyboard */ = {
			isa = PBXVariantGroup;
			children = (
				F7E089ED27312C2700361311 /* Base */,
			);
			name = Main.storyboard;
			sourceTree = "<group>";
		};
		F7E089F427312C2B00361311 /* LaunchScreen.storyboard */ = {
			isa = PBXVariantGroup;
			children = (
				F7E089F527312C2B00361311 /* Base */,
			);
			name = LaunchScreen.storyboard;
			sourceTree = "<group>";
		};
/* End PBXVariantGroup section */

/* Begin XCBuildConfiguration section */
		F7E08A1027312C2B00361311 /* Debug */ = {
			isa = XCBuildConfiguration;
			buildSettings = {
				ALWAYS_SEARCH_USER_PATHS = NO;
				CLANG_ANALYZER_NONNULL = YES;
				CLANG_ANALYZER_NUMBER_OBJECT_CONVERSION = YES_AGGRESSIVE;
				CLANG_CXX_LANGUAGE_STANDARD = "gnu++17";
				CLANG_CXX_LIBRARY = "libc++";
				CLANG_ENABLE_MODULES = YES;
				CLANG_ENABLE_OBJC_ARC = YES;
				CLANG_ENABLE_OBJC_WEAK = YES;
				CLANG_WARN_BLOCK_CAPTURE_AUTORELEASING = YES;
				CLANG_WARN_BOOL_CONVERSION = YES;
				CLANG_WARN_COMMA = YES;
				CLANG_WARN_CONSTANT_CONVERSION = YES;
				CLANG_WARN_DEPRECATED_OBJC_IMPLEMENTATIONS = YES;
				CLANG_WARN_DIRECT_OBJC_ISA_USAGE = YES_ERROR;
				CLANG_WARN_DOCUMENTATION_COMMENTS = YES;
				CLANG_WARN_EMPTY_BODY = YES;
				CLANG_WARN_ENUM_CONVERSION = YES;
				CLANG_WARN_INFINITE_RECURSION = YES;
				CLANG_WARN_INT_CONVERSION = YES;
				CLANG_WARN_NON_LITERAL_NULL_CONVERSION = YES;
				CLANG_WARN_OBJC_IMPLICIT_RETAIN_SELF = YES;
				CLANG_WARN_OBJC_LITERAL_CONVERSION = YES;
				CLANG_WARN_OBJC_ROOT_CLASS = YES_ERROR;
				CLANG_WARN_QUOTED_INCLUDE_IN_FRAMEWORK_HEADER = YES;
				CLANG_WARN_RANGE_LOOP_ANALYSIS = YES;
				CLANG_WARN_STRICT_PROTOTYPES = YES;
				CLANG_WARN_SUSPICIOUS_MOVE = YES;
				CLANG_WARN_UNGUARDED_AVAILABILITY = YES_AGGRESSIVE;
				CLANG_WARN_UNREACHABLE_CODE = YES;
				CLANG_WARN__DUPLICATE_METHOD_MATCH = YES;
				COPY_PHASE_STRIP = NO;
				DEBUG_INFORMATION_FORMAT = dwarf;
				ENABLE_STRICT_OBJC_MSGSEND = YES;
				ENABLE_TESTABILITY = YES;
				GCC_C_LANGUAGE_STANDARD = gnu11;
				GCC_DYNAMIC_NO_PIC = NO;
				GCC_NO_COMMON_BLOCKS = YES;
				GCC_OPTIMIZATION_LEVEL = 0;
				GCC_PREPROCESSOR_DEFINITIONS = (
					"DEBUG=1",
					"$(inherited)",
				);
				GCC_WARN_64_TO_32_BIT_CONVERSION = YES;
				GCC_WARN_ABOUT_RETURN_TYPE = YES_ERROR;
				GCC_WARN_UNDECLARED_SELECTOR = YES;
				GCC_WARN_UNINITIALIZED_AUTOS = YES_AGGRESSIVE;
				GCC_WARN_UNUSED_FUNCTION = YES;
				GCC_WARN_UNUSED_VARIABLE = YES;
				IPHONEOS_DEPLOYMENT_TARGET = 13.0;
				MTL_ENABLE_DEBUG_INFO = INCLUDE_SOURCE;
				MTL_FAST_MATH = YES;
				ONLY_ACTIVE_ARCH = YES;
				SDKROOT = iphoneos;
			};
			name = Debug;
		};
		F7E08A1127312C2B00361311 /* Release */ = {
			isa = XCBuildConfiguration;
			buildSettings = {
				ALWAYS_SEARCH_USER_PATHS = NO;
				CLANG_ANALYZER_NONNULL = YES;
				CLANG_ANALYZER_NUMBER_OBJECT_CONVERSION = YES_AGGRESSIVE;
				CLANG_CXX_LANGUAGE_STANDARD = "gnu++17";
				CLANG_CXX_LIBRARY = "libc++";
				CLANG_ENABLE_MODULES = YES;
				CLANG_ENABLE_OBJC_ARC = YES;
				CLANG_ENABLE_OBJC_WEAK = YES;
				CLANG_WARN_BLOCK_CAPTURE_AUTORELEASING = YES;
				CLANG_WARN_BOOL_CONVERSION = YES;
				CLANG_WARN_COMMA = YES;
				CLANG_WARN_CONSTANT_CONVERSION = YES;
				CLANG_WARN_DEPRECATED_OBJC_IMPLEMENTATIONS = YES;
				CLANG_WARN_DIRECT_OBJC_ISA_USAGE = YES_ERROR;
				CLANG_WARN_DOCUMENTATION_COMMENTS = YES;
				CLANG_WARN_EMPTY_BODY = YES;
				CLANG_WARN_ENUM_CONVERSION = YES;
				CLANG_WARN_INFINITE_RECURSION = YES;
				CLANG_WARN_INT_CONVERSION = YES;
				CLANG_WARN_NON_LITERAL_NULL_CONVERSION = YES;
				CLANG_WARN_OBJC_IMPLICIT_RETAIN_SELF = YES;
				CLANG_WARN_OBJC_LITERAL_CONVERSION = YES;
				CLANG_WARN_OBJC_ROOT_CLASS = YES_ERROR;
				CLANG_WARN_QUOTED_INCLUDE_IN_FRAMEWORK_HEADER = YES;
				CLANG_WARN_RANGE_LOOP_ANALYSIS = YES;
				CLANG_WARN_STRICT_PROTOTYPES = YES;
				CLANG_WARN_SUSPICIOUS_MOVE = YES;
				CLANG_WARN_UNGUARDED_AVAILABILITY = YES_AGGRESSIVE;
				CLANG_WARN_UNREACHABLE_CODE = YES;
				CLANG_WARN__DUPLICATE_METHOD_MATCH = YES;
				COPY_PHASE_STRIP = NO;
				DEBUG_INFORMATION_FORMAT = "dwarf-with-dsym";
				ENABLE_NS_ASSERTIONS = NO;
				ENABLE_STRICT_OBJC_MSGSEND = YES;
				GCC_C_LANGUAGE_STANDARD = gnu11;
				GCC_NO_COMMON_BLOCKS = YES;
				GCC_WARN_64_TO_32_BIT_CONVERSION = YES;
				GCC_WARN_ABOUT_RETURN_TYPE = YES_ERROR;
				GCC_WARN_UNDECLARED_SELECTOR = YES;
				GCC_WARN_UNINITIALIZED_AUTOS = YES_AGGRESSIVE;
				GCC_WARN_UNUSED_FUNCTION = YES;
				GCC_WARN_UNUSED_VARIABLE = YES;
				IPHONEOS_DEPLOYMENT_TARGET = 13.0;
				MTL_ENABLE_DEBUG_INFO = NO;
				MTL_FAST_MATH = YES;
				SDKROOT = iphoneos;
				VALIDATE_PRODUCT = YES;
			};
			name = Release;
		};
		F7E08A1327312C2B00361311 /* Debug */ = {
			isa = XCBuildConfiguration;
			baseConfigurationReference = 4EA31527EDB112A1F981861E /* Pods-WYJKitDemo.debug.xcconfig */;
			buildSettings = {
				ASSETCATALOG_COMPILER_APPICON_NAME = AppIcon;
				ASSETCATALOG_COMPILER_GLOBAL_ACCENT_COLOR_NAME = AccentColor;
				CODE_SIGN_STYLE = Automatic;
				CURRENT_PROJECT_VERSION = 1;
				DEVELOPMENT_TEAM = XPC7LFWGXY;
				GENERATE_INFOPLIST_FILE = YES;
				INFOPLIST_FILE = WYJKitDemo/Info.plist;
				INFOPLIST_KEY_LSApplicationCategoryType = "public.app-category.developer-tools";
				INFOPLIST_KEY_UIApplicationSupportsIndirectInputEvents = YES;
				INFOPLIST_KEY_UILaunchStoryboardName = LaunchScreen;
				INFOPLIST_KEY_UIMainStoryboardFile = Main;
				INFOPLIST_KEY_UISupportedInterfaceOrientations_iPad = "UIInterfaceOrientationPortrait UIInterfaceOrientationPortraitUpsideDown UIInterfaceOrientationLandscapeLeft UIInterfaceOrientationLandscapeRight";
				INFOPLIST_KEY_UISupportedInterfaceOrientations_iPhone = "UIInterfaceOrientationPortrait UIInterfaceOrientationLandscapeLeft UIInterfaceOrientationLandscapeRight";
				IPHONEOS_DEPLOYMENT_TARGET = 13.0;
				LD_RUNPATH_SEARCH_PATHS = (
					"$(inherited)",
					"@executable_path/Frameworks",
				);
				MACOSX_DEPLOYMENT_TARGET = 11.0;
				MARKETING_VERSION = 1.0;
				PRODUCT_BUNDLE_IDENTIFIER = com.wyjDemo.www;
				PRODUCT_NAME = "$(TARGET_NAME)";
				SWIFT_EMIT_LOC_STRINGS = YES;
				TARGETED_DEVICE_FAMILY = "1,2";
			};
			name = Debug;
		};
		F7E08A1427312C2B00361311 /* Release */ = {
			isa = XCBuildConfiguration;
			baseConfigurationReference = FDEF0ACC2F7E98EBE24F0010 /* Pods-WYJKitDemo.release.xcconfig */;
			buildSettings = {
				ASSETCATALOG_COMPILER_APPICON_NAME = AppIcon;
				ASSETCATALOG_COMPILER_GLOBAL_ACCENT_COLOR_NAME = AccentColor;
				CODE_SIGN_STYLE = Automatic;
				CURRENT_PROJECT_VERSION = 1;
				DEVELOPMENT_TEAM = XPC7LFWGXY;
				GENERATE_INFOPLIST_FILE = YES;
				INFOPLIST_FILE = WYJKitDemo/Info.plist;
				INFOPLIST_KEY_LSApplicationCategoryType = "public.app-category.developer-tools";
				INFOPLIST_KEY_UIApplicationSupportsIndirectInputEvents = YES;
				INFOPLIST_KEY_UILaunchStoryboardName = LaunchScreen;
				INFOPLIST_KEY_UIMainStoryboardFile = Main;
				INFOPLIST_KEY_UISupportedInterfaceOrientations_iPad = "UIInterfaceOrientationPortrait UIInterfaceOrientationPortraitUpsideDown UIInterfaceOrientationLandscapeLeft UIInterfaceOrientationLandscapeRight";
				INFOPLIST_KEY_UISupportedInterfaceOrientations_iPhone = "UIInterfaceOrientationPortrait UIInterfaceOrientationLandscapeLeft UIInterfaceOrientationLandscapeRight";
				IPHONEOS_DEPLOYMENT_TARGET = 13.0;
				LD_RUNPATH_SEARCH_PATHS = (
					"$(inherited)",
					"@executable_path/Frameworks",
				);
				MACOSX_DEPLOYMENT_TARGET = 11.0;
				MARKETING_VERSION = 1.0;
				PRODUCT_BUNDLE_IDENTIFIER = com.wyjDemo.www;
				PRODUCT_NAME = "$(TARGET_NAME)";
				SWIFT_EMIT_LOC_STRINGS = YES;
				TARGETED_DEVICE_FAMILY = "1,2";
			};
			name = Release;
		};
		F7E08A1627312C2B00361311 /* Debug */ = {
			isa = XCBuildConfiguration;
			buildSettings = {
				BUNDLE_LOADER = "$(TEST_HOST)";
				CODE_SIGN_STYLE = Automatic;
				CURRENT_PROJECT_VERSION = 1;
				DEVELOPMENT_TEAM = XPC7LFWGXY;
				GENERATE_INFOPLIST_FILE = YES;
				IPHONEOS_DEPLOYMENT_TARGET = 15.0;
				LD_RUNPATH_SEARCH_PATHS = (
					"$(inherited)",
					"@executable_path/Frameworks",
					"@loader_path/Frameworks",
				);
				MARKETING_VERSION = 1.0;
				PRODUCT_BUNDLE_IDENTIFIER = com.wyj.wyjkit.WYJKitDemoTests;
				PRODUCT_NAME = "$(TARGET_NAME)";
				SWIFT_EMIT_LOC_STRINGS = NO;
				TARGETED_DEVICE_FAMILY = "1,2";
				TEST_HOST = "$(BUILT_PRODUCTS_DIR)/WYJKitDemo.app/WYJKitDemo";
			};
			name = Debug;
		};
		F7E08A1727312C2B00361311 /* Release */ = {
			isa = XCBuildConfiguration;
			buildSettings = {
				BUNDLE_LOADER = "$(TEST_HOST)";
				CODE_SIGN_STYLE = Automatic;
				CURRENT_PROJECT_VERSION = 1;
				DEVELOPMENT_TEAM = XPC7LFWGXY;
				GENERATE_INFOPLIST_FILE = YES;
				IPHONEOS_DEPLOYMENT_TARGET = 15.0;
				LD_RUNPATH_SEARCH_PATHS = (
					"$(inherited)",
					"@executable_path/Frameworks",
					"@loader_path/Frameworks",
				);
				MARKETING_VERSION = 1.0;
				PRODUCT_BUNDLE_IDENTIFIER = com.wyj.wyjkit.WYJKitDemoTests;
				PRODUCT_NAME = "$(TARGET_NAME)";
				SWIFT_EMIT_LOC_STRINGS = NO;
				TARGETED_DEVICE_FAMILY = "1,2";
				TEST_HOST = "$(BUILT_PRODUCTS_DIR)/WYJKitDemo.app/WYJKitDemo";
			};
			name = Release;
		};
		F7E08A1927312C2B00361311 /* Debug */ = {
			isa = XCBuildConfiguration;
			buildSettings = {
				CODE_SIGN_STYLE = Automatic;
				CURRENT_PROJECT_VERSION = 1;
				DEVELOPMENT_TEAM = XPC7LFWGXY;
				GENERATE_INFOPLIST_FILE = YES;
				LD_RUNPATH_SEARCH_PATHS = (
					"$(inherited)",
					"@executable_path/Frameworks",
					"@loader_path/Frameworks",
				);
				MARKETING_VERSION = 1.0;
				PRODUCT_BUNDLE_IDENTIFIER = com.wyj.wyjkit.WYJKitDemoUITests;
				PRODUCT_NAME = "$(TARGET_NAME)";
				SWIFT_EMIT_LOC_STRINGS = NO;
				TARGETED_DEVICE_FAMILY = "1,2";
				TEST_TARGET_NAME = WYJKitDemo;
			};
			name = Debug;
		};
		F7E08A1A27312C2B00361311 /* Release */ = {
			isa = XCBuildConfiguration;
			buildSettings = {
				CODE_SIGN_STYLE = Automatic;
				CURRENT_PROJECT_VERSION = 1;
				DEVELOPMENT_TEAM = XPC7LFWGXY;
				GENERATE_INFOPLIST_FILE = YES;
				LD_RUNPATH_SEARCH_PATHS = (
					"$(inherited)",
					"@executable_path/Frameworks",
					"@loader_path/Frameworks",
				);
				MARKETING_VERSION = 1.0;
				PRODUCT_BUNDLE_IDENTIFIER = com.wyj.wyjkit.WYJKitDemoUITests;
				PRODUCT_NAME = "$(TARGET_NAME)";
				SWIFT_EMIT_LOC_STRINGS = NO;
				TARGETED_DEVICE_FAMILY = "1,2";
				TEST_TARGET_NAME = WYJKitDemo;
			};
			name = Release;
		};
/* End XCBuildConfiguration section */

/* Begin XCConfigurationList section */
		F7E089DB27312C2700361311 /* Build configuration list for PBXProject "WYJKitDemo" */ = {
			isa = XCConfigurationList;
			buildConfigurations = (
				F7E08A1027312C2B00361311 /* Debug */,
				F7E08A1127312C2B00361311 /* Release */,
			);
			defaultConfigurationIsVisible = 0;
			defaultConfigurationName = Release;
		};
		F7E08A1227312C2B00361311 /* Build configuration list for PBXNativeTarget "WYJKitDemo" */ = {
			isa = XCConfigurationList;
			buildConfigurations = (
				F7E08A1327312C2B00361311 /* Debug */,
				F7E08A1427312C2B00361311 /* Release */,
			);
			defaultConfigurationIsVisible = 0;
			defaultConfigurationName = Release;
		};
		F7E08A1527312C2B00361311 /* Build configuration list for PBXNativeTarget "WYJKitDemoTests" */ = {
			isa = XCConfigurationList;
			buildConfigurations = (
				F7E08A1627312C2B00361311 /* Debug */,
				F7E08A1727312C2B00361311 /* Release */,
			);
			defaultConfigurationIsVisible = 0;
			defaultConfigurationName = Release;
		};
		F7E08A1827312C2B00361311 /* Build configuration list for PBXNativeTarget "WYJKitDemoUITests" */ = {
			isa = XCConfigurationList;
			buildConfigurations = (
				F7E08A1927312C2B00361311 /* Debug */,
				F7E08A1A27312C2B00361311 /* Release */,
			);
			defaultConfigurationIsVisible = 0;
			defaultConfigurationName = Release;
		};
/* End XCConfigurationList section */
	};
	rootObject = F7E089D827312C2700361311 /* Project object */;
}
