// !$*UTF8*$!
{
	archiveVersion = 1;
	classes = {
	};
	objectVersion = 51;
	objects = {

/* Begin PBXBuildFile section */
		0448AE9724C9627F00F7CC4D /* sjkfaViewController.m in Sources */ = {isa = PBXBuildFile; fileRef = 0448AE9624C9627F00F7CC4D /* sjkfaViewController.m */; };
		10543138D81A1256B7D3D9AD /* Pods_YJKitDemo.framework in Frameworks */ = {isa = PBXBuildFile; fileRef = 158B16202CE63EC22223BE8E /* Pods_YJKitDemo.framework */; };
		63F6DE8E2579DAA200248B30 /* YJBaseCollectionView.m in Sources */ = {isa = PBXBuildFile; fileRef = 63F6DE312579DAA200248B30 /* YJBaseCollectionView.m */; };
		63F6DE8F2579DAA200248B30 /* YJBaseTableView.m in Sources */ = {isa = PBXBuildFile; fileRef = 63F6DE362579DAA200248B30 /* YJBaseTableView.m */; };
		63F6DE902579DAA200248B30 /* YJTableViewCell.m in Sources */ = {isa = PBXBuildFile; fileRef = 63F6DE372579DAA200248B30 /* YJTableViewCell.m */; };
		63F6DE912579DAA200248B30 /* YJTableView.m in Sources */ = {isa = PBXBuildFile; fileRef = 63F6DE382579DAA200248B30 /* YJTableView.m */; };
		63F6DE922579DAA200248B30 /* YJBaseViewController.m in Sources */ = {isa = PBXBuildFile; fileRef = 63F6DE3A2579DAA200248B30 /* YJBaseViewController.m */; };
		63F6DE932579DAA200248B30 /* YJNavigationController.m in Sources */ = {isa = PBXBuildFile; fileRef = 63F6DE3D2579DAA200248B30 /* YJNavigationController.m */; };
		63F6DE942579DAA200248B30 /* UIImage+YJAdd.m in Sources */ = {isa = PBXBuildFile; fileRef = 63F6DE432579DAA200248B30 /* UIImage+YJAdd.m */; };
		63F6DE952579DAA200248B30 /* UIApplication+YJAdd.m in Sources */ = {isa = PBXBuildFile; fileRef = 63F6DE452579DAA200248B30 /* UIApplication+YJAdd.m */; };
		63F6DE962579DAA200248B30 /* UIButton+YJAdd.m in Sources */ = {isa = PBXBuildFile; fileRef = 63F6DE492579DAA200248B30 /* UIButton+YJAdd.m */; };
		63F6DE972579DAA200248B30 /* UIColor+YJAdd.m in Sources */ = {isa = PBXBuildFile; fileRef = 63F6DE4B2579DAA200248B30 /* UIColor+YJAdd.m */; };
		63F6DE982579DAA200248B30 /* UIView+YJAdd.m in Sources */ = {isa = PBXBuildFile; fileRef = 63F6DE4F2579DAA200248B30 /* UIView+YJAdd.m */; };
		63F6DE992579DAA200248B30 /* UIView+YJPageRouter.m in Sources */ = {isa = PBXBuildFile; fileRef = 63F6DE502579DAA200248B30 /* UIView+YJPageRouter.m */; };
		63F6DE9A2579DAA200248B30 /* UIFont+YJAdd.m in Sources */ = {isa = PBXBuildFile; fileRef = 63F6DE542579DAA200248B30 /* UIFont+YJAdd.m */; };
		63F6DE9B2579DAA200248B30 /* UITextView+YJAdd.m in Sources */ = {isa = PBXBuildFile; fileRef = 63F6DE572579DAA200248B30 /* UITextView+YJAdd.m */; };
		63F6DE9C2579DAA200248B30 /* UIImageView+YJAdd.m in Sources */ = {isa = PBXBuildFile; fileRef = 63F6DE592579DAA200248B30 /* UIImageView+YJAdd.m */; };
		63F6DE9D2579DAA200248B30 /* UIViewController+YJAdd.m in Sources */ = {isa = PBXBuildFile; fileRef = 63F6DE5E2579DAA200248B30 /* UIViewController+YJAdd.m */; };
		63F6DE9E2579DAA200248B30 /* WYJNavigationButton.m in Sources */ = {isa = PBXBuildFile; fileRef = 63F6DE5F2579DAA200248B30 /* WYJNavigationButton.m */; };
		63F6DE9F2579DAA200248B30 /* UITextField+YJAdd.m in Sources */ = {isa = PBXBuildFile; fileRef = 63F6DE612579DAA200248B30 /* UITextField+YJAdd.m */; };
		63F6DEA02579DAA200248B30 /* NSString+YJConversion.m in Sources */ = {isa = PBXBuildFile; fileRef = 63F6DE672579DAA200248B30 /* NSString+YJConversion.m */; };
		63F6DEA12579DAA200248B30 /* NSString+YJRegular.m in Sources */ = {isa = PBXBuildFile; fileRef = 63F6DE682579DAA200248B30 /* NSString+YJRegular.m */; };
		63F6DEA22579DAA200248B30 /* NSString+YJMD5.m in Sources */ = {isa = PBXBuildFile; fileRef = 63F6DE692579DAA200248B30 /* NSString+YJMD5.m */; };
		63F6DEA32579DAA200248B30 /* NSString+YJAdd.m in Sources */ = {isa = PBXBuildFile; fileRef = 63F6DE6A2579DAA200248B30 /* NSString+YJAdd.m */; };
		63F6DEA42579DAA200248B30 /* NSArray+YJAdd.m in Sources */ = {isa = PBXBuildFile; fileRef = 63F6DE6E2579DAA200248B30 /* NSArray+YJAdd.m */; };
		63F6DEA52579DAA200248B30 /* NSMutableArray+YJAdd.m in Sources */ = {isa = PBXBuildFile; fileRef = 63F6DE722579DAA200248B30 /* NSMutableArray+YJAdd.m */; };
		63F6DEA62579DAA200248B30 /* NSDate+YJAdd.m in Sources */ = {isa = PBXBuildFile; fileRef = 63F6DE752579DAA200248B30 /* NSDate+YJAdd.m */; };
		63F6DEA72579DAA200248B30 /* YJCountdown.m in Sources */ = {isa = PBXBuildFile; fileRef = 63F6DE802579DAA200248B30 /* YJCountdown.m */; };
		63F6DEA82579DAA200248B30 /* YJSystemPermissions.m in Sources */ = {isa = PBXBuildFile; fileRef = 63F6DE822579DAA200248B30 /* YJSystemPermissions.m */; };
		63F6DEA92579DAA200248B30 /* YJSystemService.m in Sources */ = {isa = PBXBuildFile; fileRef = 63F6DE852579DAA200248B30 /* YJSystemService.m */; };
		63F6DEAA2579DAA200248B30 /* YJFileManager.m in Sources */ = {isa = PBXBuildFile; fileRef = 63F6DE882579DAA200248B30 /* YJFileManager.m */; };
		63F6DEAB2579DAA200248B30 /* YJSystemInfo.m in Sources */ = {isa = PBXBuildFile; fileRef = 63F6DE8C2579DAA200248B30 /* YJSystemInfo.m */; };
		98EB8C69229FDB5800CC4AB1 /* AppDelegate.m in Sources */ = {isa = PBXBuildFile; fileRef = 98EB8C68229FDB5800CC4AB1 /* AppDelegate.m */; };
		98EB8C6C229FDB5800CC4AB1 /* ViewController.m in Sources */ = {isa = PBXBuildFile; fileRef = 98EB8C6B229FDB5800CC4AB1 /* ViewController.m */; };
		98EB8C6F229FDB5800CC4AB1 /* Main.storyboard in Resources */ = {isa = PBXBuildFile; fileRef = 98EB8C6D229FDB5800CC4AB1 /* Main.storyboard */; };
		98EB8C71229FDB5900CC4AB1 /* Assets.xcassets in Resources */ = {isa = PBXBuildFile; fileRef = 98EB8C70229FDB5900CC4AB1 /* Assets.xcassets */; };
		98EB8C74229FDB5900CC4AB1 /* LaunchScreen.storyboard in Resources */ = {isa = PBXBuildFile; fileRef = 98EB8C72229FDB5900CC4AB1 /* LaunchScreen.storyboard */; };
		98EB8C77229FDB5900CC4AB1 /* main.m in Sources */ = {isa = PBXBuildFile; fileRef = 98EB8C76229FDB5900CC4AB1 /* main.m */; };
		98EB8C81229FDB5900CC4AB1 /* YJKitDemoTests.m in Sources */ = {isa = PBXBuildFile; fileRef = 98EB8C80229FDB5900CC4AB1 /* YJKitDemoTests.m */; };
		98EB8C8C229FDB5900CC4AB1 /* YJKitDemoUITests.m in Sources */ = {isa = PBXBuildFile; fileRef = 98EB8C8B229FDB5900CC4AB1 /* YJKitDemoUITests.m */; };
		F733E92526DE01AC00DE364F /* WYJBaseTableViewDelegate.m in Sources */ = {isa = PBXBuildFile; fileRef = F733E92426DE01AC00DE364F /* WYJBaseTableViewDelegate.m */; };
		F733E92826DE15DA00DE364F /* YJBaseTableView+Delegate.m in Sources */ = {isa = PBXBuildFile; fileRef = F733E92726DE15DA00DE364F /* YJBaseTableView+Delegate.m */; };
		F774063C26DF182A00A2249D /* WYJKit.podspec in Resources */ = {isa = PBXBuildFile; fileRef = F774063B26DF182A00A2249D /* WYJKit.podspec */; };
		F774064326DF24B300A2249D /* UIResponder+Configure.m in Sources */ = {isa = PBXBuildFile; fileRef = F774064226DF24B300A2249D /* UIResponder+Configure.m */; };
/* End PBXBuildFile section */

/* Begin PBXContainerItemProxy section */
		98EB8C7D229FDB5900CC4AB1 /* PBXContainerItemProxy */ = {
			isa = PBXContainerItemProxy;
			containerPortal = 98EB8C5C229FDB5800CC4AB1 /* Project object */;
			proxyType = 1;
			remoteGlobalIDString = 98EB8C63229FDB5800CC4AB1;
			remoteInfo = YJKitDemo;
		};
		98EB8C88229FDB5900CC4AB1 /* PBXContainerItemProxy */ = {
			isa = PBXContainerItemProxy;
			containerPortal = 98EB8C5C229FDB5800CC4AB1 /* Project object */;
			proxyType = 1;
			remoteGlobalIDString = 98EB8C63229FDB5800CC4AB1;
			remoteInfo = YJKitDemo;
		};
/* End PBXContainerItemProxy section */

/* Begin PBXFileReference section */
		0448AE9524C9627F00F7CC4D /* sjkfaViewController.h */ = {isa = PBXFileReference; lastKnownFileType = sourcecode.c.h; path = sjkfaViewController.h; sourceTree = "<group>"; };
		0448AE9624C9627F00F7CC4D /* sjkfaViewController.m */ = {isa = PBXFileReference; lastKnownFileType = sourcecode.c.objc; path = sjkfaViewController.m; sourceTree = "<group>"; };
		158B16202CE63EC22223BE8E /* Pods_YJKitDemo.framework */ = {isa = PBXFileReference; explicitFileType = wrapper.framework; includeInIndex = 0; path = Pods_YJKitDemo.framework; sourceTree = BUILT_PRODUCTS_DIR; };
		63F6DE2E2579DAA200248B30 /* YJBaseEmotyHeader.h */ = {isa = PBXFileReference; fileEncoding = 4; lastKnownFileType = sourcecode.c.h; path = YJBaseEmotyHeader.h; sourceTree = "<group>"; };
		63F6DE302579DAA200248B30 /* YJBaseCollectionView.h */ = {isa = PBXFileReference; fileEncoding = 4; lastKnownFileType = sourcecode.c.h; path = YJBaseCollectionView.h; sourceTree = "<group>"; };
		63F6DE312579DAA200248B30 /* YJBaseCollectionView.m */ = {isa = PBXFileReference; fileEncoding = 4; lastKnownFileType = sourcecode.c.objc; path = YJBaseCollectionView.m; sourceTree = "<group>"; };
		63F6DE332579DAA200248B30 /* YJBaseTableView.h */ = {isa = PBXFileReference; fileEncoding = 4; lastKnownFileType = sourcecode.c.h; path = YJBaseTableView.h; sourceTree = "<group>"; };
		63F6DE342579DAA200248B30 /* YJTableViewCell.h */ = {isa = PBXFileReference; fileEncoding = 4; lastKnownFileType = sourcecode.c.h; path = YJTableViewCell.h; sourceTree = "<group>"; };
		63F6DE352579DAA200248B30 /* YJTableView.h */ = {isa = PBXFileReference; fileEncoding = 4; lastKnownFileType = sourcecode.c.h; path = YJTableView.h; sourceTree = "<group>"; };
		63F6DE362579DAA200248B30 /* YJBaseTableView.m */ = {isa = PBXFileReference; fileEncoding = 4; lastKnownFileType = sourcecode.c.objc; path = YJBaseTableView.m; sourceTree = "<group>"; };
		63F6DE372579DAA200248B30 /* YJTableViewCell.m */ = {isa = PBXFileReference; fileEncoding = 4; lastKnownFileType = sourcecode.c.objc; path = YJTableViewCell.m; sourceTree = "<group>"; };
		63F6DE382579DAA200248B30 /* YJTableView.m */ = {isa = PBXFileReference; fileEncoding = 4; lastKnownFileType = sourcecode.c.objc; path = YJTableView.m; sourceTree = "<group>"; };
		63F6DE3A2579DAA200248B30 /* YJBaseViewController.m */ = {isa = PBXFileReference; fileEncoding = 4; lastKnownFileType = sourcecode.c.objc; path = YJBaseViewController.m; sourceTree = "<group>"; };
		63F6DE3B2579DAA200248B30 /* YJNavigationController.h */ = {isa = PBXFileReference; fileEncoding = 4; lastKnownFileType = sourcecode.c.h; path = YJNavigationController.h; sourceTree = "<group>"; };
		63F6DE3C2579DAA200248B30 /* YJBaseViewController.h */ = {isa = PBXFileReference; fileEncoding = 4; lastKnownFileType = sourcecode.c.h; path = YJBaseViewController.h; sourceTree = "<group>"; };
		63F6DE3D2579DAA200248B30 /* YJNavigationController.m */ = {isa = PBXFileReference; fileEncoding = 4; lastKnownFileType = sourcecode.c.objc; path = YJNavigationController.m; sourceTree = "<group>"; };
		63F6DE3E2579DAA200248B30 /* WYJKitHeader.h */ = {isa = PBXFileReference; fileEncoding = 4; lastKnownFileType = sourcecode.c.h; path = WYJKitHeader.h; sourceTree = "<group>"; };
		63F6DE422579DAA200248B30 /* UIImage+YJAdd.h */ = {isa = PBXFileReference; fileEncoding = 4; lastKnownFileType = sourcecode.c.h; path = "UIImage+YJAdd.h"; sourceTree = "<group>"; };
		63F6DE432579DAA200248B30 /* UIImage+YJAdd.m */ = {isa = PBXFileReference; fileEncoding = 4; lastKnownFileType = sourcecode.c.objc; path = "UIImage+YJAdd.m"; sourceTree = "<group>"; };
		63F6DE452579DAA200248B30 /* UIApplication+YJAdd.m */ = {isa = PBXFileReference; fileEncoding = 4; lastKnownFileType = sourcecode.c.objc; path = "UIApplication+YJAdd.m"; sourceTree = "<group>"; };
		63F6DE462579DAA200248B30 /* UIApplication+YJAdd.h */ = {isa = PBXFileReference; fileEncoding = 4; lastKnownFileType = sourcecode.c.h; path = "UIApplication+YJAdd.h"; sourceTree = "<group>"; };
		63F6DE482579DAA200248B30 /* UIButton+YJAdd.h */ = {isa = PBXFileReference; fileEncoding = 4; lastKnownFileType = sourcecode.c.h; path = "UIButton+YJAdd.h"; sourceTree = "<group>"; };
		63F6DE492579DAA200248B30 /* UIButton+YJAdd.m */ = {isa = PBXFileReference; fileEncoding = 4; lastKnownFileType = sourcecode.c.objc; path = "UIButton+YJAdd.m"; sourceTree = "<group>"; };
		63F6DE4B2579DAA200248B30 /* UIColor+YJAdd.m */ = {isa = PBXFileReference; fileEncoding = 4; lastKnownFileType = sourcecode.c.objc; path = "UIColor+YJAdd.m"; sourceTree = "<group>"; };
		63F6DE4C2579DAA200248B30 /* UIColor+YJAdd.h */ = {isa = PBXFileReference; fileEncoding = 4; lastKnownFileType = sourcecode.c.h; path = "UIColor+YJAdd.h"; sourceTree = "<group>"; };
		63F6DE4E2579DAA200248B30 /* UIView+YJPageRouter.h */ = {isa = PBXFileReference; fileEncoding = 4; lastKnownFileType = sourcecode.c.h; path = "UIView+YJPageRouter.h"; sourceTree = "<group>"; };
		63F6DE4F2579DAA200248B30 /* UIView+YJAdd.m */ = {isa = PBXFileReference; fileEncoding = 4; lastKnownFileType = sourcecode.c.objc; path = "UIView+YJAdd.m"; sourceTree = "<group>"; };
		63F6DE502579DAA200248B30 /* UIView+YJPageRouter.m */ = {isa = PBXFileReference; fileEncoding = 4; lastKnownFileType = sourcecode.c.objc; path = "UIView+YJPageRouter.m"; sourceTree = "<group>"; };
		63F6DE512579DAA200248B30 /* UIView+YJAdd.h */ = {isa = PBXFileReference; fileEncoding = 4; lastKnownFileType = sourcecode.c.h; path = "UIView+YJAdd.h"; sourceTree = "<group>"; };
		63F6DE532579DAA200248B30 /* UIFont+YJAdd.h */ = {isa = PBXFileReference; fileEncoding = 4; lastKnownFileType = sourcecode.c.h; path = "UIFont+YJAdd.h"; sourceTree = "<group>"; };
		63F6DE542579DAA200248B30 /* UIFont+YJAdd.m */ = {isa = PBXFileReference; fileEncoding = 4; lastKnownFileType = sourcecode.c.objc; path = "UIFont+YJAdd.m"; sourceTree = "<group>"; };
		63F6DE562579DAA200248B30 /* UITextView+YJAdd.h */ = {isa = PBXFileReference; fileEncoding = 4; lastKnownFileType = sourcecode.c.h; path = "UITextView+YJAdd.h"; sourceTree = "<group>"; };
		63F6DE572579DAA200248B30 /* UITextView+YJAdd.m */ = {isa = PBXFileReference; fileEncoding = 4; lastKnownFileType = sourcecode.c.objc; path = "UITextView+YJAdd.m"; sourceTree = "<group>"; };
		63F6DE592579DAA200248B30 /* UIImageView+YJAdd.m */ = {isa = PBXFileReference; fileEncoding = 4; lastKnownFileType = sourcecode.c.objc; path = "UIImageView+YJAdd.m"; sourceTree = "<group>"; };
		63F6DE5A2579DAA200248B30 /* UIImageView+YJAdd.h */ = {isa = PBXFileReference; fileEncoding = 4; lastKnownFileType = sourcecode.c.h; path = "UIImageView+YJAdd.h"; sourceTree = "<group>"; };
		63F6DE5C2579DAA200248B30 /* UIViewController+YJAdd.h */ = {isa = PBXFileReference; fileEncoding = 4; lastKnownFileType = sourcecode.c.h; path = "UIViewController+YJAdd.h"; sourceTree = "<group>"; };
		63F6DE5D2579DAA200248B30 /* WYJNavigationButton.h */ = {isa = PBXFileReference; fileEncoding = 4; lastKnownFileType = sourcecode.c.h; path = WYJNavigationButton.h; sourceTree = "<group>"; };
		63F6DE5E2579DAA200248B30 /* UIViewController+YJAdd.m */ = {isa = PBXFileReference; fileEncoding = 4; lastKnownFileType = sourcecode.c.objc; path = "UIViewController+YJAdd.m"; sourceTree = "<group>"; };
		63F6DE5F2579DAA200248B30 /* WYJNavigationButton.m */ = {isa = PBXFileReference; fileEncoding = 4; lastKnownFileType = sourcecode.c.objc; path = WYJNavigationButton.m; sourceTree = "<group>"; };
		63F6DE612579DAA200248B30 /* UITextField+YJAdd.m */ = {isa = PBXFileReference; fileEncoding = 4; lastKnownFileType = sourcecode.c.objc; path = "UITextField+YJAdd.m"; sourceTree = "<group>"; };
		63F6DE622579DAA200248B30 /* UITextField+YJAdd.h */ = {isa = PBXFileReference; fileEncoding = 4; lastKnownFileType = sourcecode.c.h; path = "UITextField+YJAdd.h"; sourceTree = "<group>"; };
		63F6DE652579DAA200248B30 /* NSString+YJAdd.h */ = {isa = PBXFileReference; fileEncoding = 4; lastKnownFileType = sourcecode.c.h; path = "NSString+YJAdd.h"; sourceTree = "<group>"; };
		63F6DE662579DAA200248B30 /* NSString+YJMD5.h */ = {isa = PBXFileReference; fileEncoding = 4; lastKnownFileType = sourcecode.c.h; path = "NSString+YJMD5.h"; sourceTree = "<group>"; };
		63F6DE672579DAA200248B30 /* NSString+YJConversion.m */ = {isa = PBXFileReference; fileEncoding = 4; lastKnownFileType = sourcecode.c.objc; path = "NSString+YJConversion.m"; sourceTree = "<group>"; };
		63F6DE682579DAA200248B30 /* NSString+YJRegular.m */ = {isa = PBXFileReference; fileEncoding = 4; lastKnownFileType = sourcecode.c.objc; path = "NSString+YJRegular.m"; sourceTree = "<group>"; };
		63F6DE692579DAA200248B30 /* NSString+YJMD5.m */ = {isa = PBXFileReference; fileEncoding = 4; lastKnownFileType = sourcecode.c.objc; path = "NSString+YJMD5.m"; sourceTree = "<group>"; };
		63F6DE6A2579DAA200248B30 /* NSString+YJAdd.m */ = {isa = PBXFileReference; fileEncoding = 4; lastKnownFileType = sourcecode.c.objc; path = "NSString+YJAdd.m"; sourceTree = "<group>"; };
		63F6DE6B2579DAA200248B30 /* NSString+YJConversion.h */ = {isa = PBXFileReference; fileEncoding = 4; lastKnownFileType = sourcecode.c.h; path = "NSString+YJConversion.h"; sourceTree = "<group>"; };
		63F6DE6C2579DAA200248B30 /* NSString+YJRegular.h */ = {isa = PBXFileReference; fileEncoding = 4; lastKnownFileType = sourcecode.c.h; path = "NSString+YJRegular.h"; sourceTree = "<group>"; };
		63F6DE6E2579DAA200248B30 /* NSArray+YJAdd.m */ = {isa = PBXFileReference; fileEncoding = 4; lastKnownFileType = sourcecode.c.objc; path = "NSArray+YJAdd.m"; sourceTree = "<group>"; };
		63F6DE6F2579DAA200248B30 /* NSArray+YJAdd.h */ = {isa = PBXFileReference; fileEncoding = 4; lastKnownFileType = sourcecode.c.h; path = "NSArray+YJAdd.h"; sourceTree = "<group>"; };
		63F6DE712579DAA200248B30 /* NSMutableArray+YJAdd.h */ = {isa = PBXFileReference; fileEncoding = 4; lastKnownFileType = sourcecode.c.h; path = "NSMutableArray+YJAdd.h"; sourceTree = "<group>"; };
		63F6DE722579DAA200248B30 /* NSMutableArray+YJAdd.m */ = {isa = PBXFileReference; fileEncoding = 4; lastKnownFileType = sourcecode.c.objc; path = "NSMutableArray+YJAdd.m"; sourceTree = "<group>"; };
		63F6DE742579DAA200248B30 /* NSDate+YJAdd.h */ = {isa = PBXFileReference; fileEncoding = 4; lastKnownFileType = sourcecode.c.h; path = "NSDate+YJAdd.h"; sourceTree = "<group>"; };
		63F6DE752579DAA200248B30 /* NSDate+YJAdd.m */ = {isa = PBXFileReference; fileEncoding = 4; lastKnownFileType = sourcecode.c.objc; path = "NSDate+YJAdd.m"; sourceTree = "<group>"; };
		63F6DE772579DAA200248B30 /* WYJObjectMacro.h */ = {isa = PBXFileReference; fileEncoding = 4; lastKnownFileType = sourcecode.c.h; path = WYJObjectMacro.h; sourceTree = "<group>"; };
		63F6DE782579DAA200248B30 /* WYJSystemMacro.h */ = {isa = PBXFileReference; fileEncoding = 4; lastKnownFileType = sourcecode.c.h; path = WYJSystemMacro.h; sourceTree = "<group>"; };
		63F6DE792579DAA200248B30 /* WYJHandy.h */ = {isa = PBXFileReference; fileEncoding = 4; lastKnownFileType = sourcecode.c.h; path = WYJHandy.h; sourceTree = "<group>"; };
		63F6DE7A2579DAA200248B30 /* WYJFrameMacro.h */ = {isa = PBXFileReference; fileEncoding = 4; lastKnownFileType = sourcecode.c.h; path = WYJFrameMacro.h; sourceTree = "<group>"; };
		63F6DE7B2579DAA200248B30 /* WYJCategoriesMacro.h */ = {isa = PBXFileReference; fileEncoding = 4; lastKnownFileType = sourcecode.c.h; path = WYJCategoriesMacro.h; sourceTree = "<group>"; };
		63F6DE7C2579DAA200248B30 /* YJCategory.h */ = {isa = PBXFileReference; fileEncoding = 4; lastKnownFileType = sourcecode.c.h; path = YJCategory.h; sourceTree = "<group>"; };
		63F6DE7F2579DAA200248B30 /* YJCountdown.h */ = {isa = PBXFileReference; fileEncoding = 4; lastKnownFileType = sourcecode.c.h; path = YJCountdown.h; sourceTree = "<group>"; };
		63F6DE802579DAA200248B30 /* YJCountdown.m */ = {isa = PBXFileReference; fileEncoding = 4; lastKnownFileType = sourcecode.c.objc; path = YJCountdown.m; sourceTree = "<group>"; };
		63F6DE822579DAA200248B30 /* YJSystemPermissions.m */ = {isa = PBXFileReference; fileEncoding = 4; lastKnownFileType = sourcecode.c.objc; path = YJSystemPermissions.m; sourceTree = "<group>"; };
		63F6DE832579DAA200248B30 /* YJSystemPermissions.h */ = {isa = PBXFileReference; fileEncoding = 4; lastKnownFileType = sourcecode.c.h; path = YJSystemPermissions.h; sourceTree = "<group>"; };
		63F6DE852579DAA200248B30 /* YJSystemService.m */ = {isa = PBXFileReference; fileEncoding = 4; lastKnownFileType = sourcecode.c.objc; path = YJSystemService.m; sourceTree = "<group>"; };
		63F6DE862579DAA200248B30 /* YJSystemService.h */ = {isa = PBXFileReference; fileEncoding = 4; lastKnownFileType = sourcecode.c.h; path = YJSystemService.h; sourceTree = "<group>"; };
		63F6DE882579DAA200248B30 /* YJFileManager.m */ = {isa = PBXFileReference; fileEncoding = 4; lastKnownFileType = sourcecode.c.objc; path = YJFileManager.m; sourceTree = "<group>"; };
		63F6DE892579DAA200248B30 /* YJFileManager.h */ = {isa = PBXFileReference; fileEncoding = 4; lastKnownFileType = sourcecode.c.h; path = YJFileManager.h; sourceTree = "<group>"; };
		63F6DE8B2579DAA200248B30 /* YJSystemInfo.h */ = {isa = PBXFileReference; fileEncoding = 4; lastKnownFileType = sourcecode.c.h; path = YJSystemInfo.h; sourceTree = "<group>"; };
		63F6DE8C2579DAA200248B30 /* YJSystemInfo.m */ = {isa = PBXFileReference; fileEncoding = 4; lastKnownFileType = sourcecode.c.objc; path = YJSystemInfo.m; sourceTree = "<group>"; };
		63F6DE8D2579DAA200248B30 /* YJUtilityHeader.h */ = {isa = PBXFileReference; fileEncoding = 4; lastKnownFileType = sourcecode.c.h; path = YJUtilityHeader.h; sourceTree = "<group>"; };
		7A8338279364F31DFDA20A20 /* Pods-YJKitDemo.release.xcconfig */ = {isa = PBXFileReference; includeInIndex = 1; lastKnownFileType = text.xcconfig; name = "Pods-YJKitDemo.release.xcconfig"; path = "Target Support Files/Pods-YJKitDemo/Pods-YJKitDemo.release.xcconfig"; sourceTree = "<group>"; };
		98EB8C64229FDB5800CC4AB1 /* YJKitDemo.app */ = {isa = PBXFileReference; explicitFileType = wrapper.application; includeInIndex = 0; path = YJKitDemo.app; sourceTree = BUILT_PRODUCTS_DIR; };
		98EB8C67229FDB5800CC4AB1 /* AppDelegate.h */ = {isa = PBXFileReference; lastKnownFileType = sourcecode.c.h; path = AppDelegate.h; sourceTree = "<group>"; };
		98EB8C68229FDB5800CC4AB1 /* AppDelegate.m */ = {isa = PBXFileReference; lastKnownFileType = sourcecode.c.objc; path = AppDelegate.m; sourceTree = "<group>"; };
		98EB8C6A229FDB5800CC4AB1 /* ViewController.h */ = {isa = PBXFileReference; lastKnownFileType = sourcecode.c.h; path = ViewController.h; sourceTree = "<group>"; };
		98EB8C6B229FDB5800CC4AB1 /* ViewController.m */ = {isa = PBXFileReference; lastKnownFileType = sourcecode.c.objc; path = ViewController.m; sourceTree = "<group>"; };
		98EB8C6E229FDB5800CC4AB1 /* Base */ = {isa = PBXFileReference; lastKnownFileType = file.storyboard; name = Base; path = Base.lproj/Main.storyboard; sourceTree = "<group>"; };
		98EB8C70229FDB5900CC4AB1 /* Assets.xcassets */ = {isa = PBXFileReference; lastKnownFileType = folder.assetcatalog; path = Assets.xcassets; sourceTree = "<group>"; };
		98EB8C73229FDB5900CC4AB1 /* Base */ = {isa = PBXFileReference; lastKnownFileType = file.storyboard; name = Base; path = Base.lproj/LaunchScreen.storyboard; sourceTree = "<group>"; };
		98EB8C75229FDB5900CC4AB1 /* Info.plist */ = {isa = PBXFileReference; lastKnownFileType = text.plist.xml; path = Info.plist; sourceTree = "<group>"; };
		98EB8C76229FDB5900CC4AB1 /* main.m */ = {isa = PBXFileReference; lastKnownFileType = sourcecode.c.objc; path = main.m; sourceTree = "<group>"; };
		98EB8C7C229FDB5900CC4AB1 /* YJKitDemoTests.xctest */ = {isa = PBXFileReference; explicitFileType = wrapper.cfbundle; includeInIndex = 0; path = YJKitDemoTests.xctest; sourceTree = BUILT_PRODUCTS_DIR; };
		98EB8C80229FDB5900CC4AB1 /* YJKitDemoTests.m */ = {isa = PBXFileReference; lastKnownFileType = sourcecode.c.objc; path = YJKitDemoTests.m; sourceTree = "<group>"; };
		98EB8C82229FDB5900CC4AB1 /* Info.plist */ = {isa = PBXFileReference; lastKnownFileType = text.plist.xml; path = Info.plist; sourceTree = "<group>"; };
		98EB8C87229FDB5900CC4AB1 /* YJKitDemoUITests.xctest */ = {isa = PBXFileReference; explicitFileType = wrapper.cfbundle; includeInIndex = 0; path = YJKitDemoUITests.xctest; sourceTree = BUILT_PRODUCTS_DIR; };
		98EB8C8B229FDB5900CC4AB1 /* YJKitDemoUITests.m */ = {isa = PBXFileReference; lastKnownFileType = sourcecode.c.objc; path = YJKitDemoUITests.m; sourceTree = "<group>"; };
		98EB8C8D229FDB5900CC4AB1 /* Info.plist */ = {isa = PBXFileReference; lastKnownFileType = text.plist.xml; path = Info.plist; sourceTree = "<group>"; };
		BDA8F86FA19772DFABE9201C /* Pods-YJKitDemo.debug.xcconfig */ = {isa = PBXFileReference; includeInIndex = 1; lastKnownFileType = text.xcconfig; name = "Pods-YJKitDemo.debug.xcconfig"; path = "Target Support Files/Pods-YJKitDemo/Pods-YJKitDemo.debug.xcconfig"; sourceTree = "<group>"; };
		F733E92326DE01AC00DE364F /* WYJBaseTableViewDelegate.h */ = {isa = PBXFileReference; lastKnownFileType = sourcecode.c.h; path = WYJBaseTableViewDelegate.h; sourceTree = "<group>"; };
		F733E92426DE01AC00DE364F /* WYJBaseTableViewDelegate.m */ = {isa = PBXFileReference; lastKnownFileType = sourcecode.c.objc; path = WYJBaseTableViewDelegate.m; sourceTree = "<group>"; };
		F733E92626DE15DA00DE364F /* YJBaseTableView+Delegate.h */ = {isa = PBXFileReference; lastKnownFileType = sourcecode.c.h; path = "YJBaseTableView+Delegate.h"; sourceTree = "<group>"; };
		F733E92726DE15DA00DE364F /* YJBaseTableView+Delegate.m */ = {isa = PBXFileReference; lastKnownFileType = sourcecode.c.objc; path = "YJBaseTableView+Delegate.m"; sourceTree = "<group>"; };
		F774063B26DF182A00A2249D /* WYJKit.podspec */ = {isa = PBXFileReference; fileEncoding = 4; lastKnownFileType = text; name = WYJKit.podspec; path = ../../WYJKit.podspec; sourceTree = "<group>"; };
		F774064126DF24B300A2249D /* UIResponder+Configure.h */ = {isa = PBXFileReference; lastKnownFileType = sourcecode.c.h; path = "UIResponder+Configure.h"; sourceTree = "<group>"; };
		F774064226DF24B300A2249D /* UIResponder+Configure.m */ = {isa = PBXFileReference; lastKnownFileType = sourcecode.c.objc; path = "UIResponder+Configure.m"; sourceTree = "<group>"; };
/* End PBXFileReference section */

/* Begin PBXFrameworksBuildPhase section */
		98EB8C61229FDB5800CC4AB1 /* Frameworks */ = {
			isa = PBXFrameworksBuildPhase;
			buildActionMask = 2147483647;
			files = (
				10543138D81A1256B7D3D9AD /* Pods_YJKitDemo.framework in Frameworks */,
			);
			runOnlyForDeploymentPostprocessing = 0;
		};
		98EB8C79229FDB5900CC4AB1 /* Frameworks */ = {
			isa = PBXFrameworksBuildPhase;
			buildActionMask = 2147483647;
			files = (
			);
			runOnlyForDeploymentPostprocessing = 0;
		};
		98EB8C84229FDB5900CC4AB1 /* Frameworks */ = {
			isa = PBXFrameworksBuildPhase;
			buildActionMask = 2147483647;
			files = (
			);
			runOnlyForDeploymentPostprocessing = 0;
		};
/* End PBXFrameworksBuildPhase section */

/* Begin PBXGroup section */
		1C5BD4F99AE50FE797DC47F5 /* Frameworks */ = {
			isa = PBXGroup;
			children = (
				158B16202CE63EC22223BE8E /* Pods_YJKitDemo.framework */,
			);
			name = Frameworks;
			sourceTree = "<group>";
		};
		20C9F00E56D61929CCF673B7 /* Pods */ = {
			isa = PBXGroup;
			children = (
				BDA8F86FA19772DFABE9201C /* Pods-YJKitDemo.debug.xcconfig */,
				7A8338279364F31DFDA20A20 /* Pods-YJKitDemo.release.xcconfig */,
			);
			path = Pods;
			sourceTree = "<group>";
		};
		63F6DE2C2579DAA200248B30 /* WYJKit */ = {
			isa = PBXGroup;
			children = (
				F774064426DF28DA00A2249D /* Header */,
				63F6DE7D2579DAA200248B30 /* Utility */,
				63F6DE2D2579DAA200248B30 /* WBaseEmpty */,
				63F6DE3F2579DAA200248B30 /* WYJCategory */,
			);
			name = WYJKit;
			path = ../../WYJKit;
			sourceTree = "<group>";
		};
		63F6DE2D2579DAA200248B30 /* WBaseEmpty */ = {
			isa = PBXGroup;
			children = (
				63F6DE2F2579DAA200248B30 /* UICollectionView */,
				63F6DE322579DAA200248B30 /* UITableView */,
				63F6DE392579DAA200248B30 /* ViewController */,
			);
			path = WBaseEmpty;
			sourceTree = "<group>";
		};
		63F6DE2F2579DAA200248B30 /* UICollectionView */ = {
			isa = PBXGroup;
			children = (
				63F6DE302579DAA200248B30 /* YJBaseCollectionView.h */,
				63F6DE312579DAA200248B30 /* YJBaseCollectionView.m */,
			);
			path = UICollectionView;
			sourceTree = "<group>";
		};
		63F6DE322579DAA200248B30 /* UITableView */ = {
			isa = PBXGroup;
			children = (
				F733E92326DE01AC00DE364F /* WYJBaseTableViewDelegate.h */,
				F733E92426DE01AC00DE364F /* WYJBaseTableViewDelegate.m */,
				63F6DE332579DAA200248B30 /* YJBaseTableView.h */,
				63F6DE362579DAA200248B30 /* YJBaseTableView.m */,
				63F6DE352579DAA200248B30 /* YJTableView.h */,
				63F6DE382579DAA200248B30 /* YJTableView.m */,
				63F6DE372579DAA200248B30 /* YJTableViewCell.m */,
				63F6DE342579DAA200248B30 /* YJTableViewCell.h */,
				F733E92626DE15DA00DE364F /* YJBaseTableView+Delegate.h */,
				F733E92726DE15DA00DE364F /* YJBaseTableView+Delegate.m */,
			);
			path = UITableView;
			sourceTree = "<group>";
		};
		63F6DE392579DAA200248B30 /* ViewController */ = {
			isa = PBXGroup;
			children = (
				63F6DE3C2579DAA200248B30 /* YJBaseViewController.h */,
				63F6DE3A2579DAA200248B30 /* YJBaseViewController.m */,
				63F6DE3B2579DAA200248B30 /* YJNavigationController.h */,
				63F6DE3D2579DAA200248B30 /* YJNavigationController.m */,
			);
			path = ViewController;
			sourceTree = "<group>";
		};
		63F6DE3F2579DAA200248B30 /* WYJCategory */ = {
			isa = PBXGroup;
			children = (
				63F6DE402579DAA200248B30 /* UIKit */,
				63F6DE632579DAA200248B30 /* Foundation */,
				63F6DE762579DAA200248B30 /* Macro */,
			);
			path = WYJCategory;
			sourceTree = "<group>";
		};
		63F6DE402579DAA200248B30 /* UIKit */ = {
			isa = PBXGroup;
			children = (
				F774063D26DF241700A2249D /* UIResponder */,
				63F6DE412579DAA200248B30 /* UIImage */,
				63F6DE442579DAA200248B30 /* UIApplication */,
				63F6DE472579DAA200248B30 /* UIButton */,
				63F6DE4A2579DAA200248B30 /* UIColor */,
				63F6DE4D2579DAA200248B30 /* UIView */,
				63F6DE522579DAA200248B30 /* UIFont */,
				63F6DE552579DAA200248B30 /* UITextView */,
				63F6DE582579DAA200248B30 /* UIImageView */,
				63F6DE5B2579DAA200248B30 /* UIViewController */,
				63F6DE602579DAA200248B30 /* UITextField */,
			);
			path = UIKit;
			sourceTree = "<group>";
		};
		63F6DE412579DAA200248B30 /* UIImage */ = {
			isa = PBXGroup;
			children = (
				63F6DE422579DAA200248B30 /* UIImage+YJAdd.h */,
				63F6DE432579DAA200248B30 /* UIImage+YJAdd.m */,
			);
			path = UIImage;
			sourceTree = "<group>";
		};
		63F6DE442579DAA200248B30 /* UIApplication */ = {
			isa = PBXGroup;
			children = (
				63F6DE452579DAA200248B30 /* UIApplication+YJAdd.m */,
				63F6DE462579DAA200248B30 /* UIApplication+YJAdd.h */,
			);
			path = UIApplication;
			sourceTree = "<group>";
		};
		63F6DE472579DAA200248B30 /* UIButton */ = {
			isa = PBXGroup;
			children = (
				63F6DE482579DAA200248B30 /* UIButton+YJAdd.h */,
				63F6DE492579DAA200248B30 /* UIButton+YJAdd.m */,
			);
			path = UIButton;
			sourceTree = "<group>";
		};
		63F6DE4A2579DAA200248B30 /* UIColor */ = {
			isa = PBXGroup;
			children = (
				63F6DE4B2579DAA200248B30 /* UIColor+YJAdd.m */,
				63F6DE4C2579DAA200248B30 /* UIColor+YJAdd.h */,
			);
			path = UIColor;
			sourceTree = "<group>";
		};
		63F6DE4D2579DAA200248B30 /* UIView */ = {
			isa = PBXGroup;
			children = (
				63F6DE4E2579DAA200248B30 /* UIView+YJPageRouter.h */,
				63F6DE4F2579DAA200248B30 /* UIView+YJAdd.m */,
				63F6DE502579DAA200248B30 /* UIView+YJPageRouter.m */,
				63F6DE512579DAA200248B30 /* UIView+YJAdd.h */,
			);
			path = UIView;
			sourceTree = "<group>";
		};
		63F6DE522579DAA200248B30 /* UIFont */ = {
			isa = PBXGroup;
			children = (
				63F6DE532579DAA200248B30 /* UIFont+YJAdd.h */,
				63F6DE542579DAA200248B30 /* UIFont+YJAdd.m */,
			);
			path = UIFont;
			sourceTree = "<group>";
		};
		63F6DE552579DAA200248B30 /* UITextView */ = {
			isa = PBXGroup;
			children = (
				63F6DE562579DAA200248B30 /* UITextView+YJAdd.h */,
				63F6DE572579DAA200248B30 /* UITextView+YJAdd.m */,
			);
			path = UITextView;
			sourceTree = "<group>";
		};
		63F6DE582579DAA200248B30 /* UIImageView */ = {
			isa = PBXGroup;
			children = (
				63F6DE592579DAA200248B30 /* UIImageView+YJAdd.m */,
				63F6DE5A2579DAA200248B30 /* UIImageView+YJAdd.h */,
			);
			path = UIImageView;
			sourceTree = "<group>";
		};
		63F6DE5B2579DAA200248B30 /* UIViewController */ = {
			isa = PBXGroup;
			children = (
				63F6DE5C2579DAA200248B30 /* UIViewController+YJAdd.h */,
				63F6DE5D2579DAA200248B30 /* WYJNavigationButton.h */,
				63F6DE5E2579DAA200248B30 /* UIViewController+YJAdd.m */,
				63F6DE5F2579DAA200248B30 /* WYJNavigationButton.m */,
			);
			path = UIViewController;
			sourceTree = "<group>";
		};
		63F6DE602579DAA200248B30 /* UITextField */ = {
			isa = PBXGroup;
			children = (
				63F6DE612579DAA200248B30 /* UITextField+YJAdd.m */,
				63F6DE622579DAA200248B30 /* UITextField+YJAdd.h */,
			);
			path = UITextField;
			sourceTree = "<group>";
		};
		63F6DE632579DAA200248B30 /* Foundation */ = {
			isa = PBXGroup;
			children = (
				63F6DE642579DAA200248B30 /* NSString */,
				63F6DE6D2579DAA200248B30 /* NSArray */,
				63F6DE702579DAA200248B30 /* NSMutableArray */,
				63F6DE732579DAA200248B30 /* NSDate */,
			);
			path = Foundation;
			sourceTree = "<group>";
		};
		63F6DE642579DAA200248B30 /* NSString */ = {
			isa = PBXGroup;
			children = (
				63F6DE652579DAA200248B30 /* NSString+YJAdd.h */,
				63F6DE662579DAA200248B30 /* NSString+YJMD5.h */,
				63F6DE672579DAA200248B30 /* NSString+YJConversion.m */,
				63F6DE682579DAA200248B30 /* NSString+YJRegular.m */,
				63F6DE692579DAA200248B30 /* NSString+YJMD5.m */,
				63F6DE6A2579DAA200248B30 /* NSString+YJAdd.m */,
				63F6DE6B2579DAA200248B30 /* NSString+YJConversion.h */,
				63F6DE6C2579DAA200248B30 /* NSString+YJRegular.h */,
			);
			path = NSString;
			sourceTree = "<group>";
		};
		63F6DE6D2579DAA200248B30 /* NSArray */ = {
			isa = PBXGroup;
			children = (
				63F6DE6E2579DAA200248B30 /* NSArray+YJAdd.m */,
				63F6DE6F2579DAA200248B30 /* NSArray+YJAdd.h */,
			);
			path = NSArray;
			sourceTree = "<group>";
		};
		63F6DE702579DAA200248B30 /* NSMutableArray */ = {
			isa = PBXGroup;
			children = (
				63F6DE712579DAA200248B30 /* NSMutableArray+YJAdd.h */,
				63F6DE722579DAA200248B30 /* NSMutableArray+YJAdd.m */,
			);
			path = NSMutableArray;
			sourceTree = "<group>";
		};
		63F6DE732579DAA200248B30 /* NSDate */ = {
			isa = PBXGroup;
			children = (
				63F6DE742579DAA200248B30 /* NSDate+YJAdd.h */,
				63F6DE752579DAA200248B30 /* NSDate+YJAdd.m */,
			);
			path = NSDate;
			sourceTree = "<group>";
		};
		63F6DE762579DAA200248B30 /* Macro */ = {
			isa = PBXGroup;
			children = (
				63F6DE772579DAA200248B30 /* WYJObjectMacro.h */,
				63F6DE782579DAA200248B30 /* WYJSystemMacro.h */,
				63F6DE792579DAA200248B30 /* WYJHandy.h */,
				63F6DE7A2579DAA200248B30 /* WYJFrameMacro.h */,
				63F6DE7B2579DAA200248B30 /* WYJCategoriesMacro.h */,
			);
			path = Macro;
			sourceTree = "<group>";
		};
		63F6DE7D2579DAA200248B30 /* Utility */ = {
			isa = PBXGroup;
			children = (
				63F6DE7E2579DAA200248B30 /* Countdown */,
				63F6DE812579DAA200248B30 /* SystemPermissions */,
				63F6DE842579DAA200248B30 /* SystemService */,
				63F6DE872579DAA200248B30 /* FileManager */,
				63F6DE8A2579DAA200248B30 /* YJSystemInfo */,
			);
			path = Utility;
			sourceTree = "<group>";
		};
		63F6DE7E2579DAA200248B30 /* Countdown */ = {
			isa = PBXGroup;
			children = (
				63F6DE7F2579DAA200248B30 /* YJCountdown.h */,
				63F6DE802579DAA200248B30 /* YJCountdown.m */,
			);
			path = Countdown;
			sourceTree = "<group>";
		};
		63F6DE812579DAA200248B30 /* SystemPermissions */ = {
			isa = PBXGroup;
			children = (
				63F6DE822579DAA200248B30 /* YJSystemPermissions.m */,
				63F6DE832579DAA200248B30 /* YJSystemPermissions.h */,
			);
			path = SystemPermissions;
			sourceTree = "<group>";
		};
		63F6DE842579DAA200248B30 /* SystemService */ = {
			isa = PBXGroup;
			children = (
				63F6DE852579DAA200248B30 /* YJSystemService.m */,
				63F6DE862579DAA200248B30 /* YJSystemService.h */,
			);
			path = SystemService;
			sourceTree = "<group>";
		};
		63F6DE872579DAA200248B30 /* FileManager */ = {
			isa = PBXGroup;
			children = (
				63F6DE882579DAA200248B30 /* YJFileManager.m */,
				63F6DE892579DAA200248B30 /* YJFileManager.h */,
			);
			path = FileManager;
			sourceTree = "<group>";
		};
		63F6DE8A2579DAA200248B30 /* YJSystemInfo */ = {
			isa = PBXGroup;
			children = (
				63F6DE8B2579DAA200248B30 /* YJSystemInfo.h */,
				63F6DE8C2579DAA200248B30 /* YJSystemInfo.m */,
			);
			path = YJSystemInfo;
			sourceTree = "<group>";
		};
		98EB8C5B229FDB5800CC4AB1 = {
			isa = PBXGroup;
			children = (
				98EB8C66229FDB5800CC4AB1 /* YJKitDemo */,
				98EB8C7F229FDB5900CC4AB1 /* YJKitDemoTests */,
				98EB8C8A229FDB5900CC4AB1 /* YJKitDemoUITests */,
				98EB8C65229FDB5800CC4AB1 /* Products */,
				20C9F00E56D61929CCF673B7 /* Pods */,
				1C5BD4F99AE50FE797DC47F5 /* Frameworks */,
			);
			sourceTree = "<group>";
		};
		98EB8C65229FDB5800CC4AB1 /* Products */ = {
			isa = PBXGroup;
			children = (
				98EB8C64229FDB5800CC4AB1 /* YJKitDemo.app */,
				98EB8C7C229FDB5900CC4AB1 /* YJKitDemoTests.xctest */,
				98EB8C87229FDB5900CC4AB1 /* YJKitDemoUITests.xctest */,
			);
			name = Products;
			sourceTree = "<group>";
		};
		98EB8C66229FDB5800CC4AB1 /* YJKitDemo */ = {
			isa = PBXGroup;
			children = (
				F774063B26DF182A00A2249D /* WYJKit.podspec */,
				63F6DE2C2579DAA200248B30 /* WYJKit */,
				98EB8E0B229FE2B200CC4AB1 /* demo */,
			);
			path = YJKitDemo;
			sourceTree = "<group>";
		};
		98EB8C7F229FDB5900CC4AB1 /* YJKitDemoTests */ = {
			isa = PBXGroup;
			children = (
				98EB8C80229FDB5900CC4AB1 /* YJKitDemoTests.m */,
				98EB8C82229FDB5900CC4AB1 /* Info.plist */,
			);
			path = YJKitDemoTests;
			sourceTree = "<group>";
		};
		98EB8C8A229FDB5900CC4AB1 /* YJKitDemoUITests */ = {
			isa = PBXGroup;
			children = (
				98EB8C8B229FDB5900CC4AB1 /* YJKitDemoUITests.m */,
				98EB8C8D229FDB5900CC4AB1 /* Info.plist */,
			);
			path = YJKitDemoUITests;
			sourceTree = "<group>";
		};
		98EB8E0B229FE2B200CC4AB1 /* demo */ = {
			isa = PBXGroup;
			children = (
				98EB8C67229FDB5800CC4AB1 /* AppDelegate.h */,
				98EB8C68229FDB5800CC4AB1 /* AppDelegate.m */,
				98EB8C6A229FDB5800CC4AB1 /* ViewController.h */,
				98EB8C6B229FDB5800CC4AB1 /* ViewController.m */,
				0448AE9524C9627F00F7CC4D /* sjkfaViewController.h */,
				0448AE9624C9627F00F7CC4D /* sjkfaViewController.m */,
				98EB8C6D229FDB5800CC4AB1 /* Main.storyboard */,
				98EB8C70229FDB5900CC4AB1 /* Assets.xcassets */,
				98EB8C72229FDB5900CC4AB1 /* LaunchScreen.storyboard */,
				98EB8C75229FDB5900CC4AB1 /* Info.plist */,
				98EB8C76229FDB5900CC4AB1 /* main.m */,
			);
			path = demo;
			sourceTree = "<group>";
		};
		F774063D26DF241700A2249D /* UIResponder */ = {
			isa = PBXGroup;
			children = (
				F774064126DF24B300A2249D /* UIResponder+Configure.h */,
				F774064226DF24B300A2249D /* UIResponder+Configure.m */,
			);
			path = UIResponder;
			sourceTree = "<group>";
		};
		F774064426DF28DA00A2249D /* Header */ = {
			isa = PBXGroup;
			children = (
				63F6DE8D2579DAA200248B30 /* YJUtilityHeader.h */,
				63F6DE3E2579DAA200248B30 /* WYJKitHeader.h */,
				63F6DE7C2579DAA200248B30 /* YJCategory.h */,
				63F6DE2E2579DAA200248B30 /* YJBaseEmotyHeader.h */,
			);
			path = Header;
			sourceTree = "<group>";
		};
/* End PBXGroup section */

/* Begin PBXNativeTarget section */
		98EB8C63229FDB5800CC4AB1 /* YJKitDemo */ = {
			isa = PBXNativeTarget;
			buildConfigurationList = 98EB8C90229FDB5900CC4AB1 /* Build configuration list for PBXNativeTarget "YJKitDemo" */;
			buildPhases = (
				03E3DC9CB640BE0F1BFB0D50 /* [CP] Check Pods Manifest.lock */,
				98EB8C60229FDB5800CC4AB1 /* Sources */,
				98EB8C61229FDB5800CC4AB1 /* Frameworks */,
				98EB8C62229FDB5800CC4AB1 /* Resources */,
				5101A45E52032DD35EA60946 /* [CP] Embed Pods Frameworks */,
			);
			buildRules = (
			);
			dependencies = (
			);
			name = YJKitDemo;
			productName = YJKitDemo;
			productReference = 98EB8C64229FDB5800CC4AB1 /* YJKitDemo.app */;
			productType = "com.apple.product-type.application";
		};
		98EB8C7B229FDB5900CC4AB1 /* YJKitDemoTests */ = {
			isa = PBXNativeTarget;
			buildConfigurationList = 98EB8C93229FDB5900CC4AB1 /* Build configuration list for PBXNativeTarget "YJKitDemoTests" */;
			buildPhases = (
				98EB8C78229FDB5900CC4AB1 /* Sources */,
				98EB8C79229FDB5900CC4AB1 /* Frameworks */,
				98EB8C7A229FDB5900CC4AB1 /* Resources */,
			);
			buildRules = (
			);
			dependencies = (
				98EB8C7E229FDB5900CC4AB1 /* PBXTargetDependency */,
			);
			name = YJKitDemoTests;
			productName = YJKitDemoTests;
			productReference = 98EB8C7C229FDB5900CC4AB1 /* YJKitDemoTests.xctest */;
			productType = "com.apple.product-type.bundle.unit-test";
		};
		98EB8C86229FDB5900CC4AB1 /* YJKitDemoUITests */ = {
			isa = PBXNativeTarget;
			buildConfigurationList = 98EB8C96229FDB5900CC4AB1 /* Build configuration list for PBXNativeTarget "YJKitDemoUITests" */;
			buildPhases = (
				98EB8C83229FDB5900CC4AB1 /* Sources */,
				98EB8C84229FDB5900CC4AB1 /* Frameworks */,
				98EB8C85229FDB5900CC4AB1 /* Resources */,
			);
			buildRules = (
			);
			dependencies = (
				98EB8C89229FDB5900CC4AB1 /* PBXTargetDependency */,
			);
			name = YJKitDemoUITests;
			productName = YJKitDemoUITests;
			productReference = 98EB8C87229FDB5900CC4AB1 /* YJKitDemoUITests.xctest */;
			productType = "com.apple.product-type.bundle.ui-testing";
		};
/* End PBXNativeTarget section */

/* Begin PBXProject section */
		98EB8C5C229FDB5800CC4AB1 /* Project object */ = {
			isa = PBXProject;
			attributes = {
				LastUpgradeCheck = 1020;
				ORGANIZATIONNAME = "Eugene King";
				TargetAttributes = {
					98EB8C63229FDB5800CC4AB1 = {
						CreatedOnToolsVersion = 10.2;
					};
					98EB8C7B229FDB5900CC4AB1 = {
						CreatedOnToolsVersion = 10.2;
						TestTargetID = 98EB8C63229FDB5800CC4AB1;
					};
					98EB8C86229FDB5900CC4AB1 = {
						CreatedOnToolsVersion = 10.2;
						TestTargetID = 98EB8C63229FDB5800CC4AB1;
					};
				};
			};
			buildConfigurationList = 98EB8C5F229FDB5800CC4AB1 /* Build configuration list for PBXProject "YJKitDemo" */;
			compatibilityVersion = "Xcode 9.3";
			developmentRegion = en;
			hasScannedForEncodings = 0;
			knownRegions = (
				en,
				Base,
			);
			mainGroup = 98EB8C5B229FDB5800CC4AB1;
			productRefGroup = 98EB8C65229FDB5800CC4AB1 /* Products */;
			projectDirPath = "";
			projectRoot = "";
			targets = (
				98EB8C63229FDB5800CC4AB1 /* YJKitDemo */,
				98EB8C7B229FDB5900CC4AB1 /* YJKitDemoTests */,
				98EB8C86229FDB5900CC4AB1 /* YJKitDemoUITests */,
			);
		};
/* End PBXProject section */

/* Begin PBXResourcesBuildPhase section */
		98EB8C62229FDB5800CC4AB1 /* Resources */ = {
			isa = PBXResourcesBuildPhase;
			buildActionMask = 2147483647;
			files = (
				F774063C26DF182A00A2249D /* WYJKit.podspec in Resources */,
				98EB8C74229FDB5900CC4AB1 /* LaunchScreen.storyboard in Resources */,
				98EB8C71229FDB5900CC4AB1 /* Assets.xcassets in Resources */,
				98EB8C6F229FDB5800CC4AB1 /* Main.storyboard in Resources */,
			);
			runOnlyForDeploymentPostprocessing = 0;
		};
		98EB8C7A229FDB5900CC4AB1 /* Resources */ = {
			isa = PBXResourcesBuildPhase;
			buildActionMask = 2147483647;
			files = (
			);
			runOnlyForDeploymentPostprocessing = 0;
		};
		98EB8C85229FDB5900CC4AB1 /* Resources */ = {
			isa = PBXResourcesBuildPhase;
			buildActionMask = 2147483647;
			files = (
			);
			runOnlyForDeploymentPostprocessing = 0;
		};
/* End PBXResourcesBuildPhase section */

/* Begin PBXShellScriptBuildPhase section */
		03E3DC9CB640BE0F1BFB0D50 /* [CP] Check Pods Manifest.lock */ = {
			isa = PBXShellScriptBuildPhase;
			buildActionMask = 2147483647;
			files = (
			);
			inputFileListPaths = (
			);
			inputPaths = (
				"${PODS_PODFILE_DIR_PATH}/Podfile.lock",
				"${PODS_ROOT}/Manifest.lock",
			);
			name = "[CP] Check Pods Manifest.lock";
			outputFileListPaths = (
			);
			outputPaths = (
				"$(DERIVED_FILE_DIR)/Pods-YJKitDemo-checkManifestLockResult.txt",
			);
			runOnlyForDeploymentPostprocessing = 0;
			shellPath = /bin/sh;
			shellScript = "diff \"${PODS_PODFILE_DIR_PATH}/Podfile.lock\" \"${PODS_ROOT}/Manifest.lock\" > /dev/null\nif [ $? != 0 ] ; then\n    # print error to STDERR\n    echo \"error: The sandbox is not in sync with the Podfile.lock. Run 'pod install' or update your CocoaPods installation.\" >&2\n    exit 1\nfi\n# This output is used by Xcode 'outputs' to avoid re-running this script phase.\necho \"SUCCESS\" > \"${SCRIPT_OUTPUT_FILE_0}\"\n";
			showEnvVarsInLog = 0;
		};
		5101A45E52032DD35EA60946 /* [CP] Embed Pods Frameworks */ = {
			isa = PBXShellScriptBuildPhase;
			buildActionMask = 2147483647;
			files = (
			);
			inputFileListPaths = (
				"${PODS_ROOT}/Target Support Files/Pods-YJKitDemo/Pods-YJKitDemo-frameworks-${CONFIGURATION}-input-files.xcfilelist",
			);
			name = "[CP] Embed Pods Frameworks";
			outputFileListPaths = (
				"${PODS_ROOT}/Target Support Files/Pods-YJKitDemo/Pods-YJKitDemo-frameworks-${CONFIGURATION}-output-files.xcfilelist",
			);
			runOnlyForDeploymentPostprocessing = 0;
			shellPath = /bin/sh;
			shellScript = "\"${PODS_ROOT}/Target Support Files/Pods-YJKitDemo/Pods-YJKitDemo-frameworks.sh\"\n";
			showEnvVarsInLog = 0;
		};
/* End PBXShellScriptBuildPhase section */

/* Begin PBXSourcesBuildPhase section */
		98EB8C60229FDB5800CC4AB1 /* Sources */ = {
			isa = PBXSourcesBuildPhase;
			buildActionMask = 2147483647;
			files = (
				63F6DE9C2579DAA200248B30 /* UIImageView+YJAdd.m in Sources */,
				63F6DEAB2579DAA200248B30 /* YJSystemInfo.m in Sources */,
				63F6DE9A2579DAA200248B30 /* UIFont+YJAdd.m in Sources */,
				63F6DE9E2579DAA200248B30 /* WYJNavigationButton.m in Sources */,
				63F6DE962579DAA200248B30 /* UIButton+YJAdd.m in Sources */,
				63F6DEA82579DAA200248B30 /* YJSystemPermissions.m in Sources */,
				63F6DEA92579DAA200248B30 /* YJSystemService.m in Sources */,
				63F6DEA42579DAA200248B30 /* NSArray+YJAdd.m in Sources */,
				63F6DE9B2579DAA200248B30 /* UITextView+YJAdd.m in Sources */,
				F774064326DF24B300A2249D /* UIResponder+Configure.m in Sources */,
				F733E92526DE01AC00DE364F /* WYJBaseTableViewDelegate.m in Sources */,
				98EB8C6C229FDB5800CC4AB1 /* ViewController.m in Sources */,
				63F6DE952579DAA200248B30 /* UIApplication+YJAdd.m in Sources */,
				F733E92826DE15DA00DE364F /* YJBaseTableView+Delegate.m in Sources */,
				63F6DEA62579DAA200248B30 /* NSDate+YJAdd.m in Sources */,
				63F6DE8F2579DAA200248B30 /* YJBaseTableView.m in Sources */,
				98EB8C77229FDB5900CC4AB1 /* main.m in Sources */,
				63F6DE992579DAA200248B30 /* UIView+YJPageRouter.m in Sources */,
				0448AE9724C9627F00F7CC4D /* sjkfaViewController.m in Sources */,
				63F6DE972579DAA200248B30 /* UIColor+YJAdd.m in Sources */,
				63F6DEA72579DAA200248B30 /* YJCountdown.m in Sources */,
				63F6DE9F2579DAA200248B30 /* UITextField+YJAdd.m in Sources */,
				63F6DEAA2579DAA200248B30 /* YJFileManager.m in Sources */,
				63F6DEA52579DAA200248B30 /* NSMutableArray+YJAdd.m in Sources */,
				98EB8C69229FDB5800CC4AB1 /* AppDelegate.m in Sources */,
				63F6DE982579DAA200248B30 /* UIView+YJAdd.m in Sources */,
				63F6DE8E2579DAA200248B30 /* YJBaseCollectionView.m in Sources */,
				63F6DE912579DAA200248B30 /* YJTableView.m in Sources */,
				63F6DE902579DAA200248B30 /* YJTableViewCell.m in Sources */,
				63F6DE942579DAA200248B30 /* UIImage+YJAdd.m in Sources */,
				63F6DE932579DAA200248B30 /* YJNavigationController.m in Sources */,
				63F6DEA32579DAA200248B30 /* NSString+YJAdd.m in Sources */,
				63F6DEA02579DAA200248B30 /* NSString+YJConversion.m in Sources */,
				63F6DEA22579DAA200248B30 /* NSString+YJMD5.m in Sources */,
				63F6DE922579DAA200248B30 /* YJBaseViewController.m in Sources */,
				63F6DE9D2579DAA200248B30 /* UIViewController+YJAdd.m in Sources */,
				63F6DEA12579DAA200248B30 /* NSString+YJRegular.m in Sources */,
			);
			runOnlyForDeploymentPostprocessing = 0;
		};
		98EB8C78229FDB5900CC4AB1 /* Sources */ = {
			isa = PBXSourcesBuildPhase;
			buildActionMask = 2147483647;
			files = (
				98EB8C81229FDB5900CC4AB1 /* YJKitDemoTests.m in Sources */,
			);
			runOnlyForDeploymentPostprocessing = 0;
		};
		98EB8C83229FDB5900CC4AB1 /* Sources */ = {
			isa = PBXSourcesBuildPhase;
			buildActionMask = 2147483647;
			files = (
				98EB8C8C229FDB5900CC4AB1 /* YJKitDemoUITests.m in Sources */,
			);
			runOnlyForDeploymentPostprocessing = 0;
		};
/* End PBXSourcesBuildPhase section */

/* Begin PBXTargetDependency section */
		98EB8C7E229FDB5900CC4AB1 /* PBXTargetDependency */ = {
			isa = PBXTargetDependency;
			target = 98EB8C63229FDB5800CC4AB1 /* YJKitDemo */;
			targetProxy = 98EB8C7D229FDB5900CC4AB1 /* PBXContainerItemProxy */;
		};
		98EB8C89229FDB5900CC4AB1 /* PBXTargetDependency */ = {
			isa = PBXTargetDependency;
			target = 98EB8C63229FDB5800CC4AB1 /* YJKitDemo */;
			targetProxy = 98EB8C88229FDB5900CC4AB1 /* PBXContainerItemProxy */;
		};
/* End PBXTargetDependency section */

/* Begin PBXVariantGroup section */
		98EB8C6D229FDB5800CC4AB1 /* Main.storyboard */ = {
			isa = PBXVariantGroup;
			children = (
				98EB8C6E229FDB5800CC4AB1 /* Base */,
			);
			name = Main.storyboard;
			sourceTree = "<group>";
		};
		98EB8C72229FDB5900CC4AB1 /* LaunchScreen.storyboard */ = {
			isa = PBXVariantGroup;
			children = (
				98EB8C73229FDB5900CC4AB1 /* Base */,
			);
			name = LaunchScreen.storyboard;
			sourceTree = "<group>";
		};
/* End PBXVariantGroup section */

/* Begin XCBuildConfiguration section */
		98EB8C8E229FDB5900CC4AB1 /* Debug */ = {
			isa = XCBuildConfiguration;
			buildSettings = {
				ALWAYS_SEARCH_USER_PATHS = NO;
				CLANG_ANALYZER_NONNULL = YES;
				CLANG_ANALYZER_NUMBER_OBJECT_CONVERSION = YES_AGGRESSIVE;
				CLANG_CXX_LANGUAGE_STANDARD = "gnu++14";
				CLANG_CXX_LIBRARY = "libc++";
				CLANG_ENABLE_MODULES = YES;
				CLANG_ENABLE_OBJC_ARC = YES;
				CLANG_ENABLE_OBJC_WEAK = YES;
				CLANG_WARN_BLOCK_CAPTURE_AUTORELEASING = YES;
				CLANG_WARN_BOOL_CONVERSION = YES;
				CLANG_WARN_COMMA = YES;
				CLANG_WARN_CONSTANT_CONVERSION = YES;
				CLANG_WARN_DEPRECATED_OBJC_IMPLEMENTATIONS = YES;
				CLANG_WARN_DIRECT_OBJC_ISA_USAGE = YES_ERROR;
				CLANG_WARN_DOCUMENTATION_COMMENTS = YES;
				CLANG_WARN_EMPTY_BODY = YES;
				CLANG_WARN_ENUM_CONVERSION = YES;
				CLANG_WARN_INFINITE_RECURSION = YES;
				CLANG_WARN_INT_CONVERSION = YES;
				CLANG_WARN_NON_LITERAL_NULL_CONVERSION = YES;
				CLANG_WARN_OBJC_IMPLICIT_RETAIN_SELF = YES;
				CLANG_WARN_OBJC_LITERAL_CONVERSION = YES;
				CLANG_WARN_OBJC_ROOT_CLASS = YES_ERROR;
				CLANG_WARN_RANGE_LOOP_ANALYSIS = YES;
				CLANG_WARN_STRICT_PROTOTYPES = YES;
				CLANG_WARN_SUSPICIOUS_MOVE = YES;
				CLANG_WARN_UNGUARDED_AVAILABILITY = YES_AGGRESSIVE;
				CLANG_WARN_UNREACHABLE_CODE = YES;
				CLANG_WARN__DUPLICATE_METHOD_MATCH = YES;
				CODE_SIGN_IDENTITY = "iPhone Developer";
				COPY_PHASE_STRIP = NO;
				DEBUG_INFORMATION_FORMAT = dwarf;
				ENABLE_STRICT_OBJC_MSGSEND = YES;
				ENABLE_TESTABILITY = YES;
				GCC_C_LANGUAGE_STANDARD = gnu11;
				GCC_DYNAMIC_NO_PIC = NO;
				GCC_NO_COMMON_BLOCKS = YES;
				GCC_OPTIMIZATION_LEVEL = 0;
				GCC_PREPROCESSOR_DEFINITIONS = (
					"DEBUG=1",
					"$(inherited)",
				);
				GCC_WARN_64_TO_32_BIT_CONVERSION = YES;
				GCC_WARN_ABOUT_RETURN_TYPE = YES_ERROR;
				GCC_WARN_UNDECLARED_SELECTOR = YES;
				GCC_WARN_UNINITIALIZED_AUTOS = YES_AGGRESSIVE;
				GCC_WARN_UNUSED_FUNCTION = YES;
				GCC_WARN_UNUSED_VARIABLE = YES;
				IPHONEOS_DEPLOYMENT_TARGET = 12.2;
				MTL_ENABLE_DEBUG_INFO = INCLUDE_SOURCE;
				MTL_FAST_MATH = YES;
				ONLY_ACTIVE_ARCH = YES;
				SDKROOT = iphoneos;
			};
			name = Debug;
		};
		98EB8C8F229FDB5900CC4AB1 /* Release */ = {
			isa = XCBuildConfiguration;
			buildSettings = {
				ALWAYS_SEARCH_USER_PATHS = NO;
				CLANG_ANALYZER_NONNULL = YES;
				CLANG_ANALYZER_NUMBER_OBJECT_CONVERSION = YES_AGGRESSIVE;
				CLANG_CXX_LANGUAGE_STANDARD = "gnu++14";
				CLANG_CXX_LIBRARY = "libc++";
				CLANG_ENABLE_MODULES = YES;
				CLANG_ENABLE_OBJC_ARC = YES;
				CLANG_ENABLE_OBJC_WEAK = YES;
				CLANG_WARN_BLOCK_CAPTURE_AUTORELEASING = YES;
				CLANG_WARN_BOOL_CONVERSION = YES;
				CLANG_WARN_COMMA = YES;
				CLANG_WARN_CONSTANT_CONVERSION = YES;
				CLANG_WARN_DEPRECATED_OBJC_IMPLEMENTATIONS = YES;
				CLANG_WARN_DIRECT_OBJC_ISA_USAGE = YES_ERROR;
				CLANG_WARN_DOCUMENTATION_COMMENTS = YES;
				CLANG_WARN_EMPTY_BODY = YES;
				CLANG_WARN_ENUM_CONVERSION = YES;
				CLANG_WARN_INFINITE_RECURSION = YES;
				CLANG_WARN_INT_CONVERSION = YES;
				CLANG_WARN_NON_LITERAL_NULL_CONVERSION = YES;
				CLANG_WARN_OBJC_IMPLICIT_RETAIN_SELF = YES;
				CLANG_WARN_OBJC_LITERAL_CONVERSION = YES;
				CLANG_WARN_OBJC_ROOT_CLASS = YES_ERROR;
				CLANG_WARN_RANGE_LOOP_ANALYSIS = YES;
				CLANG_WARN_STRICT_PROTOTYPES = YES;
				CLANG_WARN_SUSPICIOUS_MOVE = YES;
				CLANG_WARN_UNGUARDED_AVAILABILITY = YES_AGGRESSIVE;
				CLANG_WARN_UNREACHABLE_CODE = YES;
				CLANG_WARN__DUPLICATE_METHOD_MATCH = YES;
				CODE_SIGN_IDENTITY = "iPhone Developer";
				COPY_PHASE_STRIP = NO;
				DEBUG_INFORMATION_FORMAT = "dwarf-with-dsym";
				ENABLE_NS_ASSERTIONS = NO;
				ENABLE_STRICT_OBJC_MSGSEND = YES;
				GCC_C_LANGUAGE_STANDARD = gnu11;
				GCC_NO_COMMON_BLOCKS = YES;
				GCC_WARN_64_TO_32_BIT_CONVERSION = YES;
				GCC_WARN_ABOUT_RETURN_TYPE = YES_ERROR;
				GCC_WARN_UNDECLARED_SELECTOR = YES;
				GCC_WARN_UNINITIALIZED_AUTOS = YES_AGGRESSIVE;
				GCC_WARN_UNUSED_FUNCTION = YES;
				GCC_WARN_UNUSED_VARIABLE = YES;
				IPHONEOS_DEPLOYMENT_TARGET = 12.2;
				MTL_ENABLE_DEBUG_INFO = NO;
				MTL_FAST_MATH = YES;
				SDKROOT = iphoneos;
				VALIDATE_PRODUCT = YES;
			};
			name = Release;
		};
		98EB8C91229FDB5900CC4AB1 /* Debug */ = {
			isa = XCBuildConfiguration;
			baseConfigurationReference = BDA8F86FA19772DFABE9201C /* Pods-YJKitDemo.debug.xcconfig */;
			buildSettings = {
				ALWAYS_EMBED_SWIFT_STANDARD_LIBRARIES = NO;
				ASSETCATALOG_COMPILER_APPICON_NAME = AppIcon;
				CLANG_ENABLE_OBJC_WEAK = YES;
				CODE_SIGN_STYLE = Automatic;
				DEVELOPMENT_TEAM = 63X4PDHZJB;
				INFOPLIST_FILE = "$(SRCROOT)/YJKitDemo/demo/Info.plist";
				IPHONEOS_DEPLOYMENT_TARGET = 10.0;
				LD_RUNPATH_SEARCH_PATHS = (
					"$(inherited)",
					"@executable_path/Frameworks",
				);
				PRODUCT_BUNDLE_IDENTIFIER = com.w.YJKitDemo;
				PRODUCT_NAME = "$(TARGET_NAME)";
				TARGETED_DEVICE_FAMILY = 1;
			};
			name = Debug;
		};
		98EB8C92229FDB5900CC4AB1 /* Release */ = {
			isa = XCBuildConfiguration;
			baseConfigurationReference = 7A8338279364F31DFDA20A20 /* Pods-YJKitDemo.release.xcconfig */;
			buildSettings = {
				ALWAYS_EMBED_SWIFT_STANDARD_LIBRARIES = NO;
				ASSETCATALOG_COMPILER_APPICON_NAME = AppIcon;
				CLANG_ENABLE_OBJC_WEAK = YES;
				CODE_SIGN_STYLE = Automatic;
				DEVELOPMENT_TEAM = 63X4PDHZJB;
				INFOPLIST_FILE = "$(SRCROOT)/YJKitDemo/demo/Info.plist";
				IPHONEOS_DEPLOYMENT_TARGET = 10.0;
				LD_RUNPATH_SEARCH_PATHS = (
					"$(inherited)",
					"@executable_path/Frameworks",
				);
				PRODUCT_BUNDLE_IDENTIFIER = com.w.YJKitDemo;
				PRODUCT_NAME = "$(TARGET_NAME)";
				TARGETED_DEVICE_FAMILY = 1;
			};
			name = Release;
		};
		98EB8C94229FDB5900CC4AB1 /* Debug */ = {
			isa = XCBuildConfiguration;
			buildSettings = {
				BUNDLE_LOADER = "$(TEST_HOST)";
				CODE_SIGN_STYLE = Automatic;
				DEVELOPMENT_TEAM = 3JMZ3AHU9Y;
				INFOPLIST_FILE = YJKitDemoTests/Info.plist;
				LD_RUNPATH_SEARCH_PATHS = (
					"$(inherited)",
					"@executable_path/Frameworks",
					"@loader_path/Frameworks",
				);
				PRODUCT_BUNDLE_IDENTIFIER = com.w.YJKitDemoTests;
				PRODUCT_NAME = "$(TARGET_NAME)";
				TARGETED_DEVICE_FAMILY = "1,2";
				TEST_HOST = "$(BUILT_PRODUCTS_DIR)/YJKitDemo.app/YJKitDemo";
			};
			name = Debug;
		};
		98EB8C95229FDB5900CC4AB1 /* Release */ = {
			isa = XCBuildConfiguration;
			buildSettings = {
				BUNDLE_LOADER = "$(TEST_HOST)";
				CODE_SIGN_STYLE = Automatic;
				DEVELOPMENT_TEAM = 3JMZ3AHU9Y;
				INFOPLIST_FILE = YJKitDemoTests/Info.plist;
				LD_RUNPATH_SEARCH_PATHS = (
					"$(inherited)",
					"@executable_path/Frameworks",
					"@loader_path/Frameworks",
				);
				PRODUCT_BUNDLE_IDENTIFIER = com.w.YJKitDemoTests;
				PRODUCT_NAME = "$(TARGET_NAME)";
				TARGETED_DEVICE_FAMILY = "1,2";
				TEST_HOST = "$(BUILT_PRODUCTS_DIR)/YJKitDemo.app/YJKitDemo";
			};
			name = Release;
		};
		98EB8C97229FDB5900CC4AB1 /* Debug */ = {
			isa = XCBuildConfiguration;
			buildSettings = {
				CODE_SIGN_STYLE = Automatic;
				DEVELOPMENT_TEAM = 3JMZ3AHU9Y;
				INFOPLIST_FILE = YJKitDemoUITests/Info.plist;
				LD_RUNPATH_SEARCH_PATHS = (
					"$(inherited)",
					"@executable_path/Frameworks",
					"@loader_path/Frameworks",
				);
				PRODUCT_BUNDLE_IDENTIFIER = com.w.YJKitDemoUITests;
				PRODUCT_NAME = "$(TARGET_NAME)";
				TARGETED_DEVICE_FAMILY = "1,2";
				TEST_TARGET_NAME = YJKitDemo;
			};
			name = Debug;
		};
		98EB8C98229FDB5900CC4AB1 /* Release */ = {
			isa = XCBuildConfiguration;
			buildSettings = {
				CODE_SIGN_STYLE = Automatic;
				DEVELOPMENT_TEAM = 3JMZ3AHU9Y;
				INFOPLIST_FILE = YJKitDemoUITests/Info.plist;
				LD_RUNPATH_SEARCH_PATHS = (
					"$(inherited)",
					"@executable_path/Frameworks",
					"@loader_path/Frameworks",
				);
				PRODUCT_BUNDLE_IDENTIFIER = com.w.YJKitDemoUITests;
				PRODUCT_NAME = "$(TARGET_NAME)";
				TARGETED_DEVICE_FAMILY = "1,2";
				TEST_TARGET_NAME = YJKitDemo;
			};
			name = Release;
		};
/* End XCBuildConfiguration section */

/* Begin XCConfigurationList section */
		98EB8C5F229FDB5800CC4AB1 /* Build configuration list for PBXProject "YJKitDemo" */ = {
			isa = XCConfigurationList;
			buildConfigurations = (
				98EB8C8E229FDB5900CC4AB1 /* Debug */,
				98EB8C8F229FDB5900CC4AB1 /* Release */,
			);
			defaultConfigurationIsVisible = 0;
			defaultConfigurationName = Release;
		};
		98EB8C90229FDB5900CC4AB1 /* Build configuration list for PBXNativeTarget "YJKitDemo" */ = {
			isa = XCConfigurationList;
			buildConfigurations = (
				98EB8C91229FDB5900CC4AB1 /* Debug */,
				98EB8C92229FDB5900CC4AB1 /* Release */,
			);
			defaultConfigurationIsVisible = 0;
			defaultConfigurationName = Release;
		};
		98EB8C93229FDB5900CC4AB1 /* Build configuration list for PBXNativeTarget "YJKitDemoTests" */ = {
			isa = XCConfigurationList;
			buildConfigurations = (
				98EB8C94229FDB5900CC4AB1 /* Debug */,
				98EB8C95229FDB5900CC4AB1 /* Release */,
			);
			defaultConfigurationIsVisible = 0;
			defaultConfigurationName = Release;
		};
		98EB8C96229FDB5900CC4AB1 /* Build configuration list for PBXNativeTarget "YJKitDemoUITests" */ = {
			isa = XCConfigurationList;
			buildConfigurations = (
				98EB8C97229FDB5900CC4AB1 /* Debug */,
				98EB8C98229FDB5900CC4AB1 /* Release */,
			);
			defaultConfigurationIsVisible = 0;
			defaultConfigurationName = Release;
		};
/* End XCConfigurationList section */
	};
	rootObject = 98EB8C5C229FDB5800CC4AB1 /* Project object */;
}
